// !$*UTF8*$!
{
	archiveVersion = 1;
	classes = {
	};
	objectVersion = 46;
	objects = {

/* Begin PBXBuildFile section */
		5E5F0F645DD0B2383A5726B6 /* libPods-AdblockPlusSafariTests.a in Frameworks */ = {isa = PBXBuildFile; fileRef = CF087AFFF81208D96A1C8C13 /* libPods-AdblockPlusSafariTests.a */; };
		690362D81C19A7B9000E5581 /* easylist_content_blocker_v2.json in Resources */ = {isa = PBXBuildFile; fileRef = 690362D61C19A7B9000E5581 /* easylist_content_blocker_v2.json */; };
		690362D91C19A7B9000E5581 /* easylist+exceptionrules_content_blocker_v2.json in Resources */ = {isa = PBXBuildFile; fileRef = 690362D71C19A7B9000E5581 /* easylist+exceptionrules_content_blocker_v2.json */; };
		6905EDAC1BCE84F500B3A9B9 /* AdblockPlus+Parsing.m in Sources */ = {isa = PBXBuildFile; fileRef = 6905EDAB1BCE84F500B3A9B9 /* AdblockPlus+Parsing.m */; };
		6905EDAD1BCE890000B3A9B9 /* AdblockPlus+Parsing.m in Sources */ = {isa = PBXBuildFile; fileRef = 6905EDAB1BCE84F500B3A9B9 /* AdblockPlus+Parsing.m */; };
		691F74471B9874590057C702 /* AboutController.m in Sources */ = {isa = PBXBuildFile; fileRef = 691F74461B9874590057C702 /* AboutController.m */; };
		691F744A1B988ADC0057C702 /* AdblockPlusContainerController.m in Sources */ = {isa = PBXBuildFile; fileRef = 691F74491B988ADC0057C702 /* AdblockPlusContainerController.m */; };
		6970E76E1BA94C3900B11AC3 /* AdblockPlus+Extension.m in Sources */ = {isa = PBXBuildFile; fileRef = 6970E76D1BA94C3900B11AC3 /* AdblockPlus+Extension.m */; };
		6970E7711BA952F200B11AC3 /* AdblockPlusExtras.m in Sources */ = {isa = PBXBuildFile; fileRef = 6970E7701BA952F200B11AC3 /* AdblockPlusExtras.m */; };
		699876F31BBE721900595FB9 /* FilterLists.plist in Resources */ = {isa = PBXBuildFile; fileRef = 699876F21BBE721900595FB9 /* FilterLists.plist */; };
		699876F41BBE765100595FB9 /* FilterLists.plist in Resources */ = {isa = PBXBuildFile; fileRef = 699876F21BBE721900595FB9 /* FilterLists.plist */; };
		699B0EB61BCE9D11005DC603 /* AdblockPlus.m in Sources */ = {isa = PBXBuildFile; fileRef = 69AB6A4E1B9712F1005C2075 /* AdblockPlus.m */; };
		69A2BCFC1BCBCF8A00028734 /* WhitelistedWebsitesController.m in Sources */ = {isa = PBXBuildFile; fileRef = 69A2BCFB1BCBCF8A00028734 /* WhitelistedWebsitesController.m */; };
		69A910101B9860E000D93485 /* AdblockPlus.m in Sources */ = {isa = PBXBuildFile; fileRef = 69AB6A4E1B9712F1005C2075 /* AdblockPlus.m */; };
		69A910121B9866A300D93485 /* easylist_content_blocker.json in Resources */ = {isa = PBXBuildFile; fileRef = 69A910111B9866A300D93485 /* easylist_content_blocker.json */; };
		69A910161B986A0D00D93485 /* empty.json in Resources */ = {isa = PBXBuildFile; fileRef = 69A910151B986A0D00D93485 /* empty.json */; };
		69A910191B986DB600D93485 /* RightCenteredImageButton.m in Sources */ = {isa = PBXBuildFile; fileRef = 69A910181B986DB600D93485 /* RightCenteredImageButton.m */; };
		69AB6A2E1B96F664005C2075 /* Appearence.m in Sources */ = {isa = PBXBuildFile; fileRef = 69AB6A2D1B96F664005C2075 /* Appearence.m */; };
		69AB6A3D1B970D18005C2075 /* SourceSansPro-Black.otf in Resources */ = {isa = PBXBuildFile; fileRef = 69AB6A311B970D18005C2075 /* SourceSansPro-Black.otf */; };
		69AB6A3E1B970D18005C2075 /* SourceSansPro-BlackIt.otf in Resources */ = {isa = PBXBuildFile; fileRef = 69AB6A321B970D18005C2075 /* SourceSansPro-BlackIt.otf */; };
		69AB6A3F1B970D19005C2075 /* SourceSansPro-Bold.otf in Resources */ = {isa = PBXBuildFile; fileRef = 69AB6A331B970D18005C2075 /* SourceSansPro-Bold.otf */; };
		69AB6A401B970D19005C2075 /* SourceSansPro-BoldIt.otf in Resources */ = {isa = PBXBuildFile; fileRef = 69AB6A341B970D18005C2075 /* SourceSansPro-BoldIt.otf */; };
		69AB6A411B970D19005C2075 /* SourceSansPro-ExtraLight.otf in Resources */ = {isa = PBXBuildFile; fileRef = 69AB6A351B970D18005C2075 /* SourceSansPro-ExtraLight.otf */; };
		69AB6A421B970D19005C2075 /* SourceSansPro-ExtraLightIt.otf in Resources */ = {isa = PBXBuildFile; fileRef = 69AB6A361B970D18005C2075 /* SourceSansPro-ExtraLightIt.otf */; };
		69AB6A431B970D19005C2075 /* SourceSansPro-It.otf in Resources */ = {isa = PBXBuildFile; fileRef = 69AB6A371B970D18005C2075 /* SourceSansPro-It.otf */; };
		69AB6A441B970D19005C2075 /* SourceSansPro-Light.otf in Resources */ = {isa = PBXBuildFile; fileRef = 69AB6A381B970D18005C2075 /* SourceSansPro-Light.otf */; };
		69AB6A451B970D19005C2075 /* SourceSansPro-LightIt.otf in Resources */ = {isa = PBXBuildFile; fileRef = 69AB6A391B970D18005C2075 /* SourceSansPro-LightIt.otf */; };
		69AB6A461B970D19005C2075 /* SourceSansPro-Regular.otf in Resources */ = {isa = PBXBuildFile; fileRef = 69AB6A3A1B970D18005C2075 /* SourceSansPro-Regular.otf */; };
		69AB6A471B970D19005C2075 /* SourceSansPro-Semibold.otf in Resources */ = {isa = PBXBuildFile; fileRef = 69AB6A3B1B970D18005C2075 /* SourceSansPro-Semibold.otf */; };
		69AB6A481B970D19005C2075 /* SourceSansPro-SemiboldIt.otf in Resources */ = {isa = PBXBuildFile; fileRef = 69AB6A3C1B970D18005C2075 /* SourceSansPro-SemiboldIt.otf */; };
		69AB6A4A1B970FFA005C2075 /* LaunchScreen.xib in Resources */ = {isa = PBXBuildFile; fileRef = 69AB6A491B970FFA005C2075 /* LaunchScreen.xib */; };
		69AB6A4F1B9712F1005C2075 /* AdblockPlus.m in Sources */ = {isa = PBXBuildFile; fileRef = 69AB6A4E1B9712F1005C2075 /* AdblockPlus.m */; };
		69AB6A511B971A82005C2075 /* SafariServices.framework in Frameworks */ = {isa = PBXBuildFile; fileRef = 69AB6A501B971A82005C2075 /* SafariServices.framework */; };
		69AB6A541B971B9A005C2075 /* HomeController.m in Sources */ = {isa = PBXBuildFile; fileRef = 69AB6A531B971B9A005C2075 /* HomeController.m */; };
		69AB6A571B973802005C2075 /* WelcomeController.m in Sources */ = {isa = PBXBuildFile; fileRef = 69AB6A561B973802005C2075 /* WelcomeController.m */; };
		69B2AEBA1BCD289C00E874A9 /* AdblockPlusSafariTests.m in Sources */ = {isa = PBXBuildFile; fileRef = 69B2AEB91BCD289C00E874A9 /* AdblockPlusSafariTests.m */; };
		69B2AEC11BCD28D200E874A9 /* easylist+exceptionrules_content_blocker.json in Resources */ = {isa = PBXBuildFile; fileRef = E9C719D81B8CDC9200584FB8 /* easylist+exceptionrules_content_blocker.json */; };
		69B2AEC21BCD28D200E874A9 /* easylist_content_blocker.json in Resources */ = {isa = PBXBuildFile; fileRef = 69A910111B9866A300D93485 /* easylist_content_blocker.json */; };
		69B2AEC31BCD28D200E874A9 /* empty.json in Resources */ = {isa = PBXBuildFile; fileRef = 69A910151B986A0D00D93485 /* empty.json */; };
		69C19C741B975946009ACBAC /* screencast.mp4 in Resources */ = {isa = PBXBuildFile; fileRef = 69C19C731B975946009ACBAC /* screencast.mp4 */; };
		69C19C771B9835D1009ACBAC /* RootController.m in Sources */ = {isa = PBXBuildFile; fileRef = 69C19C761B9835D1009ACBAC /* RootController.m */; };
		69C7EBE01BF39FC500FE8062 /* en.xliff in Resources */ = {isa = PBXBuildFile; fileRef = 69C7EBDF1BF39FC500FE8062 /* en.xliff */; };
		69D8BB081BE3AF1900339AAC /* NSString+TextRenderer.m in Sources */ = {isa = PBXBuildFile; fileRef = 69D8BB071BE3AF1900339AAC /* NSString+TextRenderer.m */; };
		69F4D9271B95F1B700300817 /* AdblockPlusController.m in Sources */ = {isa = PBXBuildFile; fileRef = 69F4D9261B95F1B700300817 /* AdblockPlusController.m */; };
		69F4D92A1B95F28B00300817 /* AcceptableAdsController.m in Sources */ = {isa = PBXBuildFile; fileRef = 69F4D9291B95F28B00300817 /* AcceptableAdsController.m */; };
		CF410BE9E27E9A6CA4200141 /* libPods-AdblockPlusSafariExtension.a in Frameworks */ = {isa = PBXBuildFile; fileRef = 1EEA24110F282539A5B78AD1 /* libPods-AdblockPlusSafariExtension.a */; };
		E9071D411B76897C00091AEB /* main.m in Sources */ = {isa = PBXBuildFile; fileRef = E9071D401B76897C00091AEB /* main.m */; };
		E9071D441B76897C00091AEB /* AppDelegate.m in Sources */ = {isa = PBXBuildFile; fileRef = E9071D431B76897C00091AEB /* AppDelegate.m */; };
		E9071D4A1B76897C00091AEB /* Main.storyboard in Resources */ = {isa = PBXBuildFile; fileRef = E9071D481B76897C00091AEB /* Main.storyboard */; };
		E9071D4C1B76897C00091AEB /* Assets.xcassets in Resources */ = {isa = PBXBuildFile; fileRef = E9071D4B1B76897C00091AEB /* Assets.xcassets */; };
		E942B0801B76899D004B4692 /* ActionRequestHandler.m in Sources */ = {isa = PBXBuildFile; fileRef = E942B07F1B76899D004B4692 /* ActionRequestHandler.m */; };
		E942B0841B76899D004B4692 /* AdblockPlusSafariExtension.appex in Embed App Extensions */ = {isa = PBXBuildFile; fileRef = E942B07A1B76899D004B4692 /* AdblockPlusSafariExtension.appex */; settings = {ATTRIBUTES = (RemoveHeadersOnCopy, ); }; };
		E96360F11C1736E8009179F2 /* Localizable.strings in Resources */ = {isa = PBXBuildFile; fileRef = E96360F31C1736E8009179F2 /* Localizable.strings */; };
		E9C719D91B8CDC9200584FB8 /* easylist+exceptionrules_content_blocker.json in Resources */ = {isa = PBXBuildFile; fileRef = E9C719D81B8CDC9200584FB8 /* easylist+exceptionrules_content_blocker.json */; };
/* End PBXBuildFile section */

/* Begin PBXContainerItemProxy section */
		69B2AEBC1BCD289C00E874A9 /* PBXContainerItemProxy */ = {
			isa = PBXContainerItemProxy;
			containerPortal = E9071D341B76897C00091AEB /* Project object */;
			proxyType = 1;
			remoteGlobalIDString = E9071D3B1B76897C00091AEB;
			remoteInfo = AdblockPlusSafari;
		};
		E942B0821B76899D004B4692 /* PBXContainerItemProxy */ = {
			isa = PBXContainerItemProxy;
			containerPortal = E9071D341B76897C00091AEB /* Project object */;
			proxyType = 1;
			remoteGlobalIDString = E942B0791B76899D004B4692;
			remoteInfo = AdblockPlusSafariExtension;
		};
/* End PBXContainerItemProxy section */

/* Begin PBXCopyFilesBuildPhase section */
		E942B0881B76899D004B4692 /* Embed App Extensions */ = {
			isa = PBXCopyFilesBuildPhase;
			buildActionMask = 2147483647;
			dstPath = "";
			dstSubfolderSpec = 13;
			files = (
				E942B0841B76899D004B4692 /* AdblockPlusSafariExtension.appex in Embed App Extensions */,
			);
			name = "Embed App Extensions";
			runOnlyForDeploymentPostprocessing = 0;
		};
/* End PBXCopyFilesBuildPhase section */

/* Begin PBXFileReference section */
		055DE87C287339CE53C3A73E /* Pods-AdblockPlusSafariTests.release.xcconfig */ = {isa = PBXFileReference; includeInIndex = 1; lastKnownFileType = text.xcconfig; name = "Pods-AdblockPlusSafariTests.release.xcconfig"; path = "Pods/Target Support Files/Pods-AdblockPlusSafariTests/Pods-AdblockPlusSafariTests.release.xcconfig"; sourceTree = "<group>"; };
		1EEA24110F282539A5B78AD1 /* libPods-AdblockPlusSafariExtension.a */ = {isa = PBXFileReference; explicitFileType = archive.ar; includeInIndex = 0; path = "libPods-AdblockPlusSafariExtension.a"; sourceTree = BUILT_PRODUCTS_DIR; };
		326F3467C5754EBF08C3CDF1 /* Pods-AdblockPlusSafariTests.devbuild debug.xcconfig */ = {isa = PBXFileReference; includeInIndex = 1; lastKnownFileType = text.xcconfig; name = "Pods-AdblockPlusSafariTests.devbuild debug.xcconfig"; path = "Pods/Target Support Files/Pods-AdblockPlusSafariTests/Pods-AdblockPlusSafariTests.devbuild debug.xcconfig"; sourceTree = "<group>"; };
		419C3DAA2DB78EED37E8AEB4 /* Pods-AdblockPlusSafariExtension.release.xcconfig */ = {isa = PBXFileReference; includeInIndex = 1; lastKnownFileType = text.xcconfig; name = "Pods-AdblockPlusSafariExtension.release.xcconfig"; path = "Pods/Target Support Files/Pods-AdblockPlusSafariExtension/Pods-AdblockPlusSafariExtension.release.xcconfig"; sourceTree = "<group>"; };
		5CCFABEF07C44557DAAC8BD3 /* libPods-AdblockPlusSafari.a */ = {isa = PBXFileReference; explicitFileType = archive.ar; includeInIndex = 0; path = "libPods-AdblockPlusSafari.a"; sourceTree = BUILT_PRODUCTS_DIR; };
		690362D61C19A7B9000E5581 /* easylist_content_blocker_v2.json */ = {isa = PBXFileReference; fileEncoding = 4; lastKnownFileType = text.json; path = easylist_content_blocker_v2.json; sourceTree = "<group>"; };
		690362D71C19A7B9000E5581 /* easylist+exceptionrules_content_blocker_v2.json */ = {isa = PBXFileReference; fileEncoding = 4; lastKnownFileType = text.json; path = "easylist+exceptionrules_content_blocker_v2.json"; sourceTree = "<group>"; };
		6905EDAA1BCE84F500B3A9B9 /* AdblockPlus+Parsing.h */ = {isa = PBXFileReference; fileEncoding = 4; lastKnownFileType = sourcecode.c.h; path = "AdblockPlus+Parsing.h"; sourceTree = "<group>"; };
		6905EDAB1BCE84F500B3A9B9 /* AdblockPlus+Parsing.m */ = {isa = PBXFileReference; fileEncoding = 4; lastKnownFileType = sourcecode.c.objc; path = "AdblockPlus+Parsing.m"; sourceTree = "<group>"; };
		691F74451B9874590057C702 /* AboutController.h */ = {isa = PBXFileReference; fileEncoding = 4; lastKnownFileType = sourcecode.c.h; path = AboutController.h; sourceTree = "<group>"; };
		691F74461B9874590057C702 /* AboutController.m */ = {isa = PBXFileReference; fileEncoding = 4; lastKnownFileType = sourcecode.c.objc; path = AboutController.m; sourceTree = "<group>"; };
		691F74481B988ADC0057C702 /* AdblockPlusContainerController.h */ = {isa = PBXFileReference; fileEncoding = 4; lastKnownFileType = sourcecode.c.h; path = AdblockPlusContainerController.h; sourceTree = "<group>"; };
		691F74491B988ADC0057C702 /* AdblockPlusContainerController.m */ = {isa = PBXFileReference; fileEncoding = 4; lastKnownFileType = sourcecode.c.objc; path = AdblockPlusContainerController.m; sourceTree = "<group>"; };
		6970E76C1BA94C3900B11AC3 /* AdblockPlus+Extension.h */ = {isa = PBXFileReference; fileEncoding = 4; lastKnownFileType = sourcecode.c.h; path = "AdblockPlus+Extension.h"; sourceTree = "<group>"; };
		6970E76D1BA94C3900B11AC3 /* AdblockPlus+Extension.m */ = {isa = PBXFileReference; fileEncoding = 4; lastKnownFileType = sourcecode.c.objc; path = "AdblockPlus+Extension.m"; sourceTree = "<group>"; };
		6970E76F1BA952F200B11AC3 /* AdblockPlusExtras.h */ = {isa = PBXFileReference; fileEncoding = 4; lastKnownFileType = sourcecode.c.h; path = AdblockPlusExtras.h; sourceTree = "<group>"; };
		6970E7701BA952F200B11AC3 /* AdblockPlusExtras.m */ = {isa = PBXFileReference; fileEncoding = 4; lastKnownFileType = sourcecode.c.objc; path = AdblockPlusExtras.m; sourceTree = "<group>"; };
		699876F21BBE721900595FB9 /* FilterLists.plist */ = {isa = PBXFileReference; fileEncoding = 4; lastKnownFileType = text.plist.xml; path = FilterLists.plist; sourceTree = "<group>"; };
		69A2BCFA1BCBCF8A00028734 /* WhitelistedWebsitesController.h */ = {isa = PBXFileReference; fileEncoding = 4; lastKnownFileType = sourcecode.c.h; path = WhitelistedWebsitesController.h; sourceTree = "<group>"; };
		69A2BCFB1BCBCF8A00028734 /* WhitelistedWebsitesController.m */ = {isa = PBXFileReference; fileEncoding = 4; lastKnownFileType = sourcecode.c.objc; path = WhitelistedWebsitesController.m; sourceTree = "<group>"; };
		69A9100E1B985B2800D93485 /* AdblockPlusSafari.entitlements */ = {isa = PBXFileReference; lastKnownFileType = text.xml; path = AdblockPlusSafari.entitlements; sourceTree = "<group>"; };
		69A9100F1B985B3B00D93485 /* AdblockPlusSafariExtension.entitlements */ = {isa = PBXFileReference; lastKnownFileType = text.xml; path = AdblockPlusSafariExtension.entitlements; sourceTree = "<group>"; };
		69A910111B9866A300D93485 /* easylist_content_blocker.json */ = {isa = PBXFileReference; fileEncoding = 4; lastKnownFileType = text.json; path = easylist_content_blocker.json; sourceTree = "<group>"; };
		69A910151B986A0D00D93485 /* empty.json */ = {isa = PBXFileReference; fileEncoding = 4; lastKnownFileType = text.json; path = empty.json; sourceTree = "<group>"; };
		69A910171B986DB600D93485 /* RightCenteredImageButton.h */ = {isa = PBXFileReference; fileEncoding = 4; lastKnownFileType = sourcecode.c.h; path = RightCenteredImageButton.h; sourceTree = "<group>"; };
		69A910181B986DB600D93485 /* RightCenteredImageButton.m */ = {isa = PBXFileReference; fileEncoding = 4; lastKnownFileType = sourcecode.c.objc; path = RightCenteredImageButton.m; sourceTree = "<group>"; };
		69AB6A2C1B96F664005C2075 /* Appearence.h */ = {isa = PBXFileReference; fileEncoding = 4; lastKnownFileType = sourcecode.c.h; path = Appearence.h; sourceTree = "<group>"; };
		69AB6A2D1B96F664005C2075 /* Appearence.m */ = {isa = PBXFileReference; fileEncoding = 4; lastKnownFileType = sourcecode.c.objc; path = Appearence.m; sourceTree = "<group>"; };
		69AB6A311B970D18005C2075 /* SourceSansPro-Black.otf */ = {isa = PBXFileReference; lastKnownFileType = file; path = "SourceSansPro-Black.otf"; sourceTree = "<group>"; };
		69AB6A321B970D18005C2075 /* SourceSansPro-BlackIt.otf */ = {isa = PBXFileReference; lastKnownFileType = file; path = "SourceSansPro-BlackIt.otf"; sourceTree = "<group>"; };
		69AB6A331B970D18005C2075 /* SourceSansPro-Bold.otf */ = {isa = PBXFileReference; lastKnownFileType = file; path = "SourceSansPro-Bold.otf"; sourceTree = "<group>"; };
		69AB6A341B970D18005C2075 /* SourceSansPro-BoldIt.otf */ = {isa = PBXFileReference; lastKnownFileType = file; path = "SourceSansPro-BoldIt.otf"; sourceTree = "<group>"; };
		69AB6A351B970D18005C2075 /* SourceSansPro-ExtraLight.otf */ = {isa = PBXFileReference; lastKnownFileType = file; path = "SourceSansPro-ExtraLight.otf"; sourceTree = "<group>"; };
		69AB6A361B970D18005C2075 /* SourceSansPro-ExtraLightIt.otf */ = {isa = PBXFileReference; lastKnownFileType = file; path = "SourceSansPro-ExtraLightIt.otf"; sourceTree = "<group>"; };
		69AB6A371B970D18005C2075 /* SourceSansPro-It.otf */ = {isa = PBXFileReference; lastKnownFileType = file; path = "SourceSansPro-It.otf"; sourceTree = "<group>"; };
		69AB6A381B970D18005C2075 /* SourceSansPro-Light.otf */ = {isa = PBXFileReference; lastKnownFileType = file; path = "SourceSansPro-Light.otf"; sourceTree = "<group>"; };
		69AB6A391B970D18005C2075 /* SourceSansPro-LightIt.otf */ = {isa = PBXFileReference; lastKnownFileType = file; path = "SourceSansPro-LightIt.otf"; sourceTree = "<group>"; };
		69AB6A3A1B970D18005C2075 /* SourceSansPro-Regular.otf */ = {isa = PBXFileReference; lastKnownFileType = file; path = "SourceSansPro-Regular.otf"; sourceTree = "<group>"; };
		69AB6A3B1B970D18005C2075 /* SourceSansPro-Semibold.otf */ = {isa = PBXFileReference; lastKnownFileType = file; path = "SourceSansPro-Semibold.otf"; sourceTree = "<group>"; };
		69AB6A3C1B970D18005C2075 /* SourceSansPro-SemiboldIt.otf */ = {isa = PBXFileReference; lastKnownFileType = file; path = "SourceSansPro-SemiboldIt.otf"; sourceTree = "<group>"; };
		69AB6A491B970FFA005C2075 /* LaunchScreen.xib */ = {isa = PBXFileReference; fileEncoding = 4; lastKnownFileType = file.xib; path = LaunchScreen.xib; sourceTree = "<group>"; };
		69AB6A4D1B9712F1005C2075 /* AdblockPlus.h */ = {isa = PBXFileReference; fileEncoding = 4; lastKnownFileType = sourcecode.c.h; path = AdblockPlus.h; sourceTree = "<group>"; };
		69AB6A4E1B9712F1005C2075 /* AdblockPlus.m */ = {isa = PBXFileReference; fileEncoding = 4; lastKnownFileType = sourcecode.c.objc; path = AdblockPlus.m; sourceTree = "<group>"; };
		69AB6A501B971A82005C2075 /* SafariServices.framework */ = {isa = PBXFileReference; lastKnownFileType = wrapper.framework; name = SafariServices.framework; path = System/Library/Frameworks/SafariServices.framework; sourceTree = SDKROOT; };
		69AB6A521B971B9A005C2075 /* HomeController.h */ = {isa = PBXFileReference; fileEncoding = 4; lastKnownFileType = sourcecode.c.h; path = HomeController.h; sourceTree = "<group>"; };
		69AB6A531B971B9A005C2075 /* HomeController.m */ = {isa = PBXFileReference; fileEncoding = 4; lastKnownFileType = sourcecode.c.objc; path = HomeController.m; sourceTree = "<group>"; };
		69AB6A551B973802005C2075 /* WelcomeController.h */ = {isa = PBXFileReference; fileEncoding = 4; lastKnownFileType = sourcecode.c.h; path = WelcomeController.h; sourceTree = "<group>"; };
		69AB6A561B973802005C2075 /* WelcomeController.m */ = {isa = PBXFileReference; fileEncoding = 4; lastKnownFileType = sourcecode.c.objc; path = WelcomeController.m; sourceTree = "<group>"; };
		69B2AEB71BCD289C00E874A9 /* AdblockPlusSafariTests.xctest */ = {isa = PBXFileReference; explicitFileType = wrapper.cfbundle; includeInIndex = 0; path = AdblockPlusSafariTests.xctest; sourceTree = BUILT_PRODUCTS_DIR; };
		69B2AEB91BCD289C00E874A9 /* AdblockPlusSafariTests.m */ = {isa = PBXFileReference; lastKnownFileType = sourcecode.c.objc; path = AdblockPlusSafariTests.m; sourceTree = "<group>"; };
		69B2AEBB1BCD289C00E874A9 /* Info.plist */ = {isa = PBXFileReference; lastKnownFileType = text.plist.xml; path = Info.plist; sourceTree = "<group>"; };
		69C19C731B975946009ACBAC /* screencast.mp4 */ = {isa = PBXFileReference; lastKnownFileType = file; path = screencast.mp4; sourceTree = "<group>"; };
		69C19C751B9835D1009ACBAC /* RootController.h */ = {isa = PBXFileReference; fileEncoding = 4; lastKnownFileType = sourcecode.c.h; path = RootController.h; sourceTree = "<group>"; };
		69C19C761B9835D1009ACBAC /* RootController.m */ = {isa = PBXFileReference; fileEncoding = 4; lastKnownFileType = sourcecode.c.objc; path = RootController.m; sourceTree = "<group>"; };
		69C7EBDF1BF39FC500FE8062 /* en.xliff */ = {isa = PBXFileReference; fileEncoding = 4; lastKnownFileType = text.xml; path = en.xliff; sourceTree = "<group>"; };
		69D8BB061BE3AF1900339AAC /* NSString+TextRenderer.h */ = {isa = PBXFileReference; fileEncoding = 4; lastKnownFileType = sourcecode.c.h; path = "NSString+TextRenderer.h"; sourceTree = "<group>"; };
		69D8BB071BE3AF1900339AAC /* NSString+TextRenderer.m */ = {isa = PBXFileReference; fileEncoding = 4; lastKnownFileType = sourcecode.c.objc; path = "NSString+TextRenderer.m"; sourceTree = "<group>"; };
		69F4D9251B95F1B700300817 /* AdblockPlusController.h */ = {isa = PBXFileReference; fileEncoding = 4; lastKnownFileType = sourcecode.c.h; path = AdblockPlusController.h; sourceTree = "<group>"; };
		69F4D9261B95F1B700300817 /* AdblockPlusController.m */ = {isa = PBXFileReference; fileEncoding = 4; lastKnownFileType = sourcecode.c.objc; path = AdblockPlusController.m; sourceTree = "<group>"; };
		69F4D9281B95F28B00300817 /* AcceptableAdsController.h */ = {isa = PBXFileReference; fileEncoding = 4; lastKnownFileType = sourcecode.c.h; path = AcceptableAdsController.h; sourceTree = "<group>"; };
		69F4D9291B95F28B00300817 /* AcceptableAdsController.m */ = {isa = PBXFileReference; fileEncoding = 4; lastKnownFileType = sourcecode.c.objc; path = AcceptableAdsController.m; sourceTree = "<group>"; };
		71CD61F91359404B1A4CF81F /* Pods-AdblockPlusSafariExtension.devbuild debug.xcconfig */ = {isa = PBXFileReference; includeInIndex = 1; lastKnownFileType = text.xcconfig; name = "Pods-AdblockPlusSafariExtension.devbuild debug.xcconfig"; path = "Pods/Target Support Files/Pods-AdblockPlusSafariExtension/Pods-AdblockPlusSafariExtension.devbuild debug.xcconfig"; sourceTree = "<group>"; };
		75E518476C1052918064AF59 /* Pods-AdblockPlusSafariTests.devbuild release.xcconfig */ = {isa = PBXFileReference; includeInIndex = 1; lastKnownFileType = text.xcconfig; name = "Pods-AdblockPlusSafariTests.devbuild release.xcconfig"; path = "Pods/Target Support Files/Pods-AdblockPlusSafariTests/Pods-AdblockPlusSafariTests.devbuild release.xcconfig"; sourceTree = "<group>"; };
		974306E80D51C57902AEAA40 /* Pods-AdblockPlusSafariTests.release.xcconfig */ = {isa = PBXFileReference; includeInIndex = 1; lastKnownFileType = text.xcconfig; name = "Pods-AdblockPlusSafariTests.release.xcconfig"; path = "Pods/Target Support Files/Pods-AdblockPlusSafariTests/Pods-AdblockPlusSafariTests.release.xcconfig"; sourceTree = "<group>"; };
		99C0C1F5B6B184197F836F04 /* Pods-AdblockPlusSafariTests.debug.xcconfig */ = {isa = PBXFileReference; includeInIndex = 1; lastKnownFileType = text.xcconfig; name = "Pods-AdblockPlusSafariTests.debug.xcconfig"; path = "Pods/Target Support Files/Pods-AdblockPlusSafariTests/Pods-AdblockPlusSafariTests.debug.xcconfig"; sourceTree = "<group>"; };
		A14A660893078CBC45FC4B6F /* Pods-AdblockPlusSafariExtension.debug.xcconfig */ = {isa = PBXFileReference; includeInIndex = 1; lastKnownFileType = text.xcconfig; name = "Pods-AdblockPlusSafariExtension.debug.xcconfig"; path = "Pods/Target Support Files/Pods-AdblockPlusSafariExtension/Pods-AdblockPlusSafariExtension.debug.xcconfig"; sourceTree = "<group>"; };
		A189F7915DEE1F8E0B9EC368 /* Pods-AdblockPlusSafariExtension.devbuild debug.xcconfig */ = {isa = PBXFileReference; includeInIndex = 1; lastKnownFileType = text.xcconfig; name = "Pods-AdblockPlusSafariExtension.devbuild debug.xcconfig"; path = "Pods/Target Support Files/Pods-AdblockPlusSafariExtension/Pods-AdblockPlusSafariExtension.devbuild debug.xcconfig"; sourceTree = "<group>"; };
		BD4500C540DDAA9A1FF2173F /* Pods-AdblockPlusSafariExtension.debug.xcconfig */ = {isa = PBXFileReference; includeInIndex = 1; lastKnownFileType = text.xcconfig; name = "Pods-AdblockPlusSafariExtension.debug.xcconfig"; path = "Pods/Target Support Files/Pods-AdblockPlusSafariExtension/Pods-AdblockPlusSafariExtension.debug.xcconfig"; sourceTree = "<group>"; };
		BF80A757631370D3996E337C /* Pods-AdblockPlusSafariExtension.release.xcconfig */ = {isa = PBXFileReference; includeInIndex = 1; lastKnownFileType = text.xcconfig; name = "Pods-AdblockPlusSafariExtension.release.xcconfig"; path = "Pods/Target Support Files/Pods-AdblockPlusSafariExtension/Pods-AdblockPlusSafariExtension.release.xcconfig"; sourceTree = "<group>"; };
		CF087AFFF81208D96A1C8C13 /* libPods-AdblockPlusSafariTests.a */ = {isa = PBXFileReference; explicitFileType = archive.ar; includeInIndex = 0; path = "libPods-AdblockPlusSafariTests.a"; sourceTree = BUILT_PRODUCTS_DIR; };
		DADFF6C625688B07BD01CB5B /* Pods-AdblockPlusSafariExtension.devbuild release.xcconfig */ = {isa = PBXFileReference; includeInIndex = 1; lastKnownFileType = text.xcconfig; name = "Pods-AdblockPlusSafariExtension.devbuild release.xcconfig"; path = "Pods/Target Support Files/Pods-AdblockPlusSafariExtension/Pods-AdblockPlusSafariExtension.devbuild release.xcconfig"; sourceTree = "<group>"; };
		E6890318F3F64AA243A444DF /* Pods-AdblockPlusSafariTests.debug.xcconfig */ = {isa = PBXFileReference; includeInIndex = 1; lastKnownFileType = text.xcconfig; name = "Pods-AdblockPlusSafariTests.debug.xcconfig"; path = "Pods/Target Support Files/Pods-AdblockPlusSafariTests/Pods-AdblockPlusSafariTests.debug.xcconfig"; sourceTree = "<group>"; };
		E9071D3C1B76897C00091AEB /* AdblockPlusSafari.app */ = {isa = PBXFileReference; explicitFileType = wrapper.application; includeInIndex = 0; path = AdblockPlusSafari.app; sourceTree = BUILT_PRODUCTS_DIR; };
		E9071D401B76897C00091AEB /* main.m */ = {isa = PBXFileReference; lastKnownFileType = sourcecode.c.objc; path = main.m; sourceTree = "<group>"; };
		E9071D421B76897C00091AEB /* AppDelegate.h */ = {isa = PBXFileReference; indentWidth = 2; lastKnownFileType = sourcecode.c.h; path = AppDelegate.h; sourceTree = "<group>"; tabWidth = 2; };
		E9071D431B76897C00091AEB /* AppDelegate.m */ = {isa = PBXFileReference; indentWidth = 2; lastKnownFileType = sourcecode.c.objc; path = AppDelegate.m; sourceTree = "<group>"; tabWidth = 2; };
		E9071D491B76897C00091AEB /* Base */ = {isa = PBXFileReference; lastKnownFileType = file.storyboard; name = Base; path = Base.lproj/Main.storyboard; sourceTree = "<group>"; };
		E9071D4B1B76897C00091AEB /* Assets.xcassets */ = {isa = PBXFileReference; lastKnownFileType = folder.assetcatalog; path = Assets.xcassets; sourceTree = "<group>"; };
		E9071D501B76897C00091AEB /* Info.plist */ = {isa = PBXFileReference; lastKnownFileType = text.plist.xml; path = Info.plist; sourceTree = "<group>"; };
		E942B07A1B76899D004B4692 /* AdblockPlusSafariExtension.appex */ = {isa = PBXFileReference; explicitFileType = "wrapper.app-extension"; includeInIndex = 0; path = AdblockPlusSafariExtension.appex; sourceTree = BUILT_PRODUCTS_DIR; };
		E942B07E1B76899D004B4692 /* ActionRequestHandler.h */ = {isa = PBXFileReference; lastKnownFileType = sourcecode.c.h; path = ActionRequestHandler.h; sourceTree = "<group>"; };
		E942B07F1B76899D004B4692 /* ActionRequestHandler.m */ = {isa = PBXFileReference; lastKnownFileType = sourcecode.c.objc; path = ActionRequestHandler.m; sourceTree = "<group>"; };
		E942B0811B76899D004B4692 /* Info.plist */ = {isa = PBXFileReference; lastKnownFileType = text.plist.xml; path = Info.plist; sourceTree = "<group>"; };
		E9453B7B6F8DA7D03055D4D4 /* Pods-AdblockPlusSafariTests.devbuild release.xcconfig */ = {isa = PBXFileReference; includeInIndex = 1; lastKnownFileType = text.xcconfig; name = "Pods-AdblockPlusSafariTests.devbuild release.xcconfig"; path = "Pods/Target Support Files/Pods-AdblockPlusSafariTests/Pods-AdblockPlusSafariTests.devbuild release.xcconfig"; sourceTree = "<group>"; };
		E96360F21C1736E8009179F2 /* Base */ = {isa = PBXFileReference; lastKnownFileType = text.plist.strings; name = Base; path = Base.lproj/Localizable.strings; sourceTree = "<group>"; };
		E9C719D81B8CDC9200584FB8 /* easylist+exceptionrules_content_blocker.json */ = {isa = PBXFileReference; fileEncoding = 4; lastKnownFileType = text.json; path = "easylist+exceptionrules_content_blocker.json"; sourceTree = "<group>"; };
		EE98E8374F2DBA9D5A14778F /* Pods-AdblockPlusSafariExtension.devbuild release.xcconfig */ = {isa = PBXFileReference; includeInIndex = 1; lastKnownFileType = text.xcconfig; name = "Pods-AdblockPlusSafariExtension.devbuild release.xcconfig"; path = "Pods/Target Support Files/Pods-AdblockPlusSafariExtension/Pods-AdblockPlusSafariExtension.devbuild release.xcconfig"; sourceTree = "<group>"; };
		F55BC89B7901D5C152D67C85 /* Pods-AdblockPlusSafariTests.devbuild debug.xcconfig */ = {isa = PBXFileReference; includeInIndex = 1; lastKnownFileType = text.xcconfig; name = "Pods-AdblockPlusSafariTests.devbuild debug.xcconfig"; path = "Pods/Target Support Files/Pods-AdblockPlusSafariTests/Pods-AdblockPlusSafariTests.devbuild debug.xcconfig"; sourceTree = "<group>"; };
/* End PBXFileReference section */

/* Begin PBXFrameworksBuildPhase section */
		69B2AEB41BCD289C00E874A9 /* Frameworks */ = {
			isa = PBXFrameworksBuildPhase;
			buildActionMask = 2147483647;
			files = (
				5E5F0F645DD0B2383A5726B6 /* libPods-AdblockPlusSafariTests.a in Frameworks */,
			);
			runOnlyForDeploymentPostprocessing = 0;
		};
		E9071D391B76897C00091AEB /* Frameworks */ = {
			isa = PBXFrameworksBuildPhase;
			buildActionMask = 2147483647;
			files = (
				69AB6A511B971A82005C2075 /* SafariServices.framework in Frameworks */,
			);
			runOnlyForDeploymentPostprocessing = 0;
		};
		E942B0771B76899D004B4692 /* Frameworks */ = {
			isa = PBXFrameworksBuildPhase;
			buildActionMask = 2147483647;
			files = (
				CF410BE9E27E9A6CA4200141 /* libPods-AdblockPlusSafariExtension.a in Frameworks */,
			);
			runOnlyForDeploymentPostprocessing = 0;
		};
/* End PBXFrameworksBuildPhase section */

/* Begin PBXGroup section */
		21D0865C37FEAF68873CC3AA /* Frameworks */ = {
			isa = PBXGroup;
			children = (
				1EEA24110F282539A5B78AD1 /* libPods-AdblockPlusSafariExtension.a */,
				5CCFABEF07C44557DAAC8BD3 /* libPods-AdblockPlusSafari.a */,
				CF087AFFF81208D96A1C8C13 /* libPods-AdblockPlusSafariTests.a */,
			);
			name = Frameworks;
			sourceTree = "<group>";
		};
		3F61800F19DD8F393A0C3D83 /* Pods */ = {
			isa = PBXGroup;
			children = (
				A14A660893078CBC45FC4B6F /* Pods-AdblockPlusSafariExtension.debug.xcconfig */,
				A189F7915DEE1F8E0B9EC368 /* Pods-AdblockPlusSafariExtension.devbuild debug.xcconfig */,
				BF80A757631370D3996E337C /* Pods-AdblockPlusSafariExtension.release.xcconfig */,
				EE98E8374F2DBA9D5A14778F /* Pods-AdblockPlusSafariExtension.devbuild release.xcconfig */,
				99C0C1F5B6B184197F836F04 /* Pods-AdblockPlusSafariTests.debug.xcconfig */,
				055DE87C287339CE53C3A73E /* Pods-AdblockPlusSafariTests.release.xcconfig */,
				326F3467C5754EBF08C3CDF1 /* Pods-AdblockPlusSafariTests.devbuild debug.xcconfig */,
				E9453B7B6F8DA7D03055D4D4 /* Pods-AdblockPlusSafariTests.devbuild release.xcconfig */,
			);
			name = Pods;
			sourceTree = "<group>";
		};
		693A31F21BF39F4500A1B40A /* Recovered References */ = {
			isa = PBXGroup;
			children = (
				BD4500C540DDAA9A1FF2173F /* Pods-AdblockPlusSafariExtension.debug.xcconfig */,
				71CD61F91359404B1A4CF81F /* Pods-AdblockPlusSafariExtension.devbuild debug.xcconfig */,
				419C3DAA2DB78EED37E8AEB4 /* Pods-AdblockPlusSafariExtension.release.xcconfig */,
				DADFF6C625688B07BD01CB5B /* Pods-AdblockPlusSafariExtension.devbuild release.xcconfig */,
				E6890318F3F64AA243A444DF /* Pods-AdblockPlusSafariTests.debug.xcconfig */,
				974306E80D51C57902AEAA40 /* Pods-AdblockPlusSafariTests.release.xcconfig */,
				F55BC89B7901D5C152D67C85 /* Pods-AdblockPlusSafariTests.devbuild debug.xcconfig */,
				75E518476C1052918064AF59 /* Pods-AdblockPlusSafariTests.devbuild release.xcconfig */,
			);
			name = "Recovered References";
			sourceTree = "<group>";
		};
		69A9101A1B986DB900D93485 /* Controls */ = {
			isa = PBXGroup;
			children = (
				69A910171B986DB600D93485 /* RightCenteredImageButton.h */,
				69A910181B986DB600D93485 /* RightCenteredImageButton.m */,
			);
			name = Controls;
			sourceTree = "<group>";
		};
		69AB6A2F1B970D18005C2075 /* Resources */ = {
			isa = PBXGroup;
			children = (
				69C19C731B975946009ACBAC /* screencast.mp4 */,
				69AB6A301B970D18005C2075 /* Fonts */,
			);
			path = Resources;
			sourceTree = "<group>";
		};
		69AB6A301B970D18005C2075 /* Fonts */ = {
			isa = PBXGroup;
			children = (
				69AB6A311B970D18005C2075 /* SourceSansPro-Black.otf */,
				69AB6A321B970D18005C2075 /* SourceSansPro-BlackIt.otf */,
				69AB6A331B970D18005C2075 /* SourceSansPro-Bold.otf */,
				69AB6A341B970D18005C2075 /* SourceSansPro-BoldIt.otf */,
				69AB6A351B970D18005C2075 /* SourceSansPro-ExtraLight.otf */,
				69AB6A361B970D18005C2075 /* SourceSansPro-ExtraLightIt.otf */,
				69AB6A371B970D18005C2075 /* SourceSansPro-It.otf */,
				69AB6A381B970D18005C2075 /* SourceSansPro-Light.otf */,
				69AB6A391B970D18005C2075 /* SourceSansPro-LightIt.otf */,
				69AB6A3A1B970D18005C2075 /* SourceSansPro-Regular.otf */,
				69AB6A3B1B970D18005C2075 /* SourceSansPro-Semibold.otf */,
				69AB6A3C1B970D18005C2075 /* SourceSansPro-SemiboldIt.otf */,
			);
			path = Fonts;
			sourceTree = "<group>";
		};
		69B2AEB81BCD289C00E874A9 /* AdblockPlusSafariTests */ = {
			isa = PBXGroup;
			children = (
				690362D61C19A7B9000E5581 /* easylist_content_blocker_v2.json */,
				690362D71C19A7B9000E5581 /* easylist+exceptionrules_content_blocker_v2.json */,
				69B2AEB91BCD289C00E874A9 /* AdblockPlusSafariTests.m */,
				69B2AEBB1BCD289C00E874A9 /* Info.plist */,
			);
			path = AdblockPlusSafariTests;
			sourceTree = "<group>";
		};
		69F4D9241B95F18C00300817 /* Controllers */ = {
			isa = PBXGroup;
			children = (
				691F74451B9874590057C702 /* AboutController.h */,
				691F74461B9874590057C702 /* AboutController.m */,
				69F4D9281B95F28B00300817 /* AcceptableAdsController.h */,
				69F4D9291B95F28B00300817 /* AcceptableAdsController.m */,
				691F74481B988ADC0057C702 /* AdblockPlusContainerController.h */,
				691F74491B988ADC0057C702 /* AdblockPlusContainerController.m */,
				69F4D9251B95F1B700300817 /* AdblockPlusController.h */,
				69F4D9261B95F1B700300817 /* AdblockPlusController.m */,
				69AB6A521B971B9A005C2075 /* HomeController.h */,
				69AB6A531B971B9A005C2075 /* HomeController.m */,
				69C19C751B9835D1009ACBAC /* RootController.h */,
				69C19C761B9835D1009ACBAC /* RootController.m */,
				69AB6A551B973802005C2075 /* WelcomeController.h */,
				69AB6A561B973802005C2075 /* WelcomeController.m */,
				69A2BCFA1BCBCF8A00028734 /* WhitelistedWebsitesController.h */,
				69A2BCFB1BCBCF8A00028734 /* WhitelistedWebsitesController.m */,
			);
			name = Controllers;
			sourceTree = "<group>";
		};
		E9071D331B76897C00091AEB = {
			isa = PBXGroup;
			children = (
				E9071D3E1B76897C00091AEB /* AdblockPlusSafari */,
				E942B07B1B76899D004B4692 /* AdblockPlusSafariExtension */,
				69B2AEB81BCD289C00E874A9 /* AdblockPlusSafariTests */,
				21D0865C37FEAF68873CC3AA /* Frameworks */,
				E9071D3D1B76897C00091AEB /* Products */,
				693A31F21BF39F4500A1B40A /* Recovered References */,
				69AB6A2F1B970D18005C2075 /* Resources */,
				69AB6A501B971A82005C2075 /* SafariServices.framework */,
				E9F3922B1BBF1B1A004A068A /* Translations */,
				3F61800F19DD8F393A0C3D83 /* Pods */,
			);
			sourceTree = "<group>";
		};
		E9071D3D1B76897C00091AEB /* Products */ = {
			isa = PBXGroup;
			children = (
				E9071D3C1B76897C00091AEB /* AdblockPlusSafari.app */,
				E942B07A1B76899D004B4692 /* AdblockPlusSafariExtension.appex */,
				69B2AEB71BCD289C00E874A9 /* AdblockPlusSafariTests.xctest */,
			);
			name = Products;
			sourceTree = "<group>";
		};
		E9071D3E1B76897C00091AEB /* AdblockPlusSafari */ = {
			isa = PBXGroup;
			children = (
				69AB6A4D1B9712F1005C2075 /* AdblockPlus.h */,
				69AB6A4E1B9712F1005C2075 /* AdblockPlus.m */,
				6970E76F1BA952F200B11AC3 /* AdblockPlusExtras.h */,
				6970E7701BA952F200B11AC3 /* AdblockPlusExtras.m */,
				69A9100E1B985B2800D93485 /* AdblockPlusSafari.entitlements */,
				E9071D421B76897C00091AEB /* AppDelegate.h */,
				E9071D431B76897C00091AEB /* AppDelegate.m */,
				69AB6A2C1B96F664005C2075 /* Appearence.h */,
				69AB6A2D1B96F664005C2075 /* Appearence.m */,
				E9071D4B1B76897C00091AEB /* Assets.xcassets */,
				69F4D9241B95F18C00300817 /* Controllers */,
				69A9101A1B986DB900D93485 /* Controls */,
				699876F21BBE721900595FB9 /* FilterLists.plist */,
				E9071D501B76897C00091AEB /* Info.plist */,
				69AB6A491B970FFA005C2075 /* LaunchScreen.xib */,
				E9071D481B76897C00091AEB /* Main.storyboard */,
				69D8BB061BE3AF1900339AAC /* NSString+TextRenderer.h */,
				69D8BB071BE3AF1900339AAC /* NSString+TextRenderer.m */,
				E9071D3F1B76897C00091AEB /* Supporting Files */,
			);
			path = AdblockPlusSafari;
			sourceTree = "<group>";
		};
		E9071D3F1B76897C00091AEB /* Supporting Files */ = {
			isa = PBXGroup;
			children = (
				E9071D401B76897C00091AEB /* main.m */,
				E96360F31C1736E8009179F2 /* Localizable.strings */,
			);
			name = "Supporting Files";
			sourceTree = "<group>";
		};
		E942B07B1B76899D004B4692 /* AdblockPlusSafariExtension */ = {
			isa = PBXGroup;
			children = (
				E942B07E1B76899D004B4692 /* ActionRequestHandler.h */,
				E942B07F1B76899D004B4692 /* ActionRequestHandler.m */,
				6970E76C1BA94C3900B11AC3 /* AdblockPlus+Extension.h */,
				6970E76D1BA94C3900B11AC3 /* AdblockPlus+Extension.m */,
				6905EDAA1BCE84F500B3A9B9 /* AdblockPlus+Parsing.h */,
				6905EDAB1BCE84F500B3A9B9 /* AdblockPlus+Parsing.m */,
				69A9100F1B985B3B00D93485 /* AdblockPlusSafariExtension.entitlements */,
				69A910111B9866A300D93485 /* easylist_content_blocker.json */,
				E9C719D81B8CDC9200584FB8 /* easylist+exceptionrules_content_blocker.json */,
				69A910151B986A0D00D93485 /* empty.json */,
				E942B0811B76899D004B4692 /* Info.plist */,
			);
			path = AdblockPlusSafariExtension;
			sourceTree = "<group>";
		};
		E9F3922B1BBF1B1A004A068A /* Translations */ = {
			isa = PBXGroup;
			children = (
				69C7EBDF1BF39FC500FE8062 /* en.xliff */,
			);
			path = Translations;
			sourceTree = "<group>";
		};
/* End PBXGroup section */

/* Begin PBXNativeTarget section */
		69B2AEB61BCD289C00E874A9 /* AdblockPlusSafariTests */ = {
			isa = PBXNativeTarget;
			buildConfigurationList = 69B2AEBE1BCD289C00E874A9 /* Build configuration list for PBXNativeTarget "AdblockPlusSafariTests" */;
			buildPhases = (
				BFCC4A703E29563EB64BAC88 /* Check Pods Manifest.lock */,
				69B2AEB31BCD289C00E874A9 /* Sources */,
				69B2AEB41BCD289C00E874A9 /* Frameworks */,
				69B2AEB51BCD289C00E874A9 /* Resources */,
				A5E0886D94E83465A9788119 /* Embed Pods Frameworks */,
				5D42887FA9ADDB13216060AC /* Copy Pods Resources */,
			);
			buildRules = (
			);
			dependencies = (
				69B2AEBD1BCD289C00E874A9 /* PBXTargetDependency */,
			);
			name = AdblockPlusSafariTests;
			productName = AdblockPlusSafariTests;
			productReference = 69B2AEB71BCD289C00E874A9 /* AdblockPlusSafariTests.xctest */;
			productType = "com.apple.product-type.bundle.unit-test";
		};
		E9071D3B1B76897C00091AEB /* AdblockPlusSafari */ = {
			isa = PBXNativeTarget;
			buildConfigurationList = E9071D531B76897C00091AEB /* Build configuration list for PBXNativeTarget "AdblockPlusSafari" */;
			buildPhases = (
				E9071D381B76897C00091AEB /* Sources */,
				E9071D391B76897C00091AEB /* Frameworks */,
				E9071D3A1B76897C00091AEB /* Resources */,
				E942B0881B76899D004B4692 /* Embed App Extensions */,
			);
			buildRules = (
			);
			dependencies = (
				E942B0831B76899D004B4692 /* PBXTargetDependency */,
			);
			name = AdblockPlusSafari;
			productName = AdblockPlusSafari;
			productReference = E9071D3C1B76897C00091AEB /* AdblockPlusSafari.app */;
			productType = "com.apple.product-type.application";
		};
		E942B0791B76899D004B4692 /* AdblockPlusSafariExtension */ = {
			isa = PBXNativeTarget;
			buildConfigurationList = E942B0871B76899D004B4692 /* Build configuration list for PBXNativeTarget "AdblockPlusSafariExtension" */;
			buildPhases = (
				E60D01235E98C01817D6FC2F /* Check Pods Manifest.lock */,
				E942B0761B76899D004B4692 /* Sources */,
				E942B0771B76899D004B4692 /* Frameworks */,
				E942B0781B76899D004B4692 /* Resources */,
				326FCB1ED6ADD7F4F2862B4F /* Embed Pods Frameworks */,
				15C6F5893FBF1AFB22469D1A /* Copy Pods Resources */,
			);
			buildRules = (
			);
			dependencies = (
			);
			name = AdblockPlusSafariExtension;
			productName = AdblockPlusSafariExtension;
			productReference = E942B07A1B76899D004B4692 /* AdblockPlusSafariExtension.appex */;
			productType = "com.apple.product-type.app-extension";
		};
/* End PBXNativeTarget section */

/* Begin PBXProject section */
		E9071D341B76897C00091AEB /* Project object */ = {
			isa = PBXProject;
			attributes = {
				LastUpgradeCheck = 0700;
				ORGANIZATIONNAME = "Eyeo GmbH";
				TargetAttributes = {
					69B2AEB61BCD289C00E874A9 = {
						CreatedOnToolsVersion = 7.0.1;
						TestTargetID = E9071D3B1B76897C00091AEB;
					};
					E9071D3B1B76897C00091AEB = {
						CreatedOnToolsVersion = 7.0;
						DevelopmentTeam = GRYYZR985A;
						SystemCapabilities = {
							com.apple.ApplicationGroups.iOS = {
								enabled = 1;
							};
							com.apple.BackgroundModes = {
								enabled = 1;
							};
							com.apple.VPNLite = {
								enabled = 0;
							};
						};
					};
					E942B0791B76899D004B4692 = {
						CreatedOnToolsVersion = 7.0;
						DevelopmentTeam = GRYYZR985A;
						SystemCapabilities = {
							com.apple.ApplicationGroups.iOS = {
								enabled = 1;
							};
						};
					};
				};
			};
			buildConfigurationList = E9071D371B76897C00091AEB /* Build configuration list for PBXProject "AdblockPlusSafari" */;
			compatibilityVersion = "Xcode 3.2";
			developmentRegion = English;
			hasScannedForEncodings = 0;
			knownRegions = (
				en,
				Base,
			);
			mainGroup = E9071D331B76897C00091AEB;
			productRefGroup = E9071D3D1B76897C00091AEB /* Products */;
			projectDirPath = "";
			projectRoot = "";
			targets = (
				E9071D3B1B76897C00091AEB /* AdblockPlusSafari */,
				E942B0791B76899D004B4692 /* AdblockPlusSafariExtension */,
				69B2AEB61BCD289C00E874A9 /* AdblockPlusSafariTests */,
			);
		};
/* End PBXProject section */

/* Begin PBXResourcesBuildPhase section */
		69B2AEB51BCD289C00E874A9 /* Resources */ = {
			isa = PBXResourcesBuildPhase;
			buildActionMask = 2147483647;
			files = (
				690362D91C19A7B9000E5581 /* easylist+exceptionrules_content_blocker_v2.json in Resources */,
				690362D81C19A7B9000E5581 /* easylist_content_blocker_v2.json in Resources */,
				69B2AEC11BCD28D200E874A9 /* easylist+exceptionrules_content_blocker.json in Resources */,
				69B2AEC21BCD28D200E874A9 /* easylist_content_blocker.json in Resources */,
				69B2AEC31BCD28D200E874A9 /* empty.json in Resources */,
			);
			runOnlyForDeploymentPostprocessing = 0;
		};
		E9071D3A1B76897C00091AEB /* Resources */ = {
			isa = PBXResourcesBuildPhase;
			buildActionMask = 2147483647;
			files = (
				69AB6A471B970D19005C2075 /* SourceSansPro-Semibold.otf in Resources */,
				69AB6A431B970D19005C2075 /* SourceSansPro-It.otf in Resources */,
				E9071D4C1B76897C00091AEB /* Assets.xcassets in Resources */,
				69AB6A481B970D19005C2075 /* SourceSansPro-SemiboldIt.otf in Resources */,
				69AB6A461B970D19005C2075 /* SourceSansPro-Regular.otf in Resources */,
				69AB6A401B970D19005C2075 /* SourceSansPro-BoldIt.otf in Resources */,
				69AB6A421B970D19005C2075 /* SourceSansPro-ExtraLightIt.otf in Resources */,
				69AB6A411B970D19005C2075 /* SourceSansPro-ExtraLight.otf in Resources */,
				E9071D4A1B76897C00091AEB /* Main.storyboard in Resources */,
				69AB6A3D1B970D18005C2075 /* SourceSansPro-Black.otf in Resources */,
				69C19C741B975946009ACBAC /* screencast.mp4 in Resources */,
				699876F31BBE721900595FB9 /* FilterLists.plist in Resources */,
				69AB6A441B970D19005C2075 /* SourceSansPro-Light.otf in Resources */,
				69AB6A4A1B970FFA005C2075 /* LaunchScreen.xib in Resources */,
				69AB6A451B970D19005C2075 /* SourceSansPro-LightIt.otf in Resources */,
				69AB6A3F1B970D19005C2075 /* SourceSansPro-Bold.otf in Resources */,
				E96360F11C1736E8009179F2 /* Localizable.strings in Resources */,
				69C7EBE01BF39FC500FE8062 /* en.xliff in Resources */,
				69AB6A3E1B970D18005C2075 /* SourceSansPro-BlackIt.otf in Resources */,
			);
			runOnlyForDeploymentPostprocessing = 0;
		};
		E942B0781B76899D004B4692 /* Resources */ = {
			isa = PBXResourcesBuildPhase;
			buildActionMask = 2147483647;
			files = (
				699876F41BBE765100595FB9 /* FilterLists.plist in Resources */,
				E9C719D91B8CDC9200584FB8 /* easylist+exceptionrules_content_blocker.json in Resources */,
				69A910161B986A0D00D93485 /* empty.json in Resources */,
				69A910121B9866A300D93485 /* easylist_content_blocker.json in Resources */,
			);
			runOnlyForDeploymentPostprocessing = 0;
		};
/* End PBXResourcesBuildPhase section */

/* Begin PBXShellScriptBuildPhase section */
		15C6F5893FBF1AFB22469D1A /* Copy Pods Resources */ = {
			isa = PBXShellScriptBuildPhase;
			buildActionMask = 2147483647;
			files = (
			);
			inputPaths = (
			);
			name = "Copy Pods Resources";
			outputPaths = (
			);
			runOnlyForDeploymentPostprocessing = 0;
			shellPath = /bin/sh;
			shellScript = "\"${SRCROOT}/Pods/Target Support Files/Pods-AdblockPlusSafariExtension/Pods-AdblockPlusSafariExtension-resources.sh\"\n";
			showEnvVarsInLog = 0;
		};
		326FCB1ED6ADD7F4F2862B4F /* Embed Pods Frameworks */ = {
			isa = PBXShellScriptBuildPhase;
			buildActionMask = 2147483647;
			files = (
			);
			inputPaths = (
			);
			name = "Embed Pods Frameworks";
			outputPaths = (
			);
			runOnlyForDeploymentPostprocessing = 0;
			shellPath = /bin/sh;
			shellScript = "\"${SRCROOT}/Pods/Target Support Files/Pods-AdblockPlusSafariExtension/Pods-AdblockPlusSafariExtension-frameworks.sh\"\n";
			showEnvVarsInLog = 0;
		};
		5D42887FA9ADDB13216060AC /* Copy Pods Resources */ = {
			isa = PBXShellScriptBuildPhase;
			buildActionMask = 2147483647;
			files = (
			);
			inputPaths = (
			);
			name = "Copy Pods Resources";
			outputPaths = (
			);
			runOnlyForDeploymentPostprocessing = 0;
			shellPath = /bin/sh;
			shellScript = "\"${SRCROOT}/Pods/Target Support Files/Pods-AdblockPlusSafariTests/Pods-AdblockPlusSafariTests-resources.sh\"\n";
			showEnvVarsInLog = 0;
		};
		A5E0886D94E83465A9788119 /* Embed Pods Frameworks */ = {
			isa = PBXShellScriptBuildPhase;
			buildActionMask = 2147483647;
			files = (
			);
			inputPaths = (
			);
			name = "Embed Pods Frameworks";
			outputPaths = (
			);
			runOnlyForDeploymentPostprocessing = 0;
			shellPath = /bin/sh;
			shellScript = "\"${SRCROOT}/Pods/Target Support Files/Pods-AdblockPlusSafariTests/Pods-AdblockPlusSafariTests-frameworks.sh\"\n";
			showEnvVarsInLog = 0;
		};
		BFCC4A703E29563EB64BAC88 /* Check Pods Manifest.lock */ = {
			isa = PBXShellScriptBuildPhase;
			buildActionMask = 2147483647;
			files = (
			);
			inputPaths = (
			);
			name = "Check Pods Manifest.lock";
			outputPaths = (
			);
			runOnlyForDeploymentPostprocessing = 0;
			shellPath = /bin/sh;
			shellScript = "diff \"${PODS_ROOT}/../Podfile.lock\" \"${PODS_ROOT}/Manifest.lock\" > /dev/null\nif [[ $? != 0 ]] ; then\n    cat << EOM\nerror: The sandbox is not in sync with the Podfile.lock. Run 'pod install' or update your CocoaPods installation.\nEOM\n    exit 1\nfi\n";
			showEnvVarsInLog = 0;
		};
		E60D01235E98C01817D6FC2F /* Check Pods Manifest.lock */ = {
			isa = PBXShellScriptBuildPhase;
			buildActionMask = 2147483647;
			files = (
			);
			inputPaths = (
			);
			name = "Check Pods Manifest.lock";
			outputPaths = (
			);
			runOnlyForDeploymentPostprocessing = 0;
			shellPath = /bin/sh;
			shellScript = "diff \"${PODS_ROOT}/../Podfile.lock\" \"${PODS_ROOT}/Manifest.lock\" > /dev/null\nif [[ $? != 0 ]] ; then\n    cat << EOM\nerror: The sandbox is not in sync with the Podfile.lock. Run 'pod install' or update your CocoaPods installation.\nEOM\n    exit 1\nfi\n";
			showEnvVarsInLog = 0;
		};
/* End PBXShellScriptBuildPhase section */

/* Begin PBXSourcesBuildPhase section */
		69B2AEB31BCD289C00E874A9 /* Sources */ = {
			isa = PBXSourcesBuildPhase;
			buildActionMask = 2147483647;
			files = (
				699B0EB61BCE9D11005DC603 /* AdblockPlus.m in Sources */,
				69B2AEBA1BCD289C00E874A9 /* AdblockPlusSafariTests.m in Sources */,
				6905EDAD1BCE890000B3A9B9 /* AdblockPlus+Parsing.m in Sources */,
			);
			runOnlyForDeploymentPostprocessing = 0;
		};
		E9071D381B76897C00091AEB /* Sources */ = {
			isa = PBXSourcesBuildPhase;
			buildActionMask = 2147483647;
			files = (
				69AB6A4F1B9712F1005C2075 /* AdblockPlus.m in Sources */,
				69AB6A541B971B9A005C2075 /* HomeController.m in Sources */,
				69A910191B986DB600D93485 /* RightCenteredImageButton.m in Sources */,
				E9071D441B76897C00091AEB /* AppDelegate.m in Sources */,
				69F4D9271B95F1B700300817 /* AdblockPlusController.m in Sources */,
				69A2BCFC1BCBCF8A00028734 /* WhitelistedWebsitesController.m in Sources */,
				E9071D411B76897C00091AEB /* main.m in Sources */,
				691F74471B9874590057C702 /* AboutController.m in Sources */,
				6970E7711BA952F200B11AC3 /* AdblockPlusExtras.m in Sources */,
				69F4D92A1B95F28B00300817 /* AcceptableAdsController.m in Sources */,
				69D8BB081BE3AF1900339AAC /* NSString+TextRenderer.m in Sources */,
				691F744A1B988ADC0057C702 /* AdblockPlusContainerController.m in Sources */,
				69C19C771B9835D1009ACBAC /* RootController.m in Sources */,
				69AB6A571B973802005C2075 /* WelcomeController.m in Sources */,
				69AB6A2E1B96F664005C2075 /* Appearence.m in Sources */,
			);
			runOnlyForDeploymentPostprocessing = 0;
		};
		E942B0761B76899D004B4692 /* Sources */ = {
			isa = PBXSourcesBuildPhase;
			buildActionMask = 2147483647;
			files = (
				69A910101B9860E000D93485 /* AdblockPlus.m in Sources */,
				E942B0801B76899D004B4692 /* ActionRequestHandler.m in Sources */,
				6970E76E1BA94C3900B11AC3 /* AdblockPlus+Extension.m in Sources */,
				6905EDAC1BCE84F500B3A9B9 /* AdblockPlus+Parsing.m in Sources */,
			);
			runOnlyForDeploymentPostprocessing = 0;
		};
/* End PBXSourcesBuildPhase section */

/* Begin PBXTargetDependency section */
		69B2AEBD1BCD289C00E874A9 /* PBXTargetDependency */ = {
			isa = PBXTargetDependency;
			target = E9071D3B1B76897C00091AEB /* AdblockPlusSafari */;
			targetProxy = 69B2AEBC1BCD289C00E874A9 /* PBXContainerItemProxy */;
		};
		E942B0831B76899D004B4692 /* PBXTargetDependency */ = {
			isa = PBXTargetDependency;
			target = E942B0791B76899D004B4692 /* AdblockPlusSafariExtension */;
			targetProxy = E942B0821B76899D004B4692 /* PBXContainerItemProxy */;
		};
/* End PBXTargetDependency section */

/* Begin PBXVariantGroup section */
		E9071D481B76897C00091AEB /* Main.storyboard */ = {
			isa = PBXVariantGroup;
			children = (
				E9071D491B76897C00091AEB /* Base */,
			);
			name = Main.storyboard;
			sourceTree = "<group>";
		};
		E96360F31C1736E8009179F2 /* Localizable.strings */ = {
			isa = PBXVariantGroup;
			children = (
				E96360F21C1736E8009179F2 /* Base */,
			);
			name = Localizable.strings;
			sourceTree = "<group>";
		};
/* End PBXVariantGroup section */

/* Begin XCBuildConfiguration section */
		6995A9601BF391DF00D4B295 /* Devbuild Debug */ = {
			isa = XCBuildConfiguration;
			baseConfigurationReference = 326F3467C5754EBF08C3CDF1 /* Pods-AdblockPlusSafariTests.devbuild debug.xcconfig */;
			buildSettings = {
				PRODUCT_NAME = AdblockPlusSafariTests;
			};
			name = "Devbuild Debug";
		};
		6995A9611BF391DF00D4B295 /* Devbuild Release */ = {
			isa = XCBuildConfiguration;
			baseConfigurationReference = E9453B7B6F8DA7D03055D4D4 /* Pods-AdblockPlusSafariTests.devbuild release.xcconfig */;
			buildSettings = {
				PRODUCT_NAME = AdblockPlusSafariTests;
			};
			name = "Devbuild Release";
		};
		69B2AEBF1BCD289C00E874A9 /* Debug */ = {
			isa = XCBuildConfiguration;
			baseConfigurationReference = 99C0C1F5B6B184197F836F04 /* Pods-AdblockPlusSafariTests.debug.xcconfig */;
			buildSettings = {
				BUNDLE_LOADER = "$(TEST_HOST)";
				INFOPLIST_FILE = AdblockPlusSafariTests/Info.plist;
				LD_RUNPATH_SEARCH_PATHS = "$(inherited) @executable_path/Frameworks @loader_path/Frameworks";
				PRODUCT_BUNDLE_IDENTIFIER = org.adblockplus.AdblockPlusSafariTests;
				PRODUCT_NAME = "$(TARGET_NAME)";
				TEST_HOST = "$(BUILT_PRODUCTS_DIR)/AdblockPlusSafari.app/AdblockPlusSafari";
			};
			name = Debug;
		};
		69B2AEC01BCD289C00E874A9 /* Release */ = {
			isa = XCBuildConfiguration;
			baseConfigurationReference = 055DE87C287339CE53C3A73E /* Pods-AdblockPlusSafariTests.release.xcconfig */;
			buildSettings = {
				BUNDLE_LOADER = "$(TEST_HOST)";
				INFOPLIST_FILE = AdblockPlusSafariTests/Info.plist;
				LD_RUNPATH_SEARCH_PATHS = "$(inherited) @executable_path/Frameworks @loader_path/Frameworks";
				PRODUCT_BUNDLE_IDENTIFIER = org.adblockplus.AdblockPlusSafariTests;
				PRODUCT_NAME = "$(TARGET_NAME)";
				TEST_HOST = "$(BUILT_PRODUCTS_DIR)/AdblockPlusSafari.app/AdblockPlusSafari";
			};
			name = Release;
		};
		E9071D511B76897C00091AEB /* Debug */ = {
			isa = XCBuildConfiguration;
			buildSettings = {
				ALWAYS_SEARCH_USER_PATHS = NO;
				CLANG_CXX_LANGUAGE_STANDARD = "gnu++0x";
				CLANG_CXX_LIBRARY = "libc++";
				CLANG_ENABLE_MODULES = YES;
				CLANG_ENABLE_OBJC_ARC = YES;
				CLANG_WARN_BOOL_CONVERSION = YES;
				CLANG_WARN_CONSTANT_CONVERSION = YES;
				CLANG_WARN_DIRECT_OBJC_ISA_USAGE = YES_ERROR;
				CLANG_WARN_EMPTY_BODY = YES;
				CLANG_WARN_ENUM_CONVERSION = YES;
				CLANG_WARN_INT_CONVERSION = YES;
				CLANG_WARN_OBJC_ROOT_CLASS = YES_ERROR;
				CLANG_WARN_UNREACHABLE_CODE = YES;
				CLANG_WARN__DUPLICATE_METHOD_MATCH = YES;
				"CODE_SIGN_IDENTITY[sdk=iphoneos*]" = "iPhone Developer";
				COPY_PHASE_STRIP = NO;
				DEBUG_INFORMATION_FORMAT = dwarf;
				ENABLE_STRICT_OBJC_MSGSEND = YES;
				ENABLE_TESTABILITY = YES;
				GCC_C_LANGUAGE_STANDARD = gnu99;
				GCC_DYNAMIC_NO_PIC = NO;
				GCC_NO_COMMON_BLOCKS = YES;
				GCC_OPTIMIZATION_LEVEL = 0;
				GCC_PREPROCESSOR_DEFINITIONS = (
					"DEBUG=1",
					"$(inherited)",
				);
				GCC_WARN_64_TO_32_BIT_CONVERSION = YES;
				GCC_WARN_ABOUT_RETURN_TYPE = YES_ERROR;
				GCC_WARN_UNDECLARED_SELECTOR = YES;
				GCC_WARN_UNINITIALIZED_AUTOS = YES_AGGRESSIVE;
				GCC_WARN_UNUSED_FUNCTION = YES;
				GCC_WARN_UNUSED_VARIABLE = YES;
				IPHONEOS_DEPLOYMENT_TARGET = 9.0;
				MTL_ENABLE_DEBUG_INFO = YES;
				ONLY_ACTIVE_ARCH = YES;
				SDKROOT = iphoneos;
				TARGETED_DEVICE_FAMILY = "1,2";
			};
			name = Debug;
		};
		E9071D521B76897C00091AEB /* Release */ = {
			isa = XCBuildConfiguration;
			buildSettings = {
				ALWAYS_SEARCH_USER_PATHS = NO;
				CLANG_CXX_LANGUAGE_STANDARD = "gnu++0x";
				CLANG_CXX_LIBRARY = "libc++";
				CLANG_ENABLE_MODULES = YES;
				CLANG_ENABLE_OBJC_ARC = YES;
				CLANG_WARN_BOOL_CONVERSION = YES;
				CLANG_WARN_CONSTANT_CONVERSION = YES;
				CLANG_WARN_DIRECT_OBJC_ISA_USAGE = YES_ERROR;
				CLANG_WARN_EMPTY_BODY = YES;
				CLANG_WARN_ENUM_CONVERSION = YES;
				CLANG_WARN_INT_CONVERSION = YES;
				CLANG_WARN_OBJC_ROOT_CLASS = YES_ERROR;
				CLANG_WARN_UNREACHABLE_CODE = YES;
				CLANG_WARN__DUPLICATE_METHOD_MATCH = YES;
				"CODE_SIGN_IDENTITY[sdk=iphoneos*]" = "iPhone Developer";
				COPY_PHASE_STRIP = NO;
				DEBUG_INFORMATION_FORMAT = "dwarf-with-dsym";
				ENABLE_NS_ASSERTIONS = NO;
				ENABLE_STRICT_OBJC_MSGSEND = YES;
				GCC_C_LANGUAGE_STANDARD = gnu99;
				GCC_NO_COMMON_BLOCKS = YES;
				GCC_WARN_64_TO_32_BIT_CONVERSION = YES;
				GCC_WARN_ABOUT_RETURN_TYPE = YES_ERROR;
				GCC_WARN_UNDECLARED_SELECTOR = YES;
				GCC_WARN_UNINITIALIZED_AUTOS = YES_AGGRESSIVE;
				GCC_WARN_UNUSED_FUNCTION = YES;
				GCC_WARN_UNUSED_VARIABLE = YES;
				IPHONEOS_DEPLOYMENT_TARGET = 9.0;
				MTL_ENABLE_DEBUG_INFO = NO;
				SDKROOT = iphoneos;
				TARGETED_DEVICE_FAMILY = "1,2";
				VALIDATE_PRODUCT = YES;
			};
			name = Release;
		};
		E9071D541B76897C00091AEB /* Debug */ = {
			isa = XCBuildConfiguration;
			buildSettings = {
				ARCHS = arm64;
				ASSETCATALOG_COMPILER_APPICON_NAME = AppIcon;
				CODE_SIGN_ENTITLEMENTS = AdblockPlusSafari/AdblockPlusSafari.entitlements;
				CODE_SIGN_IDENTITY = "iPhone Developer";
				"CODE_SIGN_IDENTITY[sdk=iphoneos*]" = "iPhone Developer";
				DEFINES_MODULE = YES;
				INFOPLIST_FILE = AdblockPlusSafari/Info.plist;
				LD_RUNPATH_SEARCH_PATHS = "$(inherited) @executable_path/Frameworks";
				PRODUCT_BUNDLE_IDENTIFIER = org.adblockplus.AdblockPlusSafari;
				PRODUCT_DISPLAY_NAME = "Adblock Plus";
				PRODUCT_NAME = "$(TARGET_NAME)";
				PROVISIONING_PROFILE = "";
			};
			name = Debug;
		};
		E9071D551B76897C00091AEB /* Release */ = {
			isa = XCBuildConfiguration;
			buildSettings = {
				ARCHS = arm64;
				ASSETCATALOG_COMPILER_APPICON_NAME = AppIcon;
				CODE_SIGN_ENTITLEMENTS = AdblockPlusSafari/AdblockPlusSafari.entitlements;
				CODE_SIGN_IDENTITY = "iPhone Developer";
				"CODE_SIGN_IDENTITY[sdk=iphoneos*]" = "iPhone Developer";
				DEFINES_MODULE = YES;
				INFOPLIST_FILE = AdblockPlusSafari/Info.plist;
				LD_RUNPATH_SEARCH_PATHS = "$(inherited) @executable_path/Frameworks";
				PRODUCT_BUNDLE_IDENTIFIER = org.adblockplus.AdblockPlusSafari;
				PRODUCT_DISPLAY_NAME = "Adblock Plus";
				PRODUCT_NAME = "$(TARGET_NAME)";
				PROVISIONING_PROFILE = "";
			};
			name = Release;
		};
		E942B0851B76899D004B4692 /* Debug */ = {
			isa = XCBuildConfiguration;
			baseConfigurationReference = A14A660893078CBC45FC4B6F /* Pods-AdblockPlusSafariExtension.debug.xcconfig */;
			buildSettings = {
				ARCHS = arm64;
				CODE_SIGN_ENTITLEMENTS = AdblockPlusSafariExtension/AdblockPlusSafariExtension.entitlements;
				CODE_SIGN_IDENTITY = "iPhone Developer";
				"CODE_SIGN_IDENTITY[sdk=iphoneos*]" = "iPhone Developer";
				INFOPLIST_FILE = AdblockPlusSafariExtension/Info.plist;
				LD_RUNPATH_SEARCH_PATHS = "$(inherited) @executable_path/Frameworks @executable_path/../../Frameworks";
				PRODUCT_BUNDLE_IDENTIFIER = org.adblockplus.AdblockPlusSafari.AdblockPlusSafariExtension;
				PRODUCT_DISPLAY_NAME = "Adblock Plus";
				PRODUCT_NAME = "$(TARGET_NAME)";
				PROVISIONING_PROFILE = "";
				SKIP_INSTALL = YES;
			};
			name = Debug;
		};
		E942B0861B76899D004B4692 /* Release */ = {
			isa = XCBuildConfiguration;
			baseConfigurationReference = BF80A757631370D3996E337C /* Pods-AdblockPlusSafariExtension.release.xcconfig */;
			buildSettings = {
				ARCHS = arm64;
				CODE_SIGN_ENTITLEMENTS = AdblockPlusSafariExtension/AdblockPlusSafariExtension.entitlements;
				CODE_SIGN_IDENTITY = "iPhone Developer";
				"CODE_SIGN_IDENTITY[sdk=iphoneos*]" = "iPhone Developer";
				INFOPLIST_FILE = AdblockPlusSafariExtension/Info.plist;
				LD_RUNPATH_SEARCH_PATHS = "$(inherited) @executable_path/Frameworks @executable_path/../../Frameworks";
				PRODUCT_BUNDLE_IDENTIFIER = org.adblockplus.AdblockPlusSafari.AdblockPlusSafariExtension;
				PRODUCT_DISPLAY_NAME = "Adblock Plus";
				PRODUCT_NAME = "$(TARGET_NAME)";
				PROVISIONING_PROFILE = "";
				SKIP_INSTALL = YES;
			};
			name = Release;
		};
		E9CA91581BC64504002696CB /* Devbuild Release */ = {
			isa = XCBuildConfiguration;
			buildSettings = {
				ALWAYS_SEARCH_USER_PATHS = NO;
				CLANG_CXX_LANGUAGE_STANDARD = "gnu++0x";
				CLANG_CXX_LIBRARY = "libc++";
				CLANG_ENABLE_MODULES = YES;
				CLANG_ENABLE_OBJC_ARC = YES;
				CLANG_WARN_BOOL_CONVERSION = YES;
				CLANG_WARN_CONSTANT_CONVERSION = YES;
				CLANG_WARN_DIRECT_OBJC_ISA_USAGE = YES_ERROR;
				CLANG_WARN_EMPTY_BODY = YES;
				CLANG_WARN_ENUM_CONVERSION = YES;
				CLANG_WARN_INT_CONVERSION = YES;
				CLANG_WARN_OBJC_ROOT_CLASS = YES_ERROR;
				CLANG_WARN_UNREACHABLE_CODE = YES;
				CLANG_WARN__DUPLICATE_METHOD_MATCH = YES;
				"CODE_SIGN_IDENTITY[sdk=iphoneos*]" = "iPhone Developer";
				COPY_PHASE_STRIP = NO;
				DEBUG_INFORMATION_FORMAT = "dwarf-with-dsym";
				ENABLE_NS_ASSERTIONS = NO;
				ENABLE_STRICT_OBJC_MSGSEND = YES;
				GCC_C_LANGUAGE_STANDARD = gnu99;
				GCC_NO_COMMON_BLOCKS = YES;
				GCC_WARN_64_TO_32_BIT_CONVERSION = YES;
				GCC_WARN_ABOUT_RETURN_TYPE = YES_ERROR;
				GCC_WARN_UNDECLARED_SELECTOR = YES;
				GCC_WARN_UNINITIALIZED_AUTOS = YES_AGGRESSIVE;
				GCC_WARN_UNUSED_FUNCTION = YES;
				GCC_WARN_UNUSED_VARIABLE = YES;
				IPHONEOS_DEPLOYMENT_TARGET = 9.0;
				MTL_ENABLE_DEBUG_INFO = NO;
				SDKROOT = iphoneos;
				TARGETED_DEVICE_FAMILY = "1,2";
				VALIDATE_PRODUCT = YES;
			};
			name = "Devbuild Release";
		};
		E9CA91591BC64504002696CB /* Devbuild Release */ = {
			isa = XCBuildConfiguration;
			buildSettings = {
				ARCHS = arm64;
				ASSETCATALOG_COMPILER_APPICON_NAME = AppIcon;
				CODE_SIGN_ENTITLEMENTS = AdblockPlusSafari/AdblockPlusSafariDevbuild.entitlements;
				CODE_SIGN_IDENTITY = "iPhone Developer";
				"CODE_SIGN_IDENTITY[sdk=iphoneos*]" = "iPhone Developer";
				INFOPLIST_FILE = AdblockPlusSafari/Info.plist;
				LD_RUNPATH_SEARCH_PATHS = "$(inherited) @executable_path/Frameworks";
				PRODUCT_BUNDLE_IDENTIFIER = org.adblockplus.devbuilds.AdblockPlusSafari;
				PRODUCT_DISPLAY_NAME = "Adblock Plus Devbuild";
				PRODUCT_NAME = "$(TARGET_NAME)";
				PROVISIONING_PROFILE = "";
			};
			name = "Devbuild Release";
		};
		E9CA915A1BC64504002696CB /* Devbuild Release */ = {
			isa = XCBuildConfiguration;
			baseConfigurationReference = EE98E8374F2DBA9D5A14778F /* Pods-AdblockPlusSafariExtension.devbuild release.xcconfig */;
			buildSettings = {
				ARCHS = arm64;
				CODE_SIGN_ENTITLEMENTS = AdblockPlusSafariExtension/AdblockPlusSafariExtensionDevbuild.entitlements;
				CODE_SIGN_IDENTITY = "iPhone Developer";
				"CODE_SIGN_IDENTITY[sdk=iphoneos*]" = "iPhone Developer";
				INFOPLIST_FILE = AdblockPlusSafariExtension/Info.plist;
				LD_RUNPATH_SEARCH_PATHS = "$(inherited) @executable_path/Frameworks @executable_path/../../Frameworks";
				PRODUCT_BUNDLE_IDENTIFIER = org.adblockplus.devbuilds.AdblockPlusSafari.AdblockPlusSafariExtension;
				PRODUCT_DISPLAY_NAME = "Adblock Plus Devbuild";
				PRODUCT_NAME = "$(TARGET_NAME)";
				PROVISIONING_PROFILE = "";
				SKIP_INSTALL = YES;
			};
			name = "Devbuild Release";
		};
		E9CA915B1BC64519002696CB /* Devbuild Debug */ = {
			isa = XCBuildConfiguration;
			buildSettings = {
				ALWAYS_SEARCH_USER_PATHS = NO;
				CLANG_CXX_LANGUAGE_STANDARD = "gnu++0x";
				CLANG_CXX_LIBRARY = "libc++";
				CLANG_ENABLE_MODULES = YES;
				CLANG_ENABLE_OBJC_ARC = YES;
				CLANG_WARN_BOOL_CONVERSION = YES;
				CLANG_WARN_CONSTANT_CONVERSION = YES;
				CLANG_WARN_DIRECT_OBJC_ISA_USAGE = YES_ERROR;
				CLANG_WARN_EMPTY_BODY = YES;
				CLANG_WARN_ENUM_CONVERSION = YES;
				CLANG_WARN_INT_CONVERSION = YES;
				CLANG_WARN_OBJC_ROOT_CLASS = YES_ERROR;
				CLANG_WARN_UNREACHABLE_CODE = YES;
				CLANG_WARN__DUPLICATE_METHOD_MATCH = YES;
				"CODE_SIGN_IDENTITY[sdk=iphoneos*]" = "iPhone Developer";
				COPY_PHASE_STRIP = NO;
				DEBUG_INFORMATION_FORMAT = dwarf;
				ENABLE_STRICT_OBJC_MSGSEND = YES;
				ENABLE_TESTABILITY = YES;
				GCC_C_LANGUAGE_STANDARD = gnu99;
				GCC_DYNAMIC_NO_PIC = NO;
				GCC_NO_COMMON_BLOCKS = YES;
				GCC_OPTIMIZATION_LEVEL = 0;
				GCC_PREPROCESSOR_DEFINITIONS = (
					"DEBUG=1",
					"$(inherited)",
				);
				GCC_WARN_64_TO_32_BIT_CONVERSION = YES;
				GCC_WARN_ABOUT_RETURN_TYPE = YES_ERROR;
				GCC_WARN_UNDECLARED_SELECTOR = YES;
				GCC_WARN_UNINITIALIZED_AUTOS = YES_AGGRESSIVE;
				GCC_WARN_UNUSED_FUNCTION = YES;
				GCC_WARN_UNUSED_VARIABLE = YES;
				IPHONEOS_DEPLOYMENT_TARGET = 9.0;
				MTL_ENABLE_DEBUG_INFO = YES;
				ONLY_ACTIVE_ARCH = YES;
				SDKROOT = iphoneos;
				TARGETED_DEVICE_FAMILY = "1,2";
			};
			name = "Devbuild Debug";
		};
		E9CA915C1BC64519002696CB /* Devbuild Debug */ = {
			isa = XCBuildConfiguration;
			buildSettings = {
				ARCHS = arm64;
				ASSETCATALOG_COMPILER_APPICON_NAME = AppIcon;
				CODE_SIGN_ENTITLEMENTS = AdblockPlusSafari/AdblockPlusSafariDevbuild.entitlements;
				CODE_SIGN_IDENTITY = "iPhone Developer";
				"CODE_SIGN_IDENTITY[sdk=iphoneos*]" = "iPhone Developer";
				INFOPLIST_FILE = AdblockPlusSafari/Info.plist;
				LD_RUNPATH_SEARCH_PATHS = "$(inherited) @executable_path/Frameworks";
				PRODUCT_BUNDLE_IDENTIFIER = org.adblockplus.devbuilds.AdblockPlusSafari;
				PRODUCT_DISPLAY_NAME = "Adblock Plus Devbuild";
				PRODUCT_NAME = "$(TARGET_NAME)";
				PROVISIONING_PROFILE = "";
			};
			name = "Devbuild Debug";
		};
		E9CA915D1BC64519002696CB /* Devbuild Debug */ = {
			isa = XCBuildConfiguration;
			baseConfigurationReference = A189F7915DEE1F8E0B9EC368 /* Pods-AdblockPlusSafariExtension.devbuild debug.xcconfig */;
			buildSettings = {
				ARCHS = arm64;
				CODE_SIGN_ENTITLEMENTS = AdblockPlusSafariExtension/AdblockPlusSafariExtensionDevbuild.entitlements;
				CODE_SIGN_IDENTITY = "iPhone Developer";
				"CODE_SIGN_IDENTITY[sdk=iphoneos*]" = "iPhone Developer";
				INFOPLIST_FILE = AdblockPlusSafariExtension/Info.plist;
				LD_RUNPATH_SEARCH_PATHS = "$(inherited) @executable_path/Frameworks @executable_path/../../Frameworks";
				PRODUCT_BUNDLE_IDENTIFIER = org.adblockplus.devbuilds.AdblockPlusSafari.AdblockPlusSafariExtension;
				PRODUCT_DISPLAY_NAME = "Adblock Plus Devbuild";
				PRODUCT_NAME = "$(TARGET_NAME)";
				PROVISIONING_PROFILE = "";
				SKIP_INSTALL = YES;
			};
			name = "Devbuild Debug";
		};
/* End XCBuildConfiguration section */

/* Begin XCConfigurationList section */
		69B2AEBE1BCD289C00E874A9 /* Build configuration list for PBXNativeTarget "AdblockPlusSafariTests" */ = {
			isa = XCConfigurationList;
			buildConfigurations = (
				69B2AEBF1BCD289C00E874A9 /* Debug */,
				69B2AEC01BCD289C00E874A9 /* Release */,
				6995A9601BF391DF00D4B295 /* Devbuild Debug */,
				6995A9611BF391DF00D4B295 /* Devbuild Release */,
			);
			defaultConfigurationIsVisible = 0;
			defaultConfigurationName = Release;
		};
		E9071D371B76897C00091AEB /* Build configuration list for PBXProject "AdblockPlusSafari" */ = {
			isa = XCConfigurationList;
			buildConfigurations = (
				E9071D511B76897C00091AEB /* Debug */,
				E9CA915B1BC64519002696CB /* Devbuild Debug */,
				E9071D521B76897C00091AEB /* Release */,
				E9CA91581BC64504002696CB /* Devbuild Release */,
			);
			defaultConfigurationIsVisible = 0;
			defaultConfigurationName = Release;
		};
		E9071D531B76897C00091AEB /* Build configuration list for PBXNativeTarget "AdblockPlusSafari" */ = {
			isa = XCConfigurationList;
			buildConfigurations = (
				E9071D541B76897C00091AEB /* Debug */,
				E9CA915C1BC64519002696CB /* Devbuild Debug */,
				E9071D551B76897C00091AEB /* Release */,
				E9CA91591BC64504002696CB /* Devbuild Release */,
			);
			defaultConfigurationIsVisible = 0;
			defaultConfigurationName = Release;
		};
		E942B0871B76899D004B4692 /* Build configuration list for PBXNativeTarget "AdblockPlusSafariExtension" */ = {
			isa = XCConfigurationList;
			buildConfigurations = (
				E942B0851B76899D004B4692 /* Debug */,
				E9CA915D1BC64519002696CB /* Devbuild Debug */,
				E942B0861B76899D004B4692 /* Release */,
				E9CA915A1BC64504002696CB /* Devbuild Release */,
			);
			defaultConfigurationIsVisible = 0;
			defaultConfigurationName = Release;
		};
/* End XCConfigurationList section */
	};
	rootObject = E9071D341B76897C00091AEB /* Project object */;
}
