<?xml version="1.0" encoding="UTF-8"?>
<!DOCTYPE plist PUBLIC "-//Apple//DTD PLIST 1.0//EN" "http://www.apple.com/DTDs/PropertyList-1.0.dtd">
<plist version="1.0">
<dict>
	<key>archiveVersion</key>
	<string>1</string>
	<key>classes</key>
	<dict/>
	<key>objectVersion</key>
	<string>46</string>
	<key>objects</key>
	<dict>
		<key>04FC9AECAC989D86816FB52C</key>
		<dict>
			<key>buildActionMask</key>
			<string>2147483647</string>
			<key>files</key>
			<array/>
			<key>inputPaths</key>
			<array/>
			<key>isa</key>
			<string>PBXShellScriptBuildPhase</string>
			<key>name</key>
			<string>[CP] Copy Pods Resources</string>
			<key>outputPaths</key>
			<array/>
			<key>runOnlyForDeploymentPostprocessing</key>
			<string>0</string>
			<key>shellPath</key>
			<string>/bin/sh</string>
			<key>shellScript</key>
			<string>"${SRCROOT}/Pods/Target Support Files/Pods-AdblockPlusSafariTests/Pods-AdblockPlusSafariTests-resources.sh"
</string>
			<key>showEnvVarsInLog</key>
			<string>0</string>
		</dict>
		<key>05EA1B0A29504F5E9646D78B</key>
		<dict>
			<key>includeInIndex</key>
			<string>1</string>
			<key>isa</key>
			<string>PBXFileReference</string>
			<key>lastKnownFileType</key>
			<string>text.xcconfig</string>
			<key>name</key>
			<string>Pods-AdblockPlusSafariTests.debug.xcconfig</string>
			<key>path</key>
			<string>Pods/Target Support Files/Pods-AdblockPlusSafariTests/Pods-AdblockPlusSafariTests.debug.xcconfig</string>
			<key>sourceTree</key>
			<string>&lt;group&gt;</string>
		</dict>
		<key>0A1DEC88417B108E8EB14C29</key>
		<dict>
			<key>includeInIndex</key>
			<string>1</string>
			<key>isa</key>
			<string>PBXFileReference</string>
			<key>lastKnownFileType</key>
			<string>text.xcconfig</string>
			<key>name</key>
			<string>Pods-AdblockPlusSafariExtension.debug.xcconfig</string>
			<key>path</key>
			<string>Pods/Target Support Files/Pods-AdblockPlusSafariExtension/Pods-AdblockPlusSafariExtension.debug.xcconfig</string>
			<key>sourceTree</key>
			<string>&lt;group&gt;</string>
		</dict>
		<key>103DBBFC1984BCB8851B01C3</key>
		<dict>
			<key>includeInIndex</key>
			<string>1</string>
			<key>isa</key>
			<string>PBXFileReference</string>
			<key>lastKnownFileType</key>
			<string>text.xcconfig</string>
			<key>name</key>
			<string>Pods-AdblockPlusSafariExtension.release.xcconfig</string>
			<key>path</key>
			<string>Pods/Target Support Files/Pods-AdblockPlusSafariExtension/Pods-AdblockPlusSafariExtension.release.xcconfig</string>
			<key>sourceTree</key>
			<string>&lt;group&gt;</string>
		</dict>
		<key>1597594AF3A4CC5E1C9D3507</key>
		<dict>
			<key>explicitFileType</key>
			<string>archive.ar</string>
			<key>includeInIndex</key>
			<string>0</string>
			<key>isa</key>
			<string>PBXFileReference</string>
			<key>path</key>
			<string>libPods-AdblockPlusSafariExtension.a</string>
			<key>sourceTree</key>
			<string>BUILT_PRODUCTS_DIR</string>
		</dict>
		<key>21D76AA3A4FBF8DE0EE54272</key>
		<dict>
			<key>buildActionMask</key>
			<string>2147483647</string>
			<key>files</key>
			<array/>
			<key>inputPaths</key>
			<array/>
			<key>isa</key>
			<string>PBXShellScriptBuildPhase</string>
			<key>name</key>
			<string>[CP] Check Pods Manifest.lock</string>
			<key>outputPaths</key>
			<array/>
			<key>runOnlyForDeploymentPostprocessing</key>
			<string>0</string>
			<key>shellPath</key>
			<string>/bin/sh</string>
			<key>shellScript</key>
			<string>diff "${PODS_ROOT}/../Podfile.lock" "${PODS_ROOT}/Manifest.lock" &gt; /dev/null
if [[ $? != 0 ]] ; then
    cat &lt;&lt; EOM
error: The sandbox is not in sync with the Podfile.lock. Run 'pod install' or update your CocoaPods installation.
EOM
    exit 1
fi
</string>
			<key>showEnvVarsInLog</key>
			<string>0</string>
		</dict>
		<key>3E3C71BD4D2BCD28A08CC280</key>
		<dict>
			<key>buildActionMask</key>
			<string>2147483647</string>
			<key>files</key>
			<array/>
			<key>inputPaths</key>
			<array/>
			<key>isa</key>
			<string>PBXShellScriptBuildPhase</string>
			<key>name</key>
			<string>[CP] Embed Pods Frameworks</string>
			<key>outputPaths</key>
			<array/>
			<key>runOnlyForDeploymentPostprocessing</key>
			<string>0</string>
			<key>shellPath</key>
			<string>/bin/sh</string>
			<key>shellScript</key>
			<string>"${SRCROOT}/Pods/Target Support Files/Pods-AdblockPlusSafariExtension/Pods-AdblockPlusSafariExtension-frameworks.sh"
</string>
			<key>showEnvVarsInLog</key>
			<string>0</string>
		</dict>
		<key>471A0CFFD44597FCFF7D48CF</key>
		<dict>
			<key>buildActionMask</key>
			<string>2147483647</string>
			<key>files</key>
			<array/>
			<key>inputPaths</key>
			<array/>
			<key>isa</key>
			<string>PBXShellScriptBuildPhase</string>
			<key>name</key>
			<string>[CP] Copy Pods Resources</string>
			<key>outputPaths</key>
			<array/>
			<key>runOnlyForDeploymentPostprocessing</key>
			<string>0</string>
			<key>shellPath</key>
			<string>/bin/sh</string>
			<key>shellScript</key>
			<string>"${SRCROOT}/Pods/Target Support Files/Pods-AdblockPlusSafariExtension/Pods-AdblockPlusSafariExtension-resources.sh"
</string>
			<key>showEnvVarsInLog</key>
			<string>0</string>
		</dict>
		<key>591FB8DB08AB7F9C3EFCC69C</key>
		<dict>
			<key>buildActionMask</key>
			<string>2147483647</string>
			<key>files</key>
			<array/>
			<key>inputPaths</key>
			<array/>
			<key>isa</key>
			<string>PBXShellScriptBuildPhase</string>
			<key>name</key>
			<string>[CP] Embed Pods Frameworks</string>
			<key>outputPaths</key>
			<array/>
			<key>runOnlyForDeploymentPostprocessing</key>
			<string>0</string>
			<key>shellPath</key>
			<string>/bin/sh</string>
			<key>shellScript</key>
			<string>"${SRCROOT}/Pods/Target Support Files/Pods-AdblockPlusSafari/Pods-AdblockPlusSafari-frameworks.sh"
</string>
			<key>showEnvVarsInLog</key>
			<string>0</string>
		</dict>
		<key>63FC10C137E939DB38A876EC</key>
		<dict>
			<key>buildActionMask</key>
			<string>2147483647</string>
			<key>files</key>
			<array/>
			<key>inputPaths</key>
			<array/>
			<key>isa</key>
			<string>PBXShellScriptBuildPhase</string>
			<key>name</key>
			<string>[CP] Embed Pods Frameworks</string>
			<key>outputPaths</key>
			<array/>
			<key>runOnlyForDeploymentPostprocessing</key>
			<string>0</string>
			<key>shellPath</key>
			<string>/bin/sh</string>
			<key>shellScript</key>
			<string>"${SRCROOT}/Pods/Target Support Files/Pods-AdblockPlusSafariTests/Pods-AdblockPlusSafariTests-frameworks.sh"
</string>
			<key>showEnvVarsInLog</key>
			<string>0</string>
		</dict>
		<key>6905EDAA1BCE84F500B3A9B9</key>
		<dict>
			<key>fileEncoding</key>
			<string>4</string>
			<key>isa</key>
			<string>PBXFileReference</string>
			<key>lastKnownFileType</key>
			<string>sourcecode.c.h</string>
			<key>path</key>
			<string>AdblockPlus+Parsing.h</string>
			<key>sourceTree</key>
			<string>&lt;group&gt;</string>
		</dict>
		<key>6905EDAB1BCE84F500B3A9B9</key>
		<dict>
			<key>fileEncoding</key>
			<string>4</string>
			<key>isa</key>
			<string>PBXFileReference</string>
			<key>lastKnownFileType</key>
			<string>sourcecode.c.objc</string>
			<key>path</key>
			<string>AdblockPlus+Parsing.m</string>
			<key>sourceTree</key>
			<string>&lt;group&gt;</string>
		</dict>
		<key>6905EDAC1BCE84F500B3A9B9</key>
		<dict>
			<key>fileRef</key>
			<string>6905EDAB1BCE84F500B3A9B9</string>
			<key>isa</key>
			<string>PBXBuildFile</string>
			<key>settings</key>
			<dict>
				<key>ASSET_TAGS</key>
				<array/>
			</dict>
		</dict>
		<key>6905EDAD1BCE890000B3A9B9</key>
		<dict>
			<key>fileRef</key>
			<string>6905EDAB1BCE84F500B3A9B9</string>
			<key>isa</key>
			<string>PBXBuildFile</string>
			<key>settings</key>
			<dict>
				<key>ASSET_TAGS</key>
				<array/>
			</dict>
		</dict>
		<key>691216BC1BD7943900C90A78</key>
		<dict>
			<key>fileEncoding</key>
			<string>4</string>
			<key>isa</key>
			<string>PBXFileReference</string>
			<key>lastKnownFileType</key>
			<string>sourcecode.c.h</string>
			<key>path</key>
			<string>WelcomeDialogController.h</string>
			<key>sourceTree</key>
			<string>&lt;group&gt;</string>
		</dict>
		<key>691216BD1BD7943900C90A78</key>
		<dict>
			<key>fileEncoding</key>
			<string>4</string>
			<key>isa</key>
			<string>PBXFileReference</string>
			<key>lastKnownFileType</key>
			<string>sourcecode.c.objc</string>
			<key>path</key>
			<string>WelcomeDialogController.m</string>
			<key>sourceTree</key>
			<string>&lt;group&gt;</string>
		</dict>
		<key>691216BE1BD7943900C90A78</key>
		<dict>
			<key>fileRef</key>
			<string>691216BD1BD7943900C90A78</string>
			<key>isa</key>
			<string>PBXBuildFile</string>
			<key>settings</key>
			<dict>
				<key>ASSET_TAGS</key>
				<array/>
			</dict>
		</dict>
		<key>691216BF1BD7BB5B00C90A78</key>
		<dict>
			<key>fileEncoding</key>
			<string>4</string>
			<key>isa</key>
			<string>PBXFileReference</string>
			<key>lastKnownFileType</key>
			<string>sourcecode.c.h</string>
			<key>path</key>
			<string>NSAttributedString+MarkdownRenderer.h</string>
			<key>sourceTree</key>
			<string>&lt;group&gt;</string>
		</dict>
		<key>691216C01BD7BB5B00C90A78</key>
		<dict>
			<key>fileEncoding</key>
			<string>4</string>
			<key>isa</key>
			<string>PBXFileReference</string>
			<key>lastKnownFileType</key>
			<string>sourcecode.c.objc</string>
			<key>path</key>
			<string>NSAttributedString+MarkdownRenderer.m</string>
			<key>sourceTree</key>
			<string>&lt;group&gt;</string>
		</dict>
		<key>691216C11BD7BB5B00C90A78</key>
		<dict>
			<key>fileRef</key>
			<string>691216C01BD7BB5B00C90A78</string>
			<key>isa</key>
			<string>PBXBuildFile</string>
			<key>settings</key>
			<dict>
				<key>ASSET_TAGS</key>
				<array/>
			</dict>
		</dict>
		<key>691F74451B9874590057C702</key>
		<dict>
			<key>fileEncoding</key>
			<string>4</string>
			<key>isa</key>
			<string>PBXFileReference</string>
			<key>lastKnownFileType</key>
			<string>sourcecode.c.h</string>
			<key>path</key>
			<string>AboutController.h</string>
			<key>sourceTree</key>
			<string>&lt;group&gt;</string>
		</dict>
		<key>691F74461B9874590057C702</key>
		<dict>
			<key>fileEncoding</key>
			<string>4</string>
			<key>isa</key>
			<string>PBXFileReference</string>
			<key>lastKnownFileType</key>
			<string>sourcecode.c.objc</string>
			<key>path</key>
			<string>AboutController.m</string>
			<key>sourceTree</key>
			<string>&lt;group&gt;</string>
		</dict>
		<key>691F74471B9874590057C702</key>
		<dict>
			<key>fileRef</key>
			<string>691F74461B9874590057C702</string>
			<key>isa</key>
			<string>PBXBuildFile</string>
		</dict>
		<key>691F74481B988ADC0057C702</key>
		<dict>
			<key>fileEncoding</key>
			<string>4</string>
			<key>isa</key>
			<string>PBXFileReference</string>
			<key>lastKnownFileType</key>
			<string>sourcecode.c.h</string>
			<key>path</key>
			<string>AdblockPlusContainerController.h</string>
			<key>sourceTree</key>
			<string>&lt;group&gt;</string>
		</dict>
		<key>691F74491B988ADC0057C702</key>
		<dict>
			<key>fileEncoding</key>
			<string>4</string>
			<key>isa</key>
			<string>PBXFileReference</string>
			<key>lastKnownFileType</key>
			<string>sourcecode.c.objc</string>
			<key>path</key>
			<string>AdblockPlusContainerController.m</string>
			<key>sourceTree</key>
			<string>&lt;group&gt;</string>
		</dict>
		<key>691F744A1B988ADC0057C702</key>
		<dict>
			<key>fileRef</key>
			<string>691F74491B988ADC0057C702</string>
			<key>isa</key>
			<string>PBXBuildFile</string>
		</dict>
		<key>6970E76C1BA94C3900B11AC3</key>
		<dict>
			<key>fileEncoding</key>
			<string>4</string>
			<key>isa</key>
			<string>PBXFileReference</string>
			<key>lastKnownFileType</key>
			<string>sourcecode.c.h</string>
			<key>path</key>
			<string>AdblockPlus+Extension.h</string>
			<key>sourceTree</key>
			<string>&lt;group&gt;</string>
		</dict>
		<key>6970E76D1BA94C3900B11AC3</key>
		<dict>
			<key>fileEncoding</key>
			<string>4</string>
			<key>isa</key>
			<string>PBXFileReference</string>
			<key>lastKnownFileType</key>
			<string>sourcecode.c.objc</string>
			<key>path</key>
			<string>AdblockPlus+Extension.m</string>
			<key>sourceTree</key>
			<string>&lt;group&gt;</string>
		</dict>
		<key>6970E76E1BA94C3900B11AC3</key>
		<dict>
			<key>fileRef</key>
			<string>6970E76D1BA94C3900B11AC3</string>
			<key>isa</key>
			<string>PBXBuildFile</string>
			<key>settings</key>
			<dict>
				<key>ASSET_TAGS</key>
				<array/>
			</dict>
		</dict>
		<key>6970E76F1BA952F200B11AC3</key>
		<dict>
			<key>fileEncoding</key>
			<string>4</string>
			<key>isa</key>
			<string>PBXFileReference</string>
			<key>lastKnownFileType</key>
			<string>sourcecode.c.h</string>
			<key>path</key>
			<string>AdblockPlusExtras.h</string>
			<key>sourceTree</key>
			<string>&lt;group&gt;</string>
		</dict>
		<key>6970E7701BA952F200B11AC3</key>
		<dict>
			<key>fileEncoding</key>
			<string>4</string>
			<key>isa</key>
			<string>PBXFileReference</string>
			<key>lastKnownFileType</key>
			<string>sourcecode.c.objc</string>
			<key>path</key>
			<string>AdblockPlusExtras.m</string>
			<key>sourceTree</key>
			<string>&lt;group&gt;</string>
		</dict>
		<key>6970E7711BA952F200B11AC3</key>
		<dict>
			<key>fileRef</key>
			<string>6970E7701BA952F200B11AC3</string>
			<key>isa</key>
			<string>PBXBuildFile</string>
			<key>settings</key>
			<dict>
				<key>ASSET_TAGS</key>
				<array/>
			</dict>
		</dict>
		<key>699876F21BBE721900595FB9</key>
		<dict>
			<key>fileEncoding</key>
			<string>4</string>
			<key>isa</key>
			<string>PBXFileReference</string>
			<key>lastKnownFileType</key>
			<string>text.plist.xml</string>
			<key>path</key>
			<string>FilterLists.plist</string>
			<key>sourceTree</key>
			<string>&lt;group&gt;</string>
		</dict>
		<key>699876F31BBE721900595FB9</key>
		<dict>
			<key>fileRef</key>
			<string>699876F21BBE721900595FB9</string>
			<key>isa</key>
			<string>PBXBuildFile</string>
			<key>settings</key>
			<dict>
				<key>ASSET_TAGS</key>
				<array/>
			</dict>
		</dict>
		<key>699876F41BBE765100595FB9</key>
		<dict>
			<key>fileRef</key>
			<string>699876F21BBE721900595FB9</string>
			<key>isa</key>
			<string>PBXBuildFile</string>
		</dict>
		<key>699B0EB61BCE9D11005DC603</key>
		<dict>
			<key>fileRef</key>
			<string>69AB6A4E1B9712F1005C2075</string>
			<key>isa</key>
			<string>PBXBuildFile</string>
			<key>settings</key>
			<dict>
				<key>ASSET_TAGS</key>
				<array/>
			</dict>
		</dict>
		<key>69A2BCFA1BCBCF8A00028734</key>
		<dict>
			<key>fileEncoding</key>
			<string>4</string>
			<key>isa</key>
			<string>PBXFileReference</string>
			<key>lastKnownFileType</key>
			<string>sourcecode.c.h</string>
			<key>path</key>
			<string>WhitelistedWebsitesController.h</string>
			<key>sourceTree</key>
			<string>&lt;group&gt;</string>
		</dict>
		<key>69A2BCFB1BCBCF8A00028734</key>
		<dict>
			<key>fileEncoding</key>
			<string>4</string>
			<key>isa</key>
			<string>PBXFileReference</string>
			<key>lastKnownFileType</key>
			<string>sourcecode.c.objc</string>
			<key>path</key>
			<string>WhitelistedWebsitesController.m</string>
			<key>sourceTree</key>
			<string>&lt;group&gt;</string>
		</dict>
		<key>69A2BCFC1BCBCF8A00028734</key>
		<dict>
			<key>fileRef</key>
			<string>69A2BCFB1BCBCF8A00028734</string>
			<key>isa</key>
			<string>PBXBuildFile</string>
			<key>settings</key>
			<dict>
				<key>ASSET_TAGS</key>
				<array/>
			</dict>
		</dict>
		<key>69A9100E1B985B2800D93485</key>
		<dict>
			<key>isa</key>
			<string>PBXFileReference</string>
			<key>lastKnownFileType</key>
			<string>text.xml</string>
			<key>path</key>
			<string>AdblockPlusSafari.entitlements</string>
			<key>sourceTree</key>
			<string>&lt;group&gt;</string>
		</dict>
		<key>69A9100F1B985B3B00D93485</key>
		<dict>
			<key>isa</key>
			<string>PBXFileReference</string>
			<key>lastKnownFileType</key>
			<string>text.xml</string>
			<key>path</key>
			<string>AdblockPlusSafariExtension.entitlements</string>
			<key>sourceTree</key>
			<string>&lt;group&gt;</string>
		</dict>
		<key>69A910101B9860E000D93485</key>
		<dict>
			<key>fileRef</key>
			<string>69AB6A4E1B9712F1005C2075</string>
			<key>isa</key>
			<string>PBXBuildFile</string>
		</dict>
		<key>69A910111B9866A300D93485</key>
		<dict>
			<key>fileEncoding</key>
			<string>4</string>
			<key>isa</key>
			<string>PBXFileReference</string>
			<key>lastKnownFileType</key>
			<string>text.json</string>
			<key>path</key>
			<string>easylist_content_blocker.json</string>
			<key>sourceTree</key>
			<string>&lt;group&gt;</string>
		</dict>
		<key>69A910121B9866A300D93485</key>
		<dict>
			<key>fileRef</key>
			<string>69A910111B9866A300D93485</string>
			<key>isa</key>
			<string>PBXBuildFile</string>
		</dict>
		<key>69A910151B986A0D00D93485</key>
		<dict>
			<key>fileEncoding</key>
			<string>4</string>
			<key>isa</key>
			<string>PBXFileReference</string>
			<key>lastKnownFileType</key>
			<string>text.json</string>
			<key>path</key>
			<string>empty.json</string>
			<key>sourceTree</key>
			<string>&lt;group&gt;</string>
		</dict>
		<key>69A910161B986A0D00D93485</key>
		<dict>
			<key>fileRef</key>
			<string>69A910151B986A0D00D93485</string>
			<key>isa</key>
			<string>PBXBuildFile</string>
		</dict>
		<key>69A910171B986DB600D93485</key>
		<dict>
			<key>fileEncoding</key>
			<string>4</string>
			<key>isa</key>
			<string>PBXFileReference</string>
			<key>lastKnownFileType</key>
			<string>sourcecode.c.h</string>
			<key>path</key>
			<string>RightCenteredImageButton.h</string>
			<key>sourceTree</key>
			<string>&lt;group&gt;</string>
		</dict>
		<key>69A910181B986DB600D93485</key>
		<dict>
			<key>fileEncoding</key>
			<string>4</string>
			<key>isa</key>
			<string>PBXFileReference</string>
			<key>lastKnownFileType</key>
			<string>sourcecode.c.objc</string>
			<key>path</key>
			<string>RightCenteredImageButton.m</string>
			<key>sourceTree</key>
			<string>&lt;group&gt;</string>
		</dict>
		<key>69A910191B986DB600D93485</key>
		<dict>
			<key>fileRef</key>
			<string>69A910181B986DB600D93485</string>
			<key>isa</key>
			<string>PBXBuildFile</string>
		</dict>
		<key>69A9101A1B986DB900D93485</key>
		<dict>
			<key>children</key>
			<array>
				<string>69A910171B986DB600D93485</string>
				<string>69A910181B986DB600D93485</string>
			</array>
			<key>isa</key>
			<string>PBXGroup</string>
			<key>name</key>
			<string>Controls</string>
			<key>sourceTree</key>
			<string>&lt;group&gt;</string>
		</dict>
		<key>69AB6A2C1B96F664005C2075</key>
		<dict>
			<key>fileEncoding</key>
			<string>4</string>
			<key>isa</key>
			<string>PBXFileReference</string>
			<key>lastKnownFileType</key>
			<string>sourcecode.c.h</string>
			<key>path</key>
			<string>Appearence.h</string>
			<key>sourceTree</key>
			<string>&lt;group&gt;</string>
		</dict>
		<key>69AB6A2D1B96F664005C2075</key>
		<dict>
			<key>fileEncoding</key>
			<string>4</string>
			<key>isa</key>
			<string>PBXFileReference</string>
			<key>lastKnownFileType</key>
			<string>sourcecode.c.objc</string>
			<key>path</key>
			<string>Appearence.m</string>
			<key>sourceTree</key>
			<string>&lt;group&gt;</string>
		</dict>
		<key>69AB6A2E1B96F664005C2075</key>
		<dict>
			<key>fileRef</key>
			<string>69AB6A2D1B96F664005C2075</string>
			<key>isa</key>
			<string>PBXBuildFile</string>
		</dict>
		<key>69AB6A2F1B970D18005C2075</key>
		<dict>
			<key>children</key>
			<array>
				<string>69C19C731B975946009ACBAC</string>
				<string>69AB6A301B970D18005C2075</string>
			</array>
			<key>isa</key>
			<string>PBXGroup</string>
			<key>path</key>
			<string>Resources</string>
			<key>sourceTree</key>
			<string>&lt;group&gt;</string>
		</dict>
		<key>69AB6A301B970D18005C2075</key>
		<dict>
			<key>children</key>
			<array>
				<string>69AB6A311B970D18005C2075</string>
				<string>69AB6A321B970D18005C2075</string>
				<string>69AB6A331B970D18005C2075</string>
				<string>69AB6A341B970D18005C2075</string>
				<string>69AB6A351B970D18005C2075</string>
				<string>69AB6A361B970D18005C2075</string>
				<string>69AB6A371B970D18005C2075</string>
				<string>69AB6A381B970D18005C2075</string>
				<string>69AB6A391B970D18005C2075</string>
				<string>69AB6A3A1B970D18005C2075</string>
				<string>69AB6A3B1B970D18005C2075</string>
				<string>69AB6A3C1B970D18005C2075</string>
			</array>
			<key>isa</key>
			<string>PBXGroup</string>
			<key>path</key>
			<string>Fonts</string>
			<key>sourceTree</key>
			<string>&lt;group&gt;</string>
		</dict>
		<key>69AB6A311B970D18005C2075</key>
		<dict>
			<key>isa</key>
			<string>PBXFileReference</string>
			<key>lastKnownFileType</key>
			<string>file</string>
			<key>path</key>
			<string>SourceSansPro-Black.otf</string>
			<key>sourceTree</key>
			<string>&lt;group&gt;</string>
		</dict>
		<key>69AB6A321B970D18005C2075</key>
		<dict>
			<key>isa</key>
			<string>PBXFileReference</string>
			<key>lastKnownFileType</key>
			<string>file</string>
			<key>path</key>
			<string>SourceSansPro-BlackIt.otf</string>
			<key>sourceTree</key>
			<string>&lt;group&gt;</string>
		</dict>
		<key>69AB6A331B970D18005C2075</key>
		<dict>
			<key>isa</key>
			<string>PBXFileReference</string>
			<key>lastKnownFileType</key>
			<string>file</string>
			<key>path</key>
			<string>SourceSansPro-Bold.otf</string>
			<key>sourceTree</key>
			<string>&lt;group&gt;</string>
		</dict>
		<key>69AB6A341B970D18005C2075</key>
		<dict>
			<key>isa</key>
			<string>PBXFileReference</string>
			<key>lastKnownFileType</key>
			<string>file</string>
			<key>path</key>
			<string>SourceSansPro-BoldIt.otf</string>
			<key>sourceTree</key>
			<string>&lt;group&gt;</string>
		</dict>
		<key>69AB6A351B970D18005C2075</key>
		<dict>
			<key>isa</key>
			<string>PBXFileReference</string>
			<key>lastKnownFileType</key>
			<string>file</string>
			<key>path</key>
			<string>SourceSansPro-ExtraLight.otf</string>
			<key>sourceTree</key>
			<string>&lt;group&gt;</string>
		</dict>
		<key>69AB6A361B970D18005C2075</key>
		<dict>
			<key>isa</key>
			<string>PBXFileReference</string>
			<key>lastKnownFileType</key>
			<string>file</string>
			<key>path</key>
			<string>SourceSansPro-ExtraLightIt.otf</string>
			<key>sourceTree</key>
			<string>&lt;group&gt;</string>
		</dict>
		<key>69AB6A371B970D18005C2075</key>
		<dict>
			<key>isa</key>
			<string>PBXFileReference</string>
			<key>lastKnownFileType</key>
			<string>file</string>
			<key>path</key>
			<string>SourceSansPro-It.otf</string>
			<key>sourceTree</key>
			<string>&lt;group&gt;</string>
		</dict>
		<key>69AB6A381B970D18005C2075</key>
		<dict>
			<key>isa</key>
			<string>PBXFileReference</string>
			<key>lastKnownFileType</key>
			<string>file</string>
			<key>path</key>
			<string>SourceSansPro-Light.otf</string>
			<key>sourceTree</key>
			<string>&lt;group&gt;</string>
		</dict>
		<key>69AB6A391B970D18005C2075</key>
		<dict>
			<key>isa</key>
			<string>PBXFileReference</string>
			<key>lastKnownFileType</key>
			<string>file</string>
			<key>path</key>
			<string>SourceSansPro-LightIt.otf</string>
			<key>sourceTree</key>
			<string>&lt;group&gt;</string>
		</dict>
		<key>69AB6A3A1B970D18005C2075</key>
		<dict>
			<key>isa</key>
			<string>PBXFileReference</string>
			<key>lastKnownFileType</key>
			<string>file</string>
			<key>path</key>
			<string>SourceSansPro-Regular.otf</string>
			<key>sourceTree</key>
			<string>&lt;group&gt;</string>
		</dict>
		<key>69AB6A3B1B970D18005C2075</key>
		<dict>
			<key>isa</key>
			<string>PBXFileReference</string>
			<key>lastKnownFileType</key>
			<string>file</string>
			<key>path</key>
			<string>SourceSansPro-Semibold.otf</string>
			<key>sourceTree</key>
			<string>&lt;group&gt;</string>
		</dict>
		<key>69AB6A3C1B970D18005C2075</key>
		<dict>
			<key>isa</key>
			<string>PBXFileReference</string>
			<key>lastKnownFileType</key>
			<string>file</string>
			<key>path</key>
			<string>SourceSansPro-SemiboldIt.otf</string>
			<key>sourceTree</key>
			<string>&lt;group&gt;</string>
		</dict>
		<key>69AB6A3D1B970D18005C2075</key>
		<dict>
			<key>fileRef</key>
			<string>69AB6A311B970D18005C2075</string>
			<key>isa</key>
			<string>PBXBuildFile</string>
		</dict>
		<key>69AB6A3E1B970D18005C2075</key>
		<dict>
			<key>fileRef</key>
			<string>69AB6A321B970D18005C2075</string>
			<key>isa</key>
			<string>PBXBuildFile</string>
		</dict>
		<key>69AB6A3F1B970D19005C2075</key>
		<dict>
			<key>fileRef</key>
			<string>69AB6A331B970D18005C2075</string>
			<key>isa</key>
			<string>PBXBuildFile</string>
		</dict>
		<key>69AB6A401B970D19005C2075</key>
		<dict>
			<key>fileRef</key>
			<string>69AB6A341B970D18005C2075</string>
			<key>isa</key>
			<string>PBXBuildFile</string>
		</dict>
		<key>69AB6A411B970D19005C2075</key>
		<dict>
			<key>fileRef</key>
			<string>69AB6A351B970D18005C2075</string>
			<key>isa</key>
			<string>PBXBuildFile</string>
		</dict>
		<key>69AB6A421B970D19005C2075</key>
		<dict>
			<key>fileRef</key>
			<string>69AB6A361B970D18005C2075</string>
			<key>isa</key>
			<string>PBXBuildFile</string>
		</dict>
		<key>69AB6A431B970D19005C2075</key>
		<dict>
			<key>fileRef</key>
			<string>69AB6A371B970D18005C2075</string>
			<key>isa</key>
			<string>PBXBuildFile</string>
		</dict>
		<key>69AB6A441B970D19005C2075</key>
		<dict>
			<key>fileRef</key>
			<string>69AB6A381B970D18005C2075</string>
			<key>isa</key>
			<string>PBXBuildFile</string>
		</dict>
		<key>69AB6A451B970D19005C2075</key>
		<dict>
			<key>fileRef</key>
			<string>69AB6A391B970D18005C2075</string>
			<key>isa</key>
			<string>PBXBuildFile</string>
		</dict>
		<key>69AB6A461B970D19005C2075</key>
		<dict>
			<key>fileRef</key>
			<string>69AB6A3A1B970D18005C2075</string>
			<key>isa</key>
			<string>PBXBuildFile</string>
		</dict>
		<key>69AB6A471B970D19005C2075</key>
		<dict>
			<key>fileRef</key>
			<string>69AB6A3B1B970D18005C2075</string>
			<key>isa</key>
			<string>PBXBuildFile</string>
		</dict>
		<key>69AB6A481B970D19005C2075</key>
		<dict>
			<key>fileRef</key>
			<string>69AB6A3C1B970D18005C2075</string>
			<key>isa</key>
			<string>PBXBuildFile</string>
		</dict>
		<key>69AB6A491B970FFA005C2075</key>
		<dict>
			<key>fileEncoding</key>
			<string>4</string>
			<key>isa</key>
			<string>PBXFileReference</string>
			<key>lastKnownFileType</key>
			<string>file.xib</string>
			<key>path</key>
			<string>LaunchScreen.xib</string>
			<key>sourceTree</key>
			<string>&lt;group&gt;</string>
		</dict>
		<key>69AB6A4A1B970FFA005C2075</key>
		<dict>
			<key>fileRef</key>
			<string>69AB6A491B970FFA005C2075</string>
			<key>isa</key>
			<string>PBXBuildFile</string>
		</dict>
		<key>69AB6A4D1B9712F1005C2075</key>
		<dict>
			<key>fileEncoding</key>
			<string>4</string>
			<key>isa</key>
			<string>PBXFileReference</string>
			<key>lastKnownFileType</key>
			<string>sourcecode.c.h</string>
			<key>path</key>
			<string>AdblockPlus.h</string>
			<key>sourceTree</key>
			<string>&lt;group&gt;</string>
		</dict>
		<key>69AB6A4E1B9712F1005C2075</key>
		<dict>
			<key>fileEncoding</key>
			<string>4</string>
			<key>isa</key>
			<string>PBXFileReference</string>
			<key>lastKnownFileType</key>
			<string>sourcecode.c.objc</string>
			<key>path</key>
			<string>AdblockPlus.m</string>
			<key>sourceTree</key>
			<string>&lt;group&gt;</string>
		</dict>
		<key>69AB6A4F1B9712F1005C2075</key>
		<dict>
			<key>fileRef</key>
			<string>69AB6A4E1B9712F1005C2075</string>
			<key>isa</key>
			<string>PBXBuildFile</string>
		</dict>
		<key>69AB6A501B971A82005C2075</key>
		<dict>
			<key>isa</key>
			<string>PBXFileReference</string>
			<key>lastKnownFileType</key>
			<string>wrapper.framework</string>
			<key>name</key>
			<string>SafariServices.framework</string>
			<key>path</key>
			<string>System/Library/Frameworks/SafariServices.framework</string>
			<key>sourceTree</key>
			<string>SDKROOT</string>
		</dict>
		<key>69AB6A511B971A82005C2075</key>
		<dict>
			<key>fileRef</key>
			<string>69AB6A501B971A82005C2075</string>
			<key>isa</key>
			<string>PBXBuildFile</string>
		</dict>
		<key>69B2AEB31BCD289C00E874A9</key>
		<dict>
			<key>buildActionMask</key>
			<string>2147483647</string>
			<key>files</key>
			<array>
				<string>699B0EB61BCE9D11005DC603</string>
				<string>69B2AEBA1BCD289C00E874A9</string>
				<string>6905EDAD1BCE890000B3A9B9</string>
			</array>
			<key>isa</key>
			<string>PBXSourcesBuildPhase</string>
			<key>runOnlyForDeploymentPostprocessing</key>
			<string>0</string>
		</dict>
		<key>69B2AEB41BCD289C00E874A9</key>
		<dict>
			<key>buildActionMask</key>
			<string>2147483647</string>
			<key>files</key>
			<array>
				<string>6E9E77B48F1767A535385923</string>
			</array>
			<key>isa</key>
			<string>PBXFrameworksBuildPhase</string>
			<key>runOnlyForDeploymentPostprocessing</key>
			<string>0</string>
		</dict>
		<key>69B2AEB51BCD289C00E874A9</key>
		<dict>
			<key>buildActionMask</key>
			<string>2147483647</string>
			<key>files</key>
			<array>
				<string>69B2AEC11BCD28D200E874A9</string>
				<string>69B2AEC21BCD28D200E874A9</string>
				<string>69B2AEC31BCD28D200E874A9</string>
			</array>
			<key>isa</key>
			<string>PBXResourcesBuildPhase</string>
			<key>runOnlyForDeploymentPostprocessing</key>
			<string>0</string>
		</dict>
		<key>69B2AEB61BCD289C00E874A9</key>
		<dict>
			<key>buildConfigurationList</key>
			<string>69B2AEBE1BCD289C00E874A9</string>
			<key>buildPhases</key>
			<array>
				<string>88B3BF281D61C03A5676EFA8</string>
				<string>69B2AEB31BCD289C00E874A9</string>
				<string>69B2AEB41BCD289C00E874A9</string>
				<string>69B2AEB51BCD289C00E874A9</string>
				<string>63FC10C137E939DB38A876EC</string>
				<string>04FC9AECAC989D86816FB52C</string>
			</array>
			<key>buildRules</key>
			<array/>
			<key>dependencies</key>
			<array>
				<string>69B2AEBD1BCD289C00E874A9</string>
			</array>
			<key>isa</key>
			<string>PBXNativeTarget</string>
			<key>name</key>
			<string>AdblockPlusSafariTests</string>
			<key>productName</key>
			<string>AdblockPlusSafariTests</string>
			<key>productReference</key>
			<string>69B2AEB71BCD289C00E874A9</string>
			<key>productType</key>
			<string>com.apple.product-type.bundle.unit-test</string>
		</dict>
		<key>69B2AEB71BCD289C00E874A9</key>
		<dict>
			<key>explicitFileType</key>
			<string>wrapper.cfbundle</string>
			<key>includeInIndex</key>
			<string>0</string>
			<key>isa</key>
			<string>PBXFileReference</string>
			<key>path</key>
			<string>AdblockPlusSafariTests.xctest</string>
			<key>sourceTree</key>
			<string>BUILT_PRODUCTS_DIR</string>
		</dict>
		<key>69B2AEB81BCD289C00E874A9</key>
		<dict>
			<key>children</key>
			<array>
				<string>69B2AEB91BCD289C00E874A9</string>
				<string>69B2AEBB1BCD289C00E874A9</string>
			</array>
			<key>isa</key>
			<string>PBXGroup</string>
			<key>path</key>
			<string>AdblockPlusSafariTests</string>
			<key>sourceTree</key>
			<string>&lt;group&gt;</string>
		</dict>
		<key>69B2AEB91BCD289C00E874A9</key>
		<dict>
			<key>isa</key>
			<string>PBXFileReference</string>
			<key>lastKnownFileType</key>
			<string>sourcecode.c.objc</string>
			<key>path</key>
			<string>AdblockPlusSafariTests.m</string>
			<key>sourceTree</key>
			<string>&lt;group&gt;</string>
		</dict>
		<key>69B2AEBA1BCD289C00E874A9</key>
		<dict>
			<key>fileRef</key>
			<string>69B2AEB91BCD289C00E874A9</string>
			<key>isa</key>
			<string>PBXBuildFile</string>
		</dict>
		<key>69B2AEBB1BCD289C00E874A9</key>
		<dict>
			<key>isa</key>
			<string>PBXFileReference</string>
			<key>lastKnownFileType</key>
			<string>text.plist.xml</string>
			<key>path</key>
			<string>Info.plist</string>
			<key>sourceTree</key>
			<string>&lt;group&gt;</string>
		</dict>
		<key>69B2AEBC1BCD289C00E874A9</key>
		<dict>
			<key>containerPortal</key>
			<string>E9071D341B76897C00091AEB</string>
			<key>isa</key>
			<string>PBXContainerItemProxy</string>
			<key>proxyType</key>
			<string>1</string>
			<key>remoteGlobalIDString</key>
			<string>E9071D3B1B76897C00091AEB</string>
			<key>remoteInfo</key>
			<string>AdblockPlusSafari</string>
		</dict>
		<key>69B2AEBD1BCD289C00E874A9</key>
		<dict>
			<key>isa</key>
			<string>PBXTargetDependency</string>
			<key>target</key>
			<string>E9071D3B1B76897C00091AEB</string>
			<key>targetProxy</key>
			<string>69B2AEBC1BCD289C00E874A9</string>
		</dict>
		<key>69B2AEBE1BCD289C00E874A9</key>
		<dict>
			<key>buildConfigurations</key>
			<array>
				<string>69B2AEBF1BCD289C00E874A9</string>
				<string>69B2AEC01BCD289C00E874A9</string>
			</array>
			<key>defaultConfigurationIsVisible</key>
			<string>0</string>
			<key>defaultConfigurationName</key>
			<string>Release</string>
			<key>isa</key>
			<string>XCConfigurationList</string>
		</dict>
		<key>69B2AEBF1BCD289C00E874A9</key>
		<dict>
			<key>baseConfigurationReference</key>
			<string>05EA1B0A29504F5E9646D78B</string>
			<key>buildSettings</key>
			<dict>
				<key>BUNDLE_LOADER</key>
				<string>$(TEST_HOST)</string>
				<key>INFOPLIST_FILE</key>
				<string>AdblockPlusSafariTests/Info.plist</string>
				<key>LD_RUNPATH_SEARCH_PATHS</key>
				<string>$(inherited) @executable_path/Frameworks @loader_path/Frameworks</string>
				<key>PRODUCT_BUNDLE_IDENTIFIER</key>
				<string>org.adblockplus.AdblockPlusSafariTests</string>
				<key>PRODUCT_NAME</key>
				<string>$(TARGET_NAME)</string>
				<key>TEST_HOST</key>
				<string>$(BUILT_PRODUCTS_DIR)/AdblockPlusSafari.app/AdblockPlusSafari</string>
			</dict>
			<key>isa</key>
			<string>XCBuildConfiguration</string>
			<key>name</key>
			<string>Debug</string>
		</dict>
		<key>69B2AEC01BCD289C00E874A9</key>
		<dict>
			<key>baseConfigurationReference</key>
			<string>EED2FFC6BB122F89EB698FFE</string>
			<key>buildSettings</key>
			<dict>
				<key>BUNDLE_LOADER</key>
				<string>$(TEST_HOST)</string>
				<key>INFOPLIST_FILE</key>
				<string>AdblockPlusSafariTests/Info.plist</string>
				<key>LD_RUNPATH_SEARCH_PATHS</key>
				<string>$(inherited) @executable_path/Frameworks @loader_path/Frameworks</string>
				<key>PRODUCT_BUNDLE_IDENTIFIER</key>
				<string>org.adblockplus.AdblockPlusSafariTests</string>
				<key>PRODUCT_NAME</key>
				<string>$(TARGET_NAME)</string>
				<key>TEST_HOST</key>
				<string>$(BUILT_PRODUCTS_DIR)/AdblockPlusSafari.app/AdblockPlusSafari</string>
			</dict>
			<key>isa</key>
			<string>XCBuildConfiguration</string>
			<key>name</key>
			<string>Release</string>
		</dict>
		<key>69B2AEC11BCD28D200E874A9</key>
		<dict>
			<key>fileRef</key>
			<string>E9C719D81B8CDC9200584FB8</string>
			<key>isa</key>
			<string>PBXBuildFile</string>
		</dict>
		<key>69B2AEC21BCD28D200E874A9</key>
		<dict>
			<key>fileRef</key>
			<string>69A910111B9866A300D93485</string>
			<key>isa</key>
			<string>PBXBuildFile</string>
		</dict>
		<key>69B2AEC31BCD28D200E874A9</key>
		<dict>
			<key>fileRef</key>
			<string>69A910151B986A0D00D93485</string>
			<key>isa</key>
			<string>PBXBuildFile</string>
		</dict>
		<key>69C19C731B975946009ACBAC</key>
		<dict>
			<key>isa</key>
			<string>PBXFileReference</string>
			<key>lastKnownFileType</key>
			<string>file</string>
			<key>path</key>
			<string>screencast.mp4</string>
			<key>sourceTree</key>
			<string>&lt;group&gt;</string>
		</dict>
		<key>69C19C741B975946009ACBAC</key>
		<dict>
			<key>fileRef</key>
			<string>69C19C731B975946009ACBAC</string>
			<key>isa</key>
			<string>PBXBuildFile</string>
		</dict>
		<key>69C19C751B9835D1009ACBAC</key>
		<dict>
			<key>fileEncoding</key>
			<string>4</string>
			<key>isa</key>
			<string>PBXFileReference</string>
			<key>lastKnownFileType</key>
			<string>sourcecode.c.h</string>
			<key>path</key>
			<string>RootController.h</string>
			<key>sourceTree</key>
			<string>&lt;group&gt;</string>
		</dict>
		<key>69C19C761B9835D1009ACBAC</key>
		<dict>
			<key>fileEncoding</key>
			<string>4</string>
			<key>isa</key>
			<string>PBXFileReference</string>
			<key>lastKnownFileType</key>
			<string>sourcecode.c.objc</string>
			<key>path</key>
			<string>RootController.m</string>
			<key>sourceTree</key>
			<string>&lt;group&gt;</string>
		</dict>
		<key>69C19C771B9835D1009ACBAC</key>
		<dict>
			<key>fileRef</key>
			<string>69C19C761B9835D1009ACBAC</string>
			<key>isa</key>
			<string>PBXBuildFile</string>
		</dict>
		<key>69F4D9241B95F18C00300817</key>
		<dict>
			<key>children</key>
			<array>
				<string>691F74451B9874590057C702</string>
				<string>691F74461B9874590057C702</string>
				<string>69F4D9281B95F28B00300817</string>
				<string>69F4D9291B95F28B00300817</string>
				<string>691F74481B988ADC0057C702</string>
				<string>691F74491B988ADC0057C702</string>
				<string>69F4D9251B95F1B700300817</string>
				<string>69F4D9261B95F1B700300817</string>
				<string>69C19C751B9835D1009ACBAC</string>
				<string>69C19C761B9835D1009ACBAC</string>
				<string>691216BC1BD7943900C90A78</string>
				<string>691216BD1BD7943900C90A78</string>
				<string>69A2BCFA1BCBCF8A00028734</string>
				<string>69A2BCFB1BCBCF8A00028734</string>
			</array>
			<key>isa</key>
			<string>PBXGroup</string>
			<key>name</key>
			<string>Controllers</string>
			<key>sourceTree</key>
			<string>&lt;group&gt;</string>
		</dict>
		<key>69F4D9251B95F1B700300817</key>
		<dict>
			<key>fileEncoding</key>
			<string>4</string>
			<key>isa</key>
			<string>PBXFileReference</string>
			<key>lastKnownFileType</key>
			<string>sourcecode.c.h</string>
			<key>path</key>
			<string>AdblockPlusController.h</string>
			<key>sourceTree</key>
			<string>&lt;group&gt;</string>
		</dict>
		<key>69F4D9261B95F1B700300817</key>
		<dict>
			<key>fileEncoding</key>
			<string>4</string>
			<key>isa</key>
			<string>PBXFileReference</string>
			<key>lastKnownFileType</key>
			<string>sourcecode.c.objc</string>
			<key>path</key>
			<string>AdblockPlusController.m</string>
			<key>sourceTree</key>
			<string>&lt;group&gt;</string>
		</dict>
		<key>69F4D9271B95F1B700300817</key>
		<dict>
			<key>fileRef</key>
			<string>69F4D9261B95F1B700300817</string>
			<key>isa</key>
			<string>PBXBuildFile</string>
		</dict>
		<key>69F4D9281B95F28B00300817</key>
		<dict>
			<key>fileEncoding</key>
			<string>4</string>
			<key>isa</key>
			<string>PBXFileReference</string>
			<key>lastKnownFileType</key>
			<string>sourcecode.c.h</string>
			<key>path</key>
			<string>AcceptableAdsController.h</string>
			<key>sourceTree</key>
			<string>&lt;group&gt;</string>
		</dict>
		<key>69F4D9291B95F28B00300817</key>
		<dict>
			<key>fileEncoding</key>
			<string>4</string>
			<key>isa</key>
			<string>PBXFileReference</string>
			<key>lastKnownFileType</key>
			<string>sourcecode.c.objc</string>
			<key>path</key>
			<string>AcceptableAdsController.m</string>
			<key>sourceTree</key>
			<string>&lt;group&gt;</string>
		</dict>
		<key>69F4D92A1B95F28B00300817</key>
		<dict>
			<key>fileRef</key>
			<string>69F4D9291B95F28B00300817</string>
			<key>isa</key>
			<string>PBXBuildFile</string>
		</dict>
		<key>6E9E77B48F1767A535385923</key>
		<dict>
			<key>fileRef</key>
			<string>6F16D99F63C94B00C2F19AE3</string>
			<key>isa</key>
			<string>PBXBuildFile</string>
		</dict>
		<key>6F16D99F63C94B00C2F19AE3</key>
		<dict>
			<key>explicitFileType</key>
			<string>archive.ar</string>
			<key>includeInIndex</key>
			<string>0</string>
			<key>isa</key>
			<string>PBXFileReference</string>
			<key>path</key>
			<string>libPods-AdblockPlusSafariTests.a</string>
			<key>sourceTree</key>
			<string>BUILT_PRODUCTS_DIR</string>
		</dict>
		<key>7C64EA52241C7122C8E1292D</key>
		<dict>
			<key>includeInIndex</key>
			<string>1</string>
			<key>isa</key>
			<string>PBXFileReference</string>
			<key>lastKnownFileType</key>
			<string>text.xcconfig</string>
			<key>name</key>
			<string>Pods-AdblockPlusSafari.release.xcconfig</string>
			<key>path</key>
			<string>Pods/Target Support Files/Pods-AdblockPlusSafari/Pods-AdblockPlusSafari.release.xcconfig</string>
			<key>sourceTree</key>
			<string>&lt;group&gt;</string>
		</dict>
		<key>7E76EDA0BD5D79087EC235EE</key>
		<dict>
			<key>buildActionMask</key>
			<string>2147483647</string>
			<key>files</key>
			<array/>
			<key>inputPaths</key>
			<array/>
			<key>isa</key>
			<string>PBXShellScriptBuildPhase</string>
			<key>name</key>
			<string>[CP] Copy Pods Resources</string>
			<key>outputPaths</key>
			<array/>
			<key>runOnlyForDeploymentPostprocessing</key>
			<string>0</string>
			<key>shellPath</key>
			<string>/bin/sh</string>
			<key>shellScript</key>
			<string>"${SRCROOT}/Pods/Target Support Files/Pods-AdblockPlusSafari/Pods-AdblockPlusSafari-resources.sh"
</string>
			<key>showEnvVarsInLog</key>
			<string>0</string>
		</dict>
		<key>7E90BCBDAF1BB72C0B82F502</key>
		<dict>
			<key>buildActionMask</key>
			<string>2147483647</string>
			<key>files</key>
			<array/>
			<key>inputPaths</key>
			<array/>
			<key>isa</key>
			<string>PBXShellScriptBuildPhase</string>
			<key>name</key>
			<string>[CP] Check Pods Manifest.lock</string>
			<key>outputPaths</key>
			<array/>
			<key>runOnlyForDeploymentPostprocessing</key>
			<string>0</string>
			<key>shellPath</key>
			<string>/bin/sh</string>
			<key>shellScript</key>
			<string>diff "${PODS_ROOT}/../Podfile.lock" "${PODS_ROOT}/Manifest.lock" &gt; /dev/null
if [[ $? != 0 ]] ; then
    cat &lt;&lt; EOM
error: The sandbox is not in sync with the Podfile.lock. Run 'pod install' or update your CocoaPods installation.
EOM
    exit 1
fi
</string>
			<key>showEnvVarsInLog</key>
			<string>0</string>
		</dict>
		<key>88B3BF281D61C03A5676EFA8</key>
		<dict>
			<key>buildActionMask</key>
			<string>2147483647</string>
			<key>files</key>
			<array/>
			<key>inputPaths</key>
			<array/>
			<key>isa</key>
			<string>PBXShellScriptBuildPhase</string>
			<key>name</key>
			<string>[CP] Check Pods Manifest.lock</string>
			<key>outputPaths</key>
			<array/>
			<key>runOnlyForDeploymentPostprocessing</key>
			<string>0</string>
			<key>shellPath</key>
			<string>/bin/sh</string>
			<key>shellScript</key>
			<string>diff "${PODS_ROOT}/../Podfile.lock" "${PODS_ROOT}/Manifest.lock" &gt; /dev/null
if [[ $? != 0 ]] ; then
    cat &lt;&lt; EOM
error: The sandbox is not in sync with the Podfile.lock. Run 'pod install' or update your CocoaPods installation.
EOM
    exit 1
fi
</string>
			<key>showEnvVarsInLog</key>
			<string>0</string>
		</dict>
		<key>924EC33E4DC183565121D4B9</key>
		<dict>
			<key>explicitFileType</key>
			<string>archive.ar</string>
			<key>includeInIndex</key>
			<string>0</string>
			<key>isa</key>
			<string>PBXFileReference</string>
			<key>path</key>
			<string>libPods-AdblockPlusSafari.a</string>
			<key>sourceTree</key>
			<string>BUILT_PRODUCTS_DIR</string>
		</dict>
		<key>9FA09EFE800FC91B9E5C169B</key>
		<dict>
			<key>children</key>
			<array>
				<string>924EC33E4DC183565121D4B9</string>
				<string>1597594AF3A4CC5E1C9D3507</string>
				<string>6F16D99F63C94B00C2F19AE3</string>
			</array>
			<key>isa</key>
			<string>PBXGroup</string>
			<key>name</key>
			<string>Frameworks</string>
			<key>sourceTree</key>
			<string>&lt;group&gt;</string>
		</dict>
		<key>A5DEC26784AACA17B2845593</key>
		<dict>
			<key>fileRef</key>
			<string>1597594AF3A4CC5E1C9D3507</string>
			<key>isa</key>
			<string>PBXBuildFile</string>
		</dict>
		<key>BBE5DF69DA5351FC061576D1</key>
		<dict>
			<key>children</key>
			<array>
				<string>DA52875F3497D2EF3D458F2B</string>
				<string>7C64EA52241C7122C8E1292D</string>
				<string>0A1DEC88417B108E8EB14C29</string>
				<string>103DBBFC1984BCB8851B01C3</string>
				<string>05EA1B0A29504F5E9646D78B</string>
				<string>EED2FFC6BB122F89EB698FFE</string>
			</array>
			<key>isa</key>
			<string>PBXGroup</string>
			<key>name</key>
			<string>Pods</string>
			<key>sourceTree</key>
			<string>&lt;group&gt;</string>
		</dict>
		<key>DA52875F3497D2EF3D458F2B</key>
		<dict>
			<key>includeInIndex</key>
			<string>1</string>
			<key>isa</key>
			<string>PBXFileReference</string>
			<key>lastKnownFileType</key>
			<string>text.xcconfig</string>
			<key>name</key>
			<string>Pods-AdblockPlusSafari.debug.xcconfig</string>
			<key>path</key>
			<string>Pods/Target Support Files/Pods-AdblockPlusSafari/Pods-AdblockPlusSafari.debug.xcconfig</string>
			<key>sourceTree</key>
			<string>&lt;group&gt;</string>
		</dict>
		<key>E9071D331B76897C00091AEB</key>
		<dict>
			<key>children</key>
			<array>
				<string>E9071D3E1B76897C00091AEB</string>
				<string>E942B07B1B76899D004B4692</string>
				<string>69B2AEB81BCD289C00E874A9</string>
				<string>E9071D3D1B76897C00091AEB</string>
				<string>69AB6A2F1B970D18005C2075</string>
				<string>69AB6A501B971A82005C2075</string>
				<string>E9F3922B1BBF1B1A004A068A</string>
				<string>BBE5DF69DA5351FC061576D1</string>
				<string>9FA09EFE800FC91B9E5C169B</string>
			</array>
			<key>isa</key>
			<string>PBXGroup</string>
			<key>sourceTree</key>
			<string>&lt;group&gt;</string>
		</dict>
		<key>E9071D341B76897C00091AEB</key>
		<dict>
			<key>attributes</key>
			<dict>
				<key>LastUpgradeCheck</key>
				<string>0700</string>
				<key>ORGANIZATIONNAME</key>
				<string>Eyeo GmbH</string>
				<key>TargetAttributes</key>
				<dict>
					<key>69B2AEB61BCD289C00E874A9</key>
					<dict>
						<key>CreatedOnToolsVersion</key>
						<string>7.0.1</string>
						<key>TestTargetID</key>
						<string>E9071D3B1B76897C00091AEB</string>
					</dict>
					<key>E9071D3B1B76897C00091AEB</key>
					<dict>
						<key>CreatedOnToolsVersion</key>
						<string>7.0</string>
						<key>DevelopmentTeam</key>
						<string>GRYYZR985A</string>
						<key>SystemCapabilities</key>
						<dict>
							<key>com.apple.ApplicationGroups.iOS</key>
							<dict>
								<key>enabled</key>
								<string>1</string>
							</dict>
							<key>com.apple.BackgroundModes</key>
							<dict>
								<key>enabled</key>
								<string>1</string>
							</dict>
							<key>com.apple.VPNLite</key>
							<dict>
								<key>enabled</key>
								<string>0</string>
							</dict>
						</dict>
					</dict>
					<key>E942B0791B76899D004B4692</key>
					<dict>
						<key>CreatedOnToolsVersion</key>
						<string>7.0</string>
						<key>DevelopmentTeam</key>
						<string>GRYYZR985A</string>
						<key>SystemCapabilities</key>
						<dict>
							<key>com.apple.ApplicationGroups.iOS</key>
							<dict>
								<key>enabled</key>
								<string>1</string>
							</dict>
						</dict>
					</dict>
				</dict>
			</dict>
			<key>buildConfigurationList</key>
			<string>E9071D371B76897C00091AEB</string>
			<key>compatibilityVersion</key>
			<string>Xcode 3.2</string>
			<key>developmentRegion</key>
			<string>English</string>
			<key>hasScannedForEncodings</key>
			<string>0</string>
			<key>isa</key>
			<string>PBXProject</string>
			<key>knownRegions</key>
			<array>
				<string>en</string>
				<string>Base</string>
			</array>
			<key>mainGroup</key>
			<string>E9071D331B76897C00091AEB</string>
			<key>productRefGroup</key>
			<string>E9071D3D1B76897C00091AEB</string>
			<key>projectDirPath</key>
			<string></string>
			<key>projectReferences</key>
			<array/>
			<key>projectRoot</key>
			<string></string>
			<key>targets</key>
			<array>
				<string>E9071D3B1B76897C00091AEB</string>
				<string>E942B0791B76899D004B4692</string>
				<string>69B2AEB61BCD289C00E874A9</string>
			</array>
		</dict>
		<key>E9071D371B76897C00091AEB</key>
		<dict>
			<key>buildConfigurations</key>
			<array>
				<string>E9071D511B76897C00091AEB</string>
				<string>E9071D521B76897C00091AEB</string>
			</array>
			<key>defaultConfigurationIsVisible</key>
			<string>0</string>
			<key>defaultConfigurationName</key>
			<string>Release</string>
			<key>isa</key>
			<string>XCConfigurationList</string>
		</dict>
		<key>E9071D381B76897C00091AEB</key>
		<dict>
			<key>buildActionMask</key>
			<string>2147483647</string>
			<key>files</key>
			<array>
				<string>69AB6A4F1B9712F1005C2075</string>
				<string>69A910191B986DB600D93485</string>
				<string>E9071D441B76897C00091AEB</string>
				<string>691216BE1BD7943900C90A78</string>
				<string>69F4D9271B95F1B700300817</string>
				<string>69A2BCFC1BCBCF8A00028734</string>
				<string>E9071D411B76897C00091AEB</string>
				<string>691F74471B9874590057C702</string>
				<string>691216C11BD7BB5B00C90A78</string>
				<string>6970E7711BA952F200B11AC3</string>
				<string>69F4D92A1B95F28B00300817</string>
				<string>691F744A1B988ADC0057C702</string>
				<string>69C19C771B9835D1009ACBAC</string>
				<string>69AB6A2E1B96F664005C2075</string>
			</array>
			<key>isa</key>
			<string>PBXSourcesBuildPhase</string>
			<key>runOnlyForDeploymentPostprocessing</key>
			<string>0</string>
		</dict>
		<key>E9071D391B76897C00091AEB</key>
		<dict>
			<key>buildActionMask</key>
			<string>2147483647</string>
			<key>files</key>
			<array>
				<string>69AB6A511B971A82005C2075</string>
				<string>FB4EC4CC9749C375F792A0CA</string>
			</array>
			<key>isa</key>
			<string>PBXFrameworksBuildPhase</string>
			<key>runOnlyForDeploymentPostprocessing</key>
			<string>0</string>
		</dict>
		<key>E9071D3A1B76897C00091AEB</key>
		<dict>
			<key>buildActionMask</key>
			<string>2147483647</string>
			<key>files</key>
			<array>
				<string>69AB6A471B970D19005C2075</string>
				<string>69AB6A431B970D19005C2075</string>
				<string>E9071D4C1B76897C00091AEB</string>
				<string>E9F3922D1BBF1B1A004A068A</string>
				<string>69AB6A481B970D19005C2075</string>
				<string>69AB6A461B970D19005C2075</string>
				<string>69AB6A401B970D19005C2075</string>
				<string>69AB6A421B970D19005C2075</string>
				<string>69AB6A411B970D19005C2075</string>
				<string>E9071D4A1B76897C00091AEB</string>
				<string>69AB6A3D1B970D18005C2075</string>
				<string>69C19C741B975946009ACBAC</string>
				<string>699876F31BBE721900595FB9</string>
				<string>69AB6A441B970D19005C2075</string>
				<string>69AB6A4A1B970FFA005C2075</string>
				<string>69AB6A451B970D19005C2075</string>
				<string>69AB6A3F1B970D19005C2075</string>
				<string>69AB6A3E1B970D18005C2075</string>
			</array>
			<key>isa</key>
			<string>PBXResourcesBuildPhase</string>
			<key>runOnlyForDeploymentPostprocessing</key>
			<string>0</string>
		</dict>
		<key>E9071D3B1B76897C00091AEB</key>
		<dict>
			<key>buildConfigurationList</key>
			<string>E9071D531B76897C00091AEB</string>
			<key>buildPhases</key>
			<array>
				<string>21D76AA3A4FBF8DE0EE54272</string>
				<string>E9071D381B76897C00091AEB</string>
				<string>E9071D391B76897C00091AEB</string>
				<string>E9071D3A1B76897C00091AEB</string>
				<string>E942B0881B76899D004B4692</string>
				<string>591FB8DB08AB7F9C3EFCC69C</string>
				<string>7E76EDA0BD5D79087EC235EE</string>
			</array>
			<key>buildRules</key>
			<array/>
			<key>dependencies</key>
			<array>
				<string>E942B0831B76899D004B4692</string>
			</array>
			<key>isa</key>
			<string>PBXNativeTarget</string>
			<key>name</key>
			<string>AdblockPlusSafari</string>
			<key>productName</key>
			<string>AdblockPlusSafari</string>
			<key>productReference</key>
			<string>E9071D3C1B76897C00091AEB</string>
			<key>productType</key>
			<string>com.apple.product-type.application</string>
		</dict>
		<key>E9071D3C1B76897C00091AEB</key>
		<dict>
			<key>explicitFileType</key>
			<string>wrapper.application</string>
			<key>includeInIndex</key>
			<string>0</string>
			<key>isa</key>
			<string>PBXFileReference</string>
			<key>path</key>
			<string>AdblockPlusSafari.app</string>
			<key>sourceTree</key>
			<string>BUILT_PRODUCTS_DIR</string>
		</dict>
		<key>E9071D3D1B76897C00091AEB</key>
		<dict>
			<key>children</key>
			<array>
				<string>E9071D3C1B76897C00091AEB</string>
				<string>E942B07A1B76899D004B4692</string>
				<string>69B2AEB71BCD289C00E874A9</string>
			</array>
			<key>isa</key>
			<string>PBXGroup</string>
			<key>name</key>
			<string>Products</string>
			<key>sourceTree</key>
			<string>&lt;group&gt;</string>
		</dict>
		<key>E9071D3E1B76897C00091AEB</key>
		<dict>
			<key>children</key>
			<array>
				<string>69AB6A4D1B9712F1005C2075</string>
				<string>69AB6A4E1B9712F1005C2075</string>
				<string>6970E76F1BA952F200B11AC3</string>
				<string>6970E7701BA952F200B11AC3</string>
				<string>69A9100E1B985B2800D93485</string>
				<string>E9071D421B76897C00091AEB</string>
				<string>E9071D431B76897C00091AEB</string>
				<string>69AB6A2C1B96F664005C2075</string>
				<string>69AB6A2D1B96F664005C2075</string>
				<string>E9071D4B1B76897C00091AEB</string>
				<string>69F4D9241B95F18C00300817</string>
				<string>69A9101A1B986DB900D93485</string>
				<string>699876F21BBE721900595FB9</string>
				<string>E9071D501B76897C00091AEB</string>
				<string>69AB6A491B970FFA005C2075</string>
				<string>E9071D481B76897C00091AEB</string>
				<string>691216BF1BD7BB5B00C90A78</string>
				<string>691216C01BD7BB5B00C90A78</string>
				<string>E9071D3F1B76897C00091AEB</string>
			</array>
			<key>isa</key>
			<string>PBXGroup</string>
			<key>path</key>
			<string>AdblockPlusSafari</string>
			<key>sourceTree</key>
			<string>&lt;group&gt;</string>
		</dict>
		<key>E9071D3F1B76897C00091AEB</key>
		<dict>
			<key>children</key>
			<array>
				<string>E9071D401B76897C00091AEB</string>
			</array>
			<key>isa</key>
			<string>PBXGroup</string>
			<key>name</key>
			<string>Supporting Files</string>
			<key>sourceTree</key>
			<string>&lt;group&gt;</string>
		</dict>
		<key>E9071D401B76897C00091AEB</key>
		<dict>
			<key>isa</key>
			<string>PBXFileReference</string>
			<key>lastKnownFileType</key>
			<string>sourcecode.c.objc</string>
			<key>path</key>
			<string>main.m</string>
			<key>sourceTree</key>
			<string>&lt;group&gt;</string>
		</dict>
		<key>E9071D411B76897C00091AEB</key>
		<dict>
			<key>fileRef</key>
			<string>E9071D401B76897C00091AEB</string>
			<key>isa</key>
			<string>PBXBuildFile</string>
		</dict>
		<key>E9071D421B76897C00091AEB</key>
		<dict>
			<key>indentWidth</key>
			<string>2</string>
			<key>isa</key>
			<string>PBXFileReference</string>
			<key>lastKnownFileType</key>
			<string>sourcecode.c.h</string>
			<key>path</key>
			<string>AppDelegate.h</string>
			<key>sourceTree</key>
			<string>&lt;group&gt;</string>
			<key>tabWidth</key>
			<string>2</string>
		</dict>
		<key>E9071D431B76897C00091AEB</key>
		<dict>
			<key>indentWidth</key>
			<string>2</string>
			<key>isa</key>
			<string>PBXFileReference</string>
			<key>lastKnownFileType</key>
			<string>sourcecode.c.objc</string>
			<key>path</key>
			<string>AppDelegate.m</string>
			<key>sourceTree</key>
			<string>&lt;group&gt;</string>
			<key>tabWidth</key>
			<string>2</string>
		</dict>
		<key>E9071D441B76897C00091AEB</key>
		<dict>
			<key>fileRef</key>
			<string>E9071D431B76897C00091AEB</string>
			<key>isa</key>
			<string>PBXBuildFile</string>
		</dict>
		<key>E9071D481B76897C00091AEB</key>
		<dict>
			<key>children</key>
			<array>
				<string>E9071D491B76897C00091AEB</string>
			</array>
			<key>isa</key>
			<string>PBXVariantGroup</string>
			<key>name</key>
			<string>Main.storyboard</string>
			<key>sourceTree</key>
			<string>&lt;group&gt;</string>
		</dict>
		<key>E9071D491B76897C00091AEB</key>
		<dict>
			<key>isa</key>
			<string>PBXFileReference</string>
			<key>lastKnownFileType</key>
			<string>file.storyboard</string>
			<key>name</key>
			<string>Base</string>
			<key>path</key>
			<string>Base.lproj/Main.storyboard</string>
			<key>sourceTree</key>
			<string>&lt;group&gt;</string>
		</dict>
		<key>E9071D4A1B76897C00091AEB</key>
		<dict>
			<key>fileRef</key>
			<string>E9071D481B76897C00091AEB</string>
			<key>isa</key>
			<string>PBXBuildFile</string>
		</dict>
		<key>E9071D4B1B76897C00091AEB</key>
		<dict>
			<key>isa</key>
			<string>PBXFileReference</string>
			<key>lastKnownFileType</key>
			<string>folder.assetcatalog</string>
			<key>path</key>
			<string>Assets.xcassets</string>
			<key>sourceTree</key>
			<string>&lt;group&gt;</string>
		</dict>
		<key>E9071D4C1B76897C00091AEB</key>
		<dict>
			<key>fileRef</key>
			<string>E9071D4B1B76897C00091AEB</string>
			<key>isa</key>
			<string>PBXBuildFile</string>
		</dict>
		<key>E9071D501B76897C00091AEB</key>
		<dict>
			<key>isa</key>
			<string>PBXFileReference</string>
			<key>lastKnownFileType</key>
			<string>text.plist.xml</string>
			<key>path</key>
			<string>Info.plist</string>
			<key>sourceTree</key>
			<string>&lt;group&gt;</string>
		</dict>
		<key>E9071D511B76897C00091AEB</key>
		<dict>
			<key>buildSettings</key>
			<dict>
				<key>ALWAYS_SEARCH_USER_PATHS</key>
				<string>NO</string>
				<key>CLANG_CXX_LANGUAGE_STANDARD</key>
				<string>gnu++0x</string>
				<key>CLANG_CXX_LIBRARY</key>
				<string>libc++</string>
				<key>CLANG_ENABLE_MODULES</key>
				<string>YES</string>
				<key>CLANG_ENABLE_OBJC_ARC</key>
				<string>YES</string>
				<key>CLANG_WARN_BOOL_CONVERSION</key>
				<string>YES</string>
				<key>CLANG_WARN_CONSTANT_CONVERSION</key>
				<string>YES</string>
				<key>CLANG_WARN_DIRECT_OBJC_ISA_USAGE</key>
				<string>YES_ERROR</string>
				<key>CLANG_WARN_EMPTY_BODY</key>
				<string>YES</string>
				<key>CLANG_WARN_ENUM_CONVERSION</key>
				<string>YES</string>
				<key>CLANG_WARN_INT_CONVERSION</key>
				<string>YES</string>
				<key>CLANG_WARN_OBJC_ROOT_CLASS</key>
				<string>YES_ERROR</string>
				<key>CLANG_WARN_UNREACHABLE_CODE</key>
				<string>YES</string>
				<key>CLANG_WARN__DUPLICATE_METHOD_MATCH</key>
				<string>YES</string>
				<key>CODE_SIGN_IDENTITY[sdk=iphoneos*]</key>
				<string>iPhone Developer</string>
				<key>COPY_PHASE_STRIP</key>
				<string>NO</string>
				<key>DEBUG_INFORMATION_FORMAT</key>
				<string>dwarf</string>
				<key>ENABLE_STRICT_OBJC_MSGSEND</key>
				<string>YES</string>
				<key>ENABLE_TESTABILITY</key>
				<string>YES</string>
				<key>GCC_C_LANGUAGE_STANDARD</key>
				<string>gnu99</string>
				<key>GCC_DYNAMIC_NO_PIC</key>
				<string>NO</string>
				<key>GCC_NO_COMMON_BLOCKS</key>
				<string>YES</string>
				<key>GCC_OPTIMIZATION_LEVEL</key>
				<string>0</string>
				<key>GCC_PREPROCESSOR_DEFINITIONS</key>
				<array>
					<string>DEBUG=1</string>
					<string>$(inherited)</string>
				</array>
				<key>GCC_WARN_64_TO_32_BIT_CONVERSION</key>
				<string>YES</string>
				<key>GCC_WARN_ABOUT_RETURN_TYPE</key>
				<string>YES_ERROR</string>
				<key>GCC_WARN_UNDECLARED_SELECTOR</key>
				<string>YES</string>
				<key>GCC_WARN_UNINITIALIZED_AUTOS</key>
				<string>YES_AGGRESSIVE</string>
				<key>GCC_WARN_UNUSED_FUNCTION</key>
				<string>YES</string>
				<key>GCC_WARN_UNUSED_VARIABLE</key>
				<string>YES</string>
				<key>IPHONEOS_DEPLOYMENT_TARGET</key>
				<string>9.0</string>
				<key>MTL_ENABLE_DEBUG_INFO</key>
				<string>YES</string>
				<key>ONLY_ACTIVE_ARCH</key>
				<string>YES</string>
				<key>SDKROOT</key>
				<string>iphoneos</string>
				<key>TARGETED_DEVICE_FAMILY</key>
				<string>1,2</string>
			</dict>
			<key>isa</key>
			<string>XCBuildConfiguration</string>
			<key>name</key>
			<string>Debug</string>
		</dict>
		<key>E9071D521B76897C00091AEB</key>
		<dict>
			<key>buildSettings</key>
			<dict>
				<key>ALWAYS_SEARCH_USER_PATHS</key>
				<string>NO</string>
				<key>CLANG_CXX_LANGUAGE_STANDARD</key>
				<string>gnu++0x</string>
				<key>CLANG_CXX_LIBRARY</key>
				<string>libc++</string>
				<key>CLANG_ENABLE_MODULES</key>
				<string>YES</string>
				<key>CLANG_ENABLE_OBJC_ARC</key>
				<string>YES</string>
				<key>CLANG_WARN_BOOL_CONVERSION</key>
				<string>YES</string>
				<key>CLANG_WARN_CONSTANT_CONVERSION</key>
				<string>YES</string>
				<key>CLANG_WARN_DIRECT_OBJC_ISA_USAGE</key>
				<string>YES_ERROR</string>
				<key>CLANG_WARN_EMPTY_BODY</key>
				<string>YES</string>
				<key>CLANG_WARN_ENUM_CONVERSION</key>
				<string>YES</string>
				<key>CLANG_WARN_INT_CONVERSION</key>
				<string>YES</string>
				<key>CLANG_WARN_OBJC_ROOT_CLASS</key>
				<string>YES_ERROR</string>
				<key>CLANG_WARN_UNREACHABLE_CODE</key>
				<string>YES</string>
				<key>CLANG_WARN__DUPLICATE_METHOD_MATCH</key>
				<string>YES</string>
				<key>CODE_SIGN_IDENTITY[sdk=iphoneos*]</key>
				<string>iPhone Developer</string>
				<key>COPY_PHASE_STRIP</key>
				<string>NO</string>
				<key>DEBUG_INFORMATION_FORMAT</key>
				<string>dwarf-with-dsym</string>
				<key>ENABLE_NS_ASSERTIONS</key>
				<string>NO</string>
				<key>ENABLE_STRICT_OBJC_MSGSEND</key>
				<string>YES</string>
				<key>GCC_C_LANGUAGE_STANDARD</key>
				<string>gnu99</string>
				<key>GCC_NO_COMMON_BLOCKS</key>
				<string>YES</string>
				<key>GCC_WARN_64_TO_32_BIT_CONVERSION</key>
				<string>YES</string>
				<key>GCC_WARN_ABOUT_RETURN_TYPE</key>
				<string>YES_ERROR</string>
				<key>GCC_WARN_UNDECLARED_SELECTOR</key>
				<string>YES</string>
				<key>GCC_WARN_UNINITIALIZED_AUTOS</key>
				<string>YES_AGGRESSIVE</string>
				<key>GCC_WARN_UNUSED_FUNCTION</key>
				<string>YES</string>
				<key>GCC_WARN_UNUSED_VARIABLE</key>
				<string>YES</string>
				<key>IPHONEOS_DEPLOYMENT_TARGET</key>
				<string>9.0</string>
				<key>MTL_ENABLE_DEBUG_INFO</key>
				<string>NO</string>
				<key>SDKROOT</key>
				<string>iphoneos</string>
				<key>TARGETED_DEVICE_FAMILY</key>
				<string>1,2</string>
				<key>VALIDATE_PRODUCT</key>
				<string>YES</string>
			</dict>
			<key>isa</key>
			<string>XCBuildConfiguration</string>
			<key>name</key>
			<string>Release</string>
		</dict>
		<key>E9071D531B76897C00091AEB</key>
		<dict>
			<key>buildConfigurations</key>
			<array>
				<string>E9071D541B76897C00091AEB</string>
				<string>E9071D551B76897C00091AEB</string>
			</array>
			<key>defaultConfigurationIsVisible</key>
			<string>0</string>
			<key>defaultConfigurationName</key>
			<string>Release</string>
			<key>isa</key>
			<string>XCConfigurationList</string>
		</dict>
		<key>E9071D541B76897C00091AEB</key>
		<dict>
			<key>baseConfigurationReference</key>
			<string>DA52875F3497D2EF3D458F2B</string>
			<key>buildSettings</key>
			<dict>
				<key>ARCHS</key>
				<string>arm64</string>
				<key>ASSETCATALOG_COMPILER_APPICON_NAME</key>
				<string>AppIcon</string>
				<key>CODE_SIGN_ENTITLEMENTS</key>
				<string>AdblockPlusSafari/AdblockPlusSafari.entitlements</string>
				<key>CODE_SIGN_IDENTITY</key>
				<string>iPhone Developer</string>
				<key>CODE_SIGN_IDENTITY[sdk=iphoneos*]</key>
				<string>iPhone Developer</string>
				<key>DEFINES_MODULE</key>
				<string>YES</string>
				<key>INFOPLIST_FILE</key>
				<string>AdblockPlusSafari/Info.plist</string>
				<key>LD_RUNPATH_SEARCH_PATHS</key>
				<string>$(inherited) @executable_path/Frameworks</string>
				<key>PRODUCT_BUNDLE_IDENTIFIER</key>
				<string>org.adblockplus.AdblockPlusSafari</string>
				<key>PRODUCT_NAME</key>
				<string>$(TARGET_NAME)</string>
				<key>PROVISIONING_PROFILE</key>
				<string></string>
			</dict>
			<key>isa</key>
			<string>XCBuildConfiguration</string>
			<key>name</key>
			<string>Debug</string>
		</dict>
		<key>E9071D551B76897C00091AEB</key>
		<dict>
			<key>baseConfigurationReference</key>
			<string>7C64EA52241C7122C8E1292D</string>
			<key>buildSettings</key>
			<dict>
				<key>ARCHS</key>
				<string>arm64</string>
				<key>ASSETCATALOG_COMPILER_APPICON_NAME</key>
				<string>AppIcon</string>
				<key>CODE_SIGN_ENTITLEMENTS</key>
				<string>AdblockPlusSafari/AdblockPlusSafari.entitlements</string>
				<key>CODE_SIGN_IDENTITY</key>
				<string>iPhone Developer</string>
				<key>CODE_SIGN_IDENTITY[sdk=iphoneos*]</key>
				<string>iPhone Developer</string>
				<key>DEFINES_MODULE</key>
				<string>YES</string>
				<key>INFOPLIST_FILE</key>
				<string>AdblockPlusSafari/Info.plist</string>
				<key>LD_RUNPATH_SEARCH_PATHS</key>
				<string>$(inherited) @executable_path/Frameworks</string>
				<key>PRODUCT_BUNDLE_IDENTIFIER</key>
				<string>org.adblockplus.AdblockPlusSafari</string>
				<key>PRODUCT_NAME</key>
				<string>$(TARGET_NAME)</string>
				<key>PROVISIONING_PROFILE</key>
				<string></string>
			</dict>
			<key>isa</key>
			<string>XCBuildConfiguration</string>
			<key>name</key>
			<string>Release</string>
		</dict>
		<key>E942B0761B76899D004B4692</key>
		<dict>
			<key>buildActionMask</key>
			<string>2147483647</string>
			<key>files</key>
			<array>
				<string>69A910101B9860E000D93485</string>
				<string>E942B0801B76899D004B4692</string>
				<string>6970E76E1BA94C3900B11AC3</string>
				<string>6905EDAC1BCE84F500B3A9B9</string>
			</array>
			<key>isa</key>
			<string>PBXSourcesBuildPhase</string>
			<key>runOnlyForDeploymentPostprocessing</key>
			<string>0</string>
		</dict>
		<key>E942B0771B76899D004B4692</key>
		<dict>
			<key>buildActionMask</key>
			<string>2147483647</string>
			<key>files</key>
			<array>
				<string>A5DEC26784AACA17B2845593</string>
			</array>
			<key>isa</key>
			<string>PBXFrameworksBuildPhase</string>
			<key>runOnlyForDeploymentPostprocessing</key>
			<string>0</string>
		</dict>
		<key>E942B0781B76899D004B4692</key>
		<dict>
			<key>buildActionMask</key>
			<string>2147483647</string>
			<key>files</key>
			<array>
				<string>699876F41BBE765100595FB9</string>
				<string>E9C719D91B8CDC9200584FB8</string>
				<string>69A910161B986A0D00D93485</string>
				<string>69A910121B9866A300D93485</string>
			</array>
			<key>isa</key>
			<string>PBXResourcesBuildPhase</string>
			<key>runOnlyForDeploymentPostprocessing</key>
			<string>0</string>
		</dict>
		<key>E942B0791B76899D004B4692</key>
		<dict>
			<key>buildConfigurationList</key>
			<string>E942B0871B76899D004B4692</string>
			<key>buildPhases</key>
			<array>
				<string>7E90BCBDAF1BB72C0B82F502</string>
				<string>E942B0761B76899D004B4692</string>
				<string>E942B0771B76899D004B4692</string>
				<string>E942B0781B76899D004B4692</string>
				<string>3E3C71BD4D2BCD28A08CC280</string>
				<string>471A0CFFD44597FCFF7D48CF</string>
			</array>
			<key>buildRules</key>
			<array/>
			<key>dependencies</key>
			<array/>
			<key>isa</key>
			<string>PBXNativeTarget</string>
			<key>name</key>
			<string>AdblockPlusSafariExtension</string>
			<key>productName</key>
			<string>AdblockPlusSafariExtension</string>
			<key>productReference</key>
			<string>E942B07A1B76899D004B4692</string>
			<key>productType</key>
			<string>com.apple.product-type.app-extension</string>
		</dict>
		<key>E942B07A1B76899D004B4692</key>
		<dict>
			<key>explicitFileType</key>
			<string>wrapper.app-extension</string>
			<key>includeInIndex</key>
			<string>0</string>
			<key>isa</key>
			<string>PBXFileReference</string>
			<key>path</key>
			<string>AdblockPlusSafariExtension.appex</string>
			<key>sourceTree</key>
			<string>BUILT_PRODUCTS_DIR</string>
		</dict>
		<key>E942B07B1B76899D004B4692</key>
		<dict>
			<key>children</key>
			<array>
				<string>E942B07E1B76899D004B4692</string>
				<string>E942B07F1B76899D004B4692</string>
				<string>6970E76C1BA94C3900B11AC3</string>
				<string>6970E76D1BA94C3900B11AC3</string>
				<string>6905EDAA1BCE84F500B3A9B9</string>
				<string>6905EDAB1BCE84F500B3A9B9</string>
				<string>69A9100F1B985B3B00D93485</string>
				<string>69A910111B9866A300D93485</string>
				<string>E9C719D81B8CDC9200584FB8</string>
				<string>69A910151B986A0D00D93485</string>
				<string>E942B0811B76899D004B4692</string>
			</array>
			<key>isa</key>
			<string>PBXGroup</string>
			<key>path</key>
			<string>AdblockPlusSafariExtension</string>
			<key>sourceTree</key>
			<string>&lt;group&gt;</string>
		</dict>
		<key>E942B07E1B76899D004B4692</key>
		<dict>
			<key>isa</key>
			<string>PBXFileReference</string>
			<key>lastKnownFileType</key>
			<string>sourcecode.c.h</string>
			<key>path</key>
			<string>ActionRequestHandler.h</string>
			<key>sourceTree</key>
			<string>&lt;group&gt;</string>
		</dict>
		<key>E942B07F1B76899D004B4692</key>
		<dict>
			<key>isa</key>
			<string>PBXFileReference</string>
			<key>lastKnownFileType</key>
			<string>sourcecode.c.objc</string>
			<key>path</key>
			<string>ActionRequestHandler.m</string>
			<key>sourceTree</key>
			<string>&lt;group&gt;</string>
		</dict>
		<key>E942B0801B76899D004B4692</key>
		<dict>
			<key>fileRef</key>
			<string>E942B07F1B76899D004B4692</string>
			<key>isa</key>
			<string>PBXBuildFile</string>
		</dict>
		<key>E942B0811B76899D004B4692</key>
		<dict>
			<key>isa</key>
			<string>PBXFileReference</string>
			<key>lastKnownFileType</key>
			<string>text.plist.xml</string>
			<key>path</key>
			<string>Info.plist</string>
			<key>sourceTree</key>
			<string>&lt;group&gt;</string>
		</dict>
		<key>E942B0821B76899D004B4692</key>
		<dict>
			<key>containerPortal</key>
			<string>E9071D341B76897C00091AEB</string>
			<key>isa</key>
			<string>PBXContainerItemProxy</string>
			<key>proxyType</key>
			<string>1</string>
			<key>remoteGlobalIDString</key>
			<string>E942B0791B76899D004B4692</string>
			<key>remoteInfo</key>
			<string>AdblockPlusSafariExtension</string>
		</dict>
		<key>E942B0831B76899D004B4692</key>
		<dict>
			<key>isa</key>
			<string>PBXTargetDependency</string>
			<key>target</key>
			<string>E942B0791B76899D004B4692</string>
			<key>targetProxy</key>
			<string>E942B0821B76899D004B4692</string>
		</dict>
		<key>E942B0841B76899D004B4692</key>
		<dict>
			<key>fileRef</key>
			<string>E942B07A1B76899D004B4692</string>
			<key>isa</key>
			<string>PBXBuildFile</string>
			<key>settings</key>
			<dict>
				<key>ATTRIBUTES</key>
				<array>
					<string>RemoveHeadersOnCopy</string>
				</array>
			</dict>
		</dict>
		<key>E942B0851B76899D004B4692</key>
		<dict>
			<key>baseConfigurationReference</key>
			<string>0A1DEC88417B108E8EB14C29</string>
			<key>buildSettings</key>
			<dict>
				<key>ARCHS</key>
				<string>arm64</string>
				<key>CODE_SIGN_ENTITLEMENTS</key>
				<string>AdblockPlusSafariExtension/AdblockPlusSafariExtension.entitlements</string>
				<key>CODE_SIGN_IDENTITY</key>
				<string>iPhone Developer</string>
				<key>CODE_SIGN_IDENTITY[sdk=iphoneos*]</key>
				<string>iPhone Developer</string>
				<key>INFOPLIST_FILE</key>
				<string>AdblockPlusSafariExtension/Info.plist</string>
				<key>LD_RUNPATH_SEARCH_PATHS</key>
				<string>$(inherited) @executable_path/Frameworks @executable_path/../../Frameworks</string>
				<key>PRODUCT_BUNDLE_IDENTIFIER</key>
				<string>org.adblockplus.AdblockPlusSafari.AdblockPlusSafariExtension</string>
				<key>PRODUCT_NAME</key>
				<string>$(TARGET_NAME)</string>
				<key>PROVISIONING_PROFILE</key>
				<string></string>
				<key>SKIP_INSTALL</key>
				<string>YES</string>
			</dict>
			<key>isa</key>
			<string>XCBuildConfiguration</string>
			<key>name</key>
			<string>Debug</string>
		</dict>
		<key>E942B0861B76899D004B4692</key>
		<dict>
			<key>baseConfigurationReference</key>
			<string>103DBBFC1984BCB8851B01C3</string>
			<key>buildSettings</key>
			<dict>
				<key>ARCHS</key>
				<string>arm64</string>
				<key>CODE_SIGN_ENTITLEMENTS</key>
				<string>AdblockPlusSafariExtension/AdblockPlusSafariExtension.entitlements</string>
				<key>CODE_SIGN_IDENTITY</key>
				<string>iPhone Developer</string>
				<key>CODE_SIGN_IDENTITY[sdk=iphoneos*]</key>
				<string>iPhone Developer</string>
				<key>INFOPLIST_FILE</key>
				<string>AdblockPlusSafariExtension/Info.plist</string>
				<key>LD_RUNPATH_SEARCH_PATHS</key>
				<string>$(inherited) @executable_path/Frameworks @executable_path/../../Frameworks</string>
				<key>PRODUCT_BUNDLE_IDENTIFIER</key>
				<string>org.adblockplus.AdblockPlusSafari.AdblockPlusSafariExtension</string>
				<key>PRODUCT_NAME</key>
				<string>$(TARGET_NAME)</string>
				<key>PROVISIONING_PROFILE</key>
				<string>2ded8bd2-705a-496d-906f-b6fa7458973f</string>
				<key>SKIP_INSTALL</key>
				<string>YES</string>
			</dict>
			<key>isa</key>
			<string>XCBuildConfiguration</string>
			<key>name</key>
			<string>Release</string>
		</dict>
		<key>E942B0871B76899D004B4692</key>
		<dict>
			<key>buildConfigurations</key>
			<array>
				<string>E942B0851B76899D004B4692</string>
				<string>E942B0861B76899D004B4692</string>
			</array>
			<key>defaultConfigurationIsVisible</key>
			<string>0</string>
			<key>defaultConfigurationName</key>
			<string>Release</string>
			<key>isa</key>
			<string>XCConfigurationList</string>
		</dict>
		<key>E942B0881B76899D004B4692</key>
		<dict>
			<key>buildActionMask</key>
			<string>2147483647</string>
			<key>dstPath</key>
			<string></string>
			<key>dstSubfolderSpec</key>
			<string>13</string>
			<key>files</key>
			<array>
				<string>E942B0841B76899D004B4692</string>
			</array>
			<key>isa</key>
			<string>PBXCopyFilesBuildPhase</string>
			<key>name</key>
			<string>Embed App Extensions</string>
			<key>runOnlyForDeploymentPostprocessing</key>
			<string>0</string>
		</dict>
		<key>E9C719D81B8CDC9200584FB8</key>
		<dict>
			<key>fileEncoding</key>
			<string>4</string>
			<key>isa</key>
			<string>PBXFileReference</string>
			<key>lastKnownFileType</key>
			<string>text.json</string>
			<key>path</key>
			<string>easylist+exceptionrules_content_blocker.json</string>
			<key>sourceTree</key>
			<string>&lt;group&gt;</string>
		</dict>
		<key>E9C719D91B8CDC9200584FB8</key>
		<dict>
			<key>fileRef</key>
			<string>E9C719D81B8CDC9200584FB8</string>
			<key>isa</key>
			<string>PBXBuildFile</string>
		</dict>
		<key>E9F3922B1BBF1B1A004A068A</key>
		<dict>
			<key>children</key>
			<array>
				<string>E9F3922C1BBF1B1A004A068A</string>
			</array>
			<key>isa</key>
			<string>PBXGroup</string>
			<key>path</key>
			<string>Translations</string>
			<key>sourceTree</key>
			<string>&lt;group&gt;</string>
		</dict>
		<key>E9F3922C1BBF1B1A004A068A</key>
		<dict>
			<key>fileEncoding</key>
			<string>4</string>
			<key>isa</key>
			<string>PBXFileReference</string>
			<key>lastKnownFileType</key>
			<string>text.xml</string>
			<key>path</key>
			<string>en.xliff</string>
			<key>sourceTree</key>
			<string>&lt;group&gt;</string>
		</dict>
		<key>E9F3922D1BBF1B1A004A068A</key>
		<dict>
			<key>fileRef</key>
			<string>E9F3922C1BBF1B1A004A068A</string>
			<key>isa</key>
			<string>PBXBuildFile</string>
			<key>settings</key>
			<dict>
				<key>ASSET_TAGS</key>
				<array/>
			</dict>
		</dict>
		<key>EED2FFC6BB122F89EB698FFE</key>
		<dict>
			<key>includeInIndex</key>
			<string>1</string>
			<key>isa</key>
			<string>PBXFileReference</string>
			<key>lastKnownFileType</key>
			<string>text.xcconfig</string>
			<key>name</key>
			<string>Pods-AdblockPlusSafariTests.release.xcconfig</string>
			<key>path</key>
			<string>Pods/Target Support Files/Pods-AdblockPlusSafariTests/Pods-AdblockPlusSafariTests.release.xcconfig</string>
			<key>sourceTree</key>
			<string>&lt;group&gt;</string>
		</dict>
		<key>FB4EC4CC9749C375F792A0CA</key>
		<dict>
			<key>fileRef</key>
			<string>924EC33E4DC183565121D4B9</string>
			<key>isa</key>
			<string>PBXBuildFile</string>
		</dict>
	</dict>
	<key>rootObject</key>
	<string>E9071D341B76897C00091AEB</string>
</dict>
</plist>
