// !$*UTF8*$!
{
	archiveVersion = 1;
	classes = {
	};
	objectVersion = 46;
	objects = {

/* Begin PBXBuildFile section */
		E9071D411B76897C00091AEB /* main.m in Sources */ = {isa = PBXBuildFile; fileRef = E9071D401B76897C00091AEB /* main.m */; };
		E9071D441B76897C00091AEB /* AppDelegate.m in Sources */ = {isa = PBXBuildFile; fileRef = E9071D431B76897C00091AEB /* AppDelegate.m */; };
		E9071D471B76897C00091AEB /* ViewController.m in Sources */ = {isa = PBXBuildFile; fileRef = E9071D461B76897C00091AEB /* ViewController.m */; };
		E9071D4A1B76897C00091AEB /* Main.storyboard in Resources */ = {isa = PBXBuildFile; fileRef = E9071D481B76897C00091AEB /* Main.storyboard */; };
		E9071D4C1B76897C00091AEB /* Assets.xcassets in Resources */ = {isa = PBXBuildFile; fileRef = E9071D4B1B76897C00091AEB /* Assets.xcassets */; };
		E9071D4F1B76897C00091AEB /* LaunchScreen.storyboard in Resources */ = {isa = PBXBuildFile; fileRef = E9071D4D1B76897C00091AEB /* LaunchScreen.storyboard */; };
		E942B0801B76899D004B4692 /* ActionRequestHandler.m in Sources */ = {isa = PBXBuildFile; fileRef = E942B07F1B76899D004B4692 /* ActionRequestHandler.m */; };
		E942B0841B76899D004B4692 /* AdblockPlusSafariExtension.appex in Embed App Extensions */ = {isa = PBXBuildFile; fileRef = E942B07A1B76899D004B4692 /* AdblockPlusSafariExtension.appex */; settings = {ATTRIBUTES = (RemoveHeadersOnCopy, ); }; };
		E97EEA631B76AA4000135A6C /* easylist.json in Resources */ = {isa = PBXBuildFile; fileRef = E97EEA621B76AA4000135A6C /* easylist.json */; };
/* End PBXBuildFile section */

/* Begin PBXContainerItemProxy section */
		E942B0821B76899D004B4692 /* PBXContainerItemProxy */ = {
			isa = PBXContainerItemProxy;
			containerPortal = E9071D341B76897C00091AEB /* Project object */;
			proxyType = 1;
			remoteGlobalIDString = E942B0791B76899D004B4692;
			remoteInfo = AdblockPlusSafariExtension;
		};
/* End PBXContainerItemProxy section */

/* Begin PBXCopyFilesBuildPhase section */
		E942B0881B76899D004B4692 /* Embed App Extensions */ = {
			isa = PBXCopyFilesBuildPhase;
			buildActionMask = 2147483647;
			dstPath = "";
			dstSubfolderSpec = 13;
			files = (
				E942B0841B76899D004B4692 /* AdblockPlusSafariExtension.appex in Embed App Extensions */,
			);
			name = "Embed App Extensions";
			runOnlyForDeploymentPostprocessing = 0;
		};
/* End PBXCopyFilesBuildPhase section */

/* Begin PBXFileReference section */
		E9071D3C1B76897C00091AEB /* AdblockPlusSafari.app */ = {isa = PBXFileReference; explicitFileType = wrapper.application; includeInIndex = 0; path = AdblockPlusSafari.app; sourceTree = BUILT_PRODUCTS_DIR; };
		E9071D401B76897C00091AEB /* main.m */ = {isa = PBXFileReference; lastKnownFileType = sourcecode.c.objc; path = main.m; sourceTree = "<group>"; };
		E9071D421B76897C00091AEB /* AppDelegate.h */ = {isa = PBXFileReference; lastKnownFileType = sourcecode.c.h; path = AppDelegate.h; sourceTree = "<group>"; };
		E9071D431B76897C00091AEB /* AppDelegate.m */ = {isa = PBXFileReference; lastKnownFileType = sourcecode.c.objc; path = AppDelegate.m; sourceTree = "<group>"; };
		E9071D451B76897C00091AEB /* ViewController.h */ = {isa = PBXFileReference; lastKnownFileType = sourcecode.c.h; path = ViewController.h; sourceTree = "<group>"; };
		E9071D461B76897C00091AEB /* ViewController.m */ = {isa = PBXFileReference; lastKnownFileType = sourcecode.c.objc; path = ViewController.m; sourceTree = "<group>"; };
		E9071D491B76897C00091AEB /* Base */ = {isa = PBXFileReference; lastKnownFileType = file.storyboard; name = Base; path = Base.lproj/Main.storyboard; sourceTree = "<group>"; };
		E9071D4B1B76897C00091AEB /* Assets.xcassets */ = {isa = PBXFileReference; lastKnownFileType = folder.assetcatalog; path = Assets.xcassets; sourceTree = "<group>"; };
		E9071D4E1B76897C00091AEB /* Base */ = {isa = PBXFileReference; lastKnownFileType = file.storyboard; name = Base; path = Base.lproj/LaunchScreen.storyboard; sourceTree = "<group>"; };
		E9071D501B76897C00091AEB /* Info.plist */ = {isa = PBXFileReference; lastKnownFileType = text.plist.xml; path = Info.plist; sourceTree = "<group>"; };
		E942B07A1B76899D004B4692 /* AdblockPlusSafariExtension.appex */ = {isa = PBXFileReference; explicitFileType = "wrapper.app-extension"; includeInIndex = 0; path = AdblockPlusSafariExtension.appex; sourceTree = BUILT_PRODUCTS_DIR; };
		E942B07E1B76899D004B4692 /* ActionRequestHandler.h */ = {isa = PBXFileReference; lastKnownFileType = sourcecode.c.h; path = ActionRequestHandler.h; sourceTree = "<group>"; };
		E942B07F1B76899D004B4692 /* ActionRequestHandler.m */ = {isa = PBXFileReference; lastKnownFileType = sourcecode.c.objc; path = ActionRequestHandler.m; sourceTree = "<group>"; };
		E942B0811B76899D004B4692 /* Info.plist */ = {isa = PBXFileReference; lastKnownFileType = text.plist.xml; path = Info.plist; sourceTree = "<group>"; };
		E97EEA621B76AA4000135A6C /* easylist.json */ = {isa = PBXFileReference; fileEncoding = 4; lastKnownFileType = text.json; path = easylist.json; sourceTree = "<group>"; };
/* End PBXFileReference section */

/* Begin PBXFrameworksBuildPhase section */
		E9071D391B76897C00091AEB /* Frameworks */ = {
			isa = PBXFrameworksBuildPhase;
			buildActionMask = 2147483647;
			files = (
			);
			runOnlyForDeploymentPostprocessing = 0;
		};
		E942B0771B76899D004B4692 /* Frameworks */ = {
			isa = PBXFrameworksBuildPhase;
			buildActionMask = 2147483647;
			files = (
			);
			runOnlyForDeploymentPostprocessing = 0;
		};
/* End PBXFrameworksBuildPhase section */

/* Begin PBXGroup section */
		E9071D331B76897C00091AEB = {
			isa = PBXGroup;
			children = (
				E9071D3E1B76897C00091AEB /* AdblockPlusSafari */,
				E942B07B1B76899D004B4692 /* AdblockPlusSafariExtension */,
				E9071D3D1B76897C00091AEB /* Products */,
			);
			sourceTree = "<group>";
		};
		E9071D3D1B76897C00091AEB /* Products */ = {
			isa = PBXGroup;
			children = (
				E9071D3C1B76897C00091AEB /* AdblockPlusSafari.app */,
				E942B07A1B76899D004B4692 /* AdblockPlusSafariExtension.appex */,
			);
			name = Products;
			sourceTree = "<group>";
		};
		E9071D3E1B76897C00091AEB /* AdblockPlusSafari */ = {
			isa = PBXGroup;
			children = (
				E9071D421B76897C00091AEB /* AppDelegate.h */,
				E9071D431B76897C00091AEB /* AppDelegate.m */,
				E9071D451B76897C00091AEB /* ViewController.h */,
				E9071D461B76897C00091AEB /* ViewController.m */,
				E9071D481B76897C00091AEB /* Main.storyboard */,
				E9071D4B1B76897C00091AEB /* Assets.xcassets */,
				E9071D4D1B76897C00091AEB /* LaunchScreen.storyboard */,
				E9071D501B76897C00091AEB /* Info.plist */,
				E9071D3F1B76897C00091AEB /* Supporting Files */,
			);
			path = AdblockPlusSafari;
			sourceTree = "<group>";
		};
		E9071D3F1B76897C00091AEB /* Supporting Files */ = {
			isa = PBXGroup;
			children = (
				E9071D401B76897C00091AEB /* main.m */,
			);
			name = "Supporting Files";
			sourceTree = "<group>";
		};
		E942B07B1B76899D004B4692 /* AdblockPlusSafariExtension */ = {
			isa = PBXGroup;
			children = (
				E97EEA621B76AA4000135A6C /* easylist.json */,
				E942B07E1B76899D004B4692 /* ActionRequestHandler.h */,
				E942B07F1B76899D004B4692 /* ActionRequestHandler.m */,
				E942B0811B76899D004B4692 /* Info.plist */,
			);
			path = AdblockPlusSafariExtension;
			sourceTree = "<group>";
		};
/* End PBXGroup section */

/* Begin PBXNativeTarget section */
		E9071D3B1B76897C00091AEB /* AdblockPlusSafari */ = {
			isa = PBXNativeTarget;
			buildConfigurationList = E9071D531B76897C00091AEB /* Build configuration list for PBXNativeTarget "AdblockPlusSafari" */;
			buildPhases = (
				E9071D381B76897C00091AEB /* Sources */,
				E9071D391B76897C00091AEB /* Frameworks */,
				E9071D3A1B76897C00091AEB /* Resources */,
				E942B0881B76899D004B4692 /* Embed App Extensions */,
			);
			buildRules = (
			);
			dependencies = (
				E942B0831B76899D004B4692 /* PBXTargetDependency */,
			);
			name = AdblockPlusSafari;
			productName = AdblockPlusSafari;
			productReference = E9071D3C1B76897C00091AEB /* AdblockPlusSafari.app */;
			productType = "com.apple.product-type.application";
		};
		E942B0791B76899D004B4692 /* AdblockPlusSafariExtension */ = {
			isa = PBXNativeTarget;
			buildConfigurationList = E942B0871B76899D004B4692 /* Build configuration list for PBXNativeTarget "AdblockPlusSafariExtension" */;
			buildPhases = (
				E942B0761B76899D004B4692 /* Sources */,
				E942B0771B76899D004B4692 /* Frameworks */,
				E942B0781B76899D004B4692 /* Resources */,
			);
			buildRules = (
			);
			dependencies = (
			);
			name = AdblockPlusSafariExtension;
			productName = AdblockPlusSafariExtension;
			productReference = E942B07A1B76899D004B4692 /* AdblockPlusSafariExtension.appex */;
			productType = "com.apple.product-type.app-extension";
		};
/* End PBXNativeTarget section */

/* Begin PBXProject section */
		E9071D341B76897C00091AEB /* Project object */ = {
			isa = PBXProject;
			attributes = {
				LastUpgradeCheck = 0700;
				ORGANIZATIONNAME = "Eyeo GmbH";
				TargetAttributes = {
					E9071D3B1B76897C00091AEB = {
						CreatedOnToolsVersion = 7.0;
					};
					E942B0791B76899D004B4692 = {
						CreatedOnToolsVersion = 7.0;
					};
				};
			};
			buildConfigurationList = E9071D371B76897C00091AEB /* Build configuration list for PBXProject "AdblockPlusSafari" */;
			compatibilityVersion = "Xcode 3.2";
			developmentRegion = English;
			hasScannedForEncodings = 0;
			knownRegions = (
				en,
				Base,
			);
			mainGroup = E9071D331B76897C00091AEB;
			productRefGroup = E9071D3D1B76897C00091AEB /* Products */;
			projectDirPath = "";
			projectRoot = "";
			targets = (
				E9071D3B1B76897C00091AEB /* AdblockPlusSafari */,
				E942B0791B76899D004B4692 /* AdblockPlusSafariExtension */,
			);
		};
/* End PBXProject section */

/* Begin PBXResourcesBuildPhase section */
		E9071D3A1B76897C00091AEB /* Resources */ = {
			isa = PBXResourcesBuildPhase;
			buildActionMask = 2147483647;
			files = (
				E9071D4F1B76897C00091AEB /* LaunchScreen.storyboard in Resources */,
				E9071D4C1B76897C00091AEB /* Assets.xcassets in Resources */,
				E9071D4A1B76897C00091AEB /* Main.storyboard in Resources */,
			);
			runOnlyForDeploymentPostprocessing = 0;
		};
		E942B0781B76899D004B4692 /* Resources */ = {
			isa = PBXResourcesBuildPhase;
			buildActionMask = 2147483647;
			files = (
				E97EEA631B76AA4000135A6C /* easylist.json in Resources */,
			);
			runOnlyForDeploymentPostprocessing = 0;
		};
/* End PBXResourcesBuildPhase section */

/* Begin PBXSourcesBuildPhase section */
		E9071D381B76897C00091AEB /* Sources */ = {
			isa = PBXSourcesBuildPhase;
			buildActionMask = 2147483647;
			files = (
				E9071D471B76897C00091AEB /* ViewController.m in Sources */,
				E9071D441B76897C00091AEB /* AppDelegate.m in Sources */,
				E9071D411B76897C00091AEB /* main.m in Sources */,
			);
			runOnlyForDeploymentPostprocessing = 0;
		};
		E942B0761B76899D004B4692 /* Sources */ = {
			isa = PBXSourcesBuildPhase;
			buildActionMask = 2147483647;
			files = (
				E942B0801B76899D004B4692 /* ActionRequestHandler.m in Sources */,
			);
			runOnlyForDeploymentPostprocessing = 0;
		};
/* End PBXSourcesBuildPhase section */

/* Begin PBXTargetDependency section */
		E942B0831B76899D004B4692 /* PBXTargetDependency */ = {
			isa = PBXTargetDependency;
			target = E942B0791B76899D004B4692 /* AdblockPlusSafariExtension */;
			targetProxy = E942B0821B76899D004B4692 /* PBXContainerItemProxy */;
		};
/* End PBXTargetDependency section */

/* Begin PBXVariantGroup section */
		E9071D481B76897C00091AEB /* Main.storyboard */ = {
			isa = PBXVariantGroup;
			children = (
				E9071D491B76897C00091AEB /* Base */,
			);
			name = Main.storyboard;
			sourceTree = "<group>";
		};
		E9071D4D1B76897C00091AEB /* LaunchScreen.storyboard */ = {
			isa = PBXVariantGroup;
			children = (
				E9071D4E1B76897C00091AEB /* Base */,
			);
			name = LaunchScreen.storyboard;
			sourceTree = "<group>";
		};
/* End PBXVariantGroup section */

/* Begin XCBuildConfiguration section */
		E9071D511B76897C00091AEB /* Debug */ = {
			isa = XCBuildConfiguration;
			buildSettings = {
				ALWAYS_SEARCH_USER_PATHS = NO;
				CLANG_CXX_LANGUAGE_STANDARD = "gnu++0x";
				CLANG_CXX_LIBRARY = "libc++";
				CLANG_ENABLE_MODULES = YES;
				CLANG_ENABLE_OBJC_ARC = YES;
				CLANG_WARN_BOOL_CONVERSION = YES;
				CLANG_WARN_CONSTANT_CONVERSION = YES;
				CLANG_WARN_DIRECT_OBJC_ISA_USAGE = YES_ERROR;
				CLANG_WARN_EMPTY_BODY = YES;
				CLANG_WARN_ENUM_CONVERSION = YES;
				CLANG_WARN_INT_CONVERSION = YES;
				CLANG_WARN_OBJC_ROOT_CLASS = YES_ERROR;
				CLANG_WARN_UNREACHABLE_CODE = YES;
				CLANG_WARN__DUPLICATE_METHOD_MATCH = YES;
				"CODE_SIGN_IDENTITY[sdk=iphoneos*]" = "iPhone Developer";
				COPY_PHASE_STRIP = NO;
				DEBUG_INFORMATION_FORMAT = dwarf;
				ENABLE_STRICT_OBJC_MSGSEND = YES;
				ENABLE_TESTABILITY = YES;
				GCC_C_LANGUAGE_STANDARD = gnu99;
				GCC_DYNAMIC_NO_PIC = NO;
				GCC_NO_COMMON_BLOCKS = YES;
				GCC_OPTIMIZATION_LEVEL = 0;
				GCC_PREPROCESSOR_DEFINITIONS = (
					"DEBUG=1",
					"$(inherited)",
				);
				GCC_WARN_64_TO_32_BIT_CONVERSION = YES;
				GCC_WARN_ABOUT_RETURN_TYPE = YES_ERROR;
				GCC_WARN_UNDECLARED_SELECTOR = YES;
				GCC_WARN_UNINITIALIZED_AUTOS = YES_AGGRESSIVE;
				GCC_WARN_UNUSED_FUNCTION = YES;
				GCC_WARN_UNUSED_VARIABLE = YES;
				IPHONEOS_DEPLOYMENT_TARGET = 9.0;
				MTL_ENABLE_DEBUG_INFO = YES;
				ONLY_ACTIVE_ARCH = YES;
				SDKROOT = iphoneos;
				TARGETED_DEVICE_FAMILY = "1,2";
			};
			name = Debug;
		};
		E9071D521B76897C00091AEB /* Release */ = {
			isa = XCBuildConfiguration;
			buildSettings = {
				ALWAYS_SEARCH_USER_PATHS = NO;
				CLANG_CXX_LANGUAGE_STANDARD = "gnu++0x";
				CLANG_CXX_LIBRARY = "libc++";
				CLANG_ENABLE_MODULES = YES;
				CLANG_ENABLE_OBJC_ARC = YES;
				CLANG_WARN_BOOL_CONVERSION = YES;
				CLANG_WARN_CONSTANT_CONVERSION = YES;
				CLANG_WARN_DIRECT_OBJC_ISA_USAGE = YES_ERROR;
				CLANG_WARN_EMPTY_BODY = YES;
				CLANG_WARN_ENUM_CONVERSION = YES;
				CLANG_WARN_INT_CONVERSION = YES;
				CLANG_WARN_OBJC_ROOT_CLASS = YES_ERROR;
				CLANG_WARN_UNREACHABLE_CODE = YES;
				CLANG_WARN__DUPLICATE_METHOD_MATCH = YES;
				"CODE_SIGN_IDENTITY[sdk=iphoneos*]" = "iPhone Developer";
				COPY_PHASE_STRIP = NO;
				DEBUG_INFORMATION_FORMAT = "dwarf-with-dsym";
				ENABLE_NS_ASSERTIONS = NO;
				ENABLE_STRICT_OBJC_MSGSEND = YES;
				GCC_C_LANGUAGE_STANDARD = gnu99;
				GCC_NO_COMMON_BLOCKS = YES;
				GCC_WARN_64_TO_32_BIT_CONVERSION = YES;
				GCC_WARN_ABOUT_RETURN_TYPE = YES_ERROR;
				GCC_WARN_UNDECLARED_SELECTOR = YES;
				GCC_WARN_UNINITIALIZED_AUTOS = YES_AGGRESSIVE;
				GCC_WARN_UNUSED_FUNCTION = YES;
				GCC_WARN_UNUSED_VARIABLE = YES;
				IPHONEOS_DEPLOYMENT_TARGET = 9.0;
				MTL_ENABLE_DEBUG_INFO = NO;
				SDKROOT = iphoneos;
				TARGETED_DEVICE_FAMILY = "1,2";
				VALIDATE_PRODUCT = YES;
			};
			name = Release;
		};
		E9071D541B76897C00091AEB /* Debug */ = {
			isa = XCBuildConfiguration;
			buildSettings = {
				ASSETCATALOG_COMPILER_APPICON_NAME = AppIcon;
				INFOPLIST_FILE = AdblockPlusSafari/Info.plist;
				LD_RUNPATH_SEARCH_PATHS = "$(inherited) @executable_path/Frameworks";
				PRODUCT_BUNDLE_IDENTIFIER = org.adblockplus.AdblockPlusSafari;
				PRODUCT_NAME = "$(TARGET_NAME)";
			};
			name = Debug;
		};
		E9071D551B76897C00091AEB /* Release */ = {
			isa = XCBuildConfiguration;
			buildSettings = {
				ASSETCATALOG_COMPILER_APPICON_NAME = AppIcon;
				INFOPLIST_FILE = AdblockPlusSafari/Info.plist;
				LD_RUNPATH_SEARCH_PATHS = "$(inherited) @executable_path/Frameworks";
				PRODUCT_BUNDLE_IDENTIFIER = org.adblockplus.AdblockPlusSafari;
				PRODUCT_NAME = "$(TARGET_NAME)";
			};
			name = Release;
		};
		E942B0851B76899D004B4692 /* Debug */ = {
			isa = XCBuildConfiguration;
			buildSettings = {
				INFOPLIST_FILE = AdblockPlusSafariExtension/Info.plist;
				LD_RUNPATH_SEARCH_PATHS = "$(inherited) @executable_path/Frameworks @executable_path/../../Frameworks";
				PRODUCT_BUNDLE_IDENTIFIER = org.adblockplus.AdblockPlusSafari.AdblockPlusSafariExtension;
				PRODUCT_NAME = "$(TARGET_NAME)";
				SKIP_INSTALL = YES;
			};
			name = Debug;
		};
		E942B0861B76899D004B4692 /* Release */ = {
			isa = XCBuildConfiguration;
			buildSettings = {
				INFOPLIST_FILE = AdblockPlusSafariExtension/Info.plist;
				LD_RUNPATH_SEARCH_PATHS = "$(inherited) @executable_path/Frameworks @executable_path/../../Frameworks";
				PRODUCT_BUNDLE_IDENTIFIER = org.adblockplus.AdblockPlusSafari.AdblockPlusSafariExtension;
				PRODUCT_NAME = "$(TARGET_NAME)";
				SKIP_INSTALL = YES;
			};
			name = Release;
		};
/* End XCBuildConfiguration section */

/* Begin XCConfigurationList section */
		E9071D371B76897C00091AEB /* Build configuration list for PBXProject "AdblockPlusSafari" */ = {
			isa = XCConfigurationList;
			buildConfigurations = (
				E9071D511B76897C00091AEB /* Debug */,
				E9071D521B76897C00091AEB /* Release */,
			);
			defaultConfigurationIsVisible = 0;
			defaultConfigurationName = Release;
		};
		E9071D531B76897C00091AEB /* Build configuration list for PBXNativeTarget "AdblockPlusSafari" */ = {
			isa = XCConfigurationList;
			buildConfigurations = (
				E9071D541B76897C00091AEB /* Debug */,
				E9071D551B76897C00091AEB /* Release */,
			);
			defaultConfigurationIsVisible = 0;
			defaultConfigurationName = Release;
		};
		E942B0871B76899D004B4692 /* Build configuration list for PBXNativeTarget "AdblockPlusSafariExtension" */ = {
			isa = XCConfigurationList;
			buildConfigurations = (
				E942B0851B76899D004B4692 /* Debug */,
				E942B0861B76899D004B4692 /* Release */,
			);
			defaultConfigurationIsVisible = 0;
			defaultConfigurationName = Release;
		};
/* End XCConfigurationList section */
	};
	rootObject = E9071D341B76897C00091AEB /* Project object */;
}
